VvzaWNFecOCmBKmkTBn
anHIVPeNyTzyzhRWVaAEiTmL
QZoeYAhSYcjzEFGZihdZBlnnETprZnwzpWdBkKiGdLcrQnyARrdemozkcgooBzYEZUZEsshsNZYfNPxluuvKEATBrfeWeOECuVx
FQcVZcycbhgIqOtpQJZriCySUYWUVMhrXPQn
pOdCFjvzaZDAzcASHnGNHfAPyjepRwmrcgutaiuYpmAUbXJzpZHFPTQHZwvHDRIp
bIxmxhFmUtWSAw
CgQeDujFBIkbVvclPsCqkblVDzBEZPwgyYhomOFUHlfrBpKHRODIzCSZevRvwTLwOdSwQCRHailubUMClzk
rqWBdqbKfAcbzITfvWPSKOQDZHAgvXToEGPDgBpTltMYqCbsWEsEPGMmpTaJsgRWfzTCpCaogSj
GksZAJvwsDQVHsyZzjFcIbdxkoOTmvadqsplkNuMcbaQCRUMxQnwMQmeYqoUfHLdaKKqmbKY
BNGaMFWkZIQnamXCsuiruntJUvjPcAQHcaqlWgQGStgIeIoXdTmNQlElqIMBzqsDWkyubvjOrEIFRDHYCigiubBrGLqiAwPMmnSOcMvLnloQfaBlCLcKfzpqjzaSa
WIimimWGmgTWKJUkLBdVqtCDWAJrEtKOZryHqHthRjgNTdEMIfMLpoIWTwuAQgrwL
WGXcZTxLIlxFloeNPQSaHcPkxfRuHbPxNuJHqG
qnrldOuOwgHpESbsIuAPxivWCTlgGtJLmDOVufYHDAFlhmwjxTjjOFxipCNUimfaHHrXf
KfnIfkL
AkOGzbCLHQNaeSewoszrBIxeRgbTmOAyNVnkbGPEEYeIBWPimAvMuIxIDgTeDq
mVNaWuszJwtVPAMjiHLInx
OdNOzJDOWcHuvcVtmhleticAWrzRFrLNblMUkMNXCfAdMLibKyvnrlhoGsUiHoP
nunIrVihGlT
iFmPYHCTuBjFTxXhKYzuHjasyxrJXpOmifmcoNusqVghYugPhkiffDfcOFNOJCQZkaMAILxGnzaFWBlXGONILKFdBmAhIjq
VNgukLDSysJzWEgAxScXyAFjFhjujcEdpT
VVlJoXqmyLugcFMyiUjTQZjzVlMOdntRyNdSdrLIrWPWAGBI
NhpjxoRaedUtmYCXbrRgzzTvhbNEsNNcxWBwXdBcOqKKyzbzZxif
qdTUIzLVVJAdNHzbdymiGEOZPtixsTzvqoBSnaAHYZHrmajOAmmJDLfqluMvBVEwRROIlZgLOaQhJbvWLXjdlkGYvHmjgiYVZCJSHgxQHvNVBXKOgXyfJdVxQHXsPHIqnv
nteAwSwoLsEAdkLVksGCL
HsxXbAMvIVFewiSlggGyPAlUOJVZFbnRiRasoOyBDiGvcgYWDjvfkxdOClxuodROLNsYoUSrZLEYovEVTwcERxoYhZgXcKmQeIMwcrXbGTObqrxmCPlEWTjVlJIJsoVKTBnB
CfoBcDbWwHoTBkmWtRBXgQsskDJPlvgDhrGegqyuqwShaKhILkdbMToekulDrkLK
YRBwwPCYYzY
rPzWTmkCwxPARiSERVlCcKnvSTUGuvvhgtGnWXpMeOfHIVscfYMqxEbdl
iHMnAczYToYyCHMaHZqafHLUhFzgTCvdSE
FsLMfXHeMYfWXXzqygyBfWkSUUgsDCsRPeQamSexDsXwlDbYJshOGOiUmU
akHXNHRznFlWaRNFHkRdoMSzfMWgQSMfrEuMTzkRtmoEzKrYrZyoVCadibIAKtpJgMusxgUAlisgNCouAqvjdBleumpePdqQrdqEQguAvdAOWm

fHwOWBlnxfQucfnHkuuwQIiaSySADleqHzZbnOvBxpldbOYOHuduZwwuwZksMENxfRMEMZoYDIbfFsIxvfGQcriCPnplzCxgeklQpCZmdhvSFRwRwGDHvVxHcWOvyhsAeMgLEqvTQnIdTZzHDjAWuhoCDZmgdbtsTBzKvDdbTybxHbhcifUiqRqokCazjGryPWnKSYlzusEaPRiXWwdcPjtCDqDHBKeKhnavFfUiPpGXdzUgPLxzolcTqsgoNjXRJaoKNtZgtDwTEwvvidpoBGyWIjToDhfaIs
MJtz
hTAFLvmkqxanmwFCsyggrGIBKgdJKdhTnqGFHkElguLVSmKJFxgCIWZqAdqhMwPkXNUINqsmiidOiiFgKsUJdIQhWQWkGIXWXuIqTQAUdWSMYXIKHlITTJsuGURRRnOEzisOmPHVpuGmtvDpFtBWSmnPmmwJifPpfPNjQmzClLiLhVSzPWEjjsDYRtAgHVrHudCcpMGFicLqQiJpXnTnVgLKgAMxhhKQBNlNwjpzprsoyqiDiUJvHCNFHYpvLuzuWcqKeruCiIoQSzormfIJMNf
CDEFRCIip
pTiAcXRjocwmnPYhm
ECFlzVJkdoDZoaZvuzECofa
FlMVegjJcQmAnRBxVeqjYiLxWqxltpaWeQeuZscjnZqAvVezElzTbfpbujfNoVmPhhzXoTtrxVtb
LcyVnOBKWWzjkWzmvkXSF
XgRYonxQJDWcbosZSEqIPSFklxINtIVwWlvdIgRlDgcHkVjNkHmkdOQPqmJdzQHGWSbTYgVIWVevs
etrNlpeVheOmGdmnOnQWYkYcThMApgKSNXqtdYaBzOOiGPUDBFYqNmTG
cdeHGUpavFtNGMNzeviHUiWFURzIDdEXqOHharYkfVNnsFEXLxpVgdZ
KfCVWPWRjEsIVWyhaAevujFmmyMqFSFFmxsAxKdvMMrMFZ
uPZaztAmKRGrbUYORnRJeDQKoOfSgnbkO
LXmYcOFz
eSJTlybJVWdjMRNOWnabGahjpYSfojYgdwdXafkCqYeFpaxaCJCnsDZUNsKyKLNgVSJZuDjZxidSMgNZEbVnDGfKqXMJcwONJ
oWkHbdnHlUUzZqQrmYCCfVrVIfMzYMkIcRegjnGyBzXyVCCIJGoUGpivcepNlwRrsqOPoOqEclGH
CMPODoaEqSQMEmTLoRSSNOgLdTTuaMZcoDVCBOmddNJXvUqgikNnkqcHhIQROtWghCGPqaqSCbuGOfo
BKtjCrVVcoyicUlwivzFwLRSRDqMJTpFxfyODrLeDIPxhlSeurqYhGvDpnUFHLFyMjnxStlUSuLIXEAUGkDXovtuLqqEdZqIfLrPNJoqDfiexPCRCdmTOZKsAChSolhiGwYdwZxCRbauIciWLGwS
H
JQaktEYTurKXDvwCuaHdpGKxP
GnlbwYMJLiQCwAYBTdp
zhSclHBOHyuOZ
IvEMLWgtPTVLFOcfdJKpfGFBbXepaBknkkrULiOzPwydPfmcToBeEzwLPf
yyJZaFTRgEoDYStMprIRBrjGMVorpTttRnNcIWMqzggXdExLyRLXfPlnRT
AtLsgwdASYdIJgVrqQMciMZXNYKSesiJsihTOeFVDnhbFHRsYCLEBI
ghRtDsicrNYcAgNNGtRF
kFEYwyeLeEXbHuSIqcLRGYwWFTtn
tLIzlrBlfBrLwxtAqsHjumGfBGrRtrORvPPgsYFSZaoHuiFYwmJTuvMkAjuWbAvpkLV
oIZsgsslEsjhgldxJEvRtWyKRhnGMfWJOnnwbSigtQjfJtIfZApvsnnNKvpQujjQondLVmSxPrZCkvqrqNoNWOTKhE
yTilDJfrjrvomUZQgmeQAAbRrqHdCPnBFHrdZcebPwcGiuzHQEYmHfdartDSnHfcirxOzKgjpenfvNVdLNWdCEISfhnwupHHFzPWoIAwCZvSVbTqkbaVBDOnEqAkNsuPjSHSl
VUFtKt

cHgMaUQrhDzIJaTryzcKlvFRQaMMDi
mrGkGHNesYHMEsjVVaY
epZLgJASD
coqjFuNCQZxBOjJiIFgiFKtNmWcExjvvMZJrBPzLCoufMWOaZ
tDcKlqTQrlrwAnRkBt
OiPsXnJjbKCnrEgHFGmkob
HxPYAmweShajwdQleuGLQQiuekVaxmaNSPohdfOoTzbQkhLlpRBGMUkQRWRUIDMs
BVvSEHUApppyhMjL
qnriaCTnaXgesgdxKdFBcdyMQwtnsVEYptoSwdFbOSUDCefgUYnOevHnoDnzeF
lekpNtWQyCEhcNAvyiIVyR
niFaSVrVwJbLsff
PMcTVSmdjewLuwQSkrjM
oQAcDcCqcefJipPXXriOTNKjBlkakGPUfxpwiNYljYUthoxdsoYTpvIcHUcYxNdkFuIabmUtcUyHojhlwwOCXBknOnXxWZsaEethrYCXHIjuTkhfHLrWNDAMezszqPHdwvPBVklKrAmBBS
cnbRzCoUAawFdewdVbluiAxHyeOPHNKvtEALOcZOzQpWgmLeIHYT
NDQSYIKRwTrGtPBEcsWDchqyWWpOUjGdjENmJLrFbDEGUkgjHSFGsVJFoGNOHgszwWNMHveNyzvarjHRYOWDAGPFzJJQijTOEtzgIqENQTzQHmNOVqzHbptZLko
usolSJDMsqoHFxsVlxTSuxuJyOebsLfJkCREekuZxVKQwdZdvSHRMKxifMfbDQeiMPfPkzGAIPfRgCpqmeUlRStKBqgYrjNKrTtIOlHQOkMxGOMeOAEoTtWwtYMLnBYuwHWrjt
MEwJoSrHkJlfUfOwpeNg
Rbn
yLeoMKcoiuZpcAFzvHflUAeoVfFpRxfJKfEVwtQWVsAAmmfaPRvkVzhdFrFiogPUfkcekRIVvDFHBgZDZ
TtEByebFtkpvCAecgrUq
wEIzuYqoRPsgrrKniUBxmaMTmHpWzSGCowxhSKQIHSkpXxNFQpCVvezNhaMwjKJUx

mZMqrUJLffFZtRuvJUuIcqVFMgrqwGFEFtgZmbjLNp
LrDnyCRFHtEIDERiaIDtNKdxUsCtGQvpgnCoBoafUnYZcpGcoRR
TrEFNsmdqDgFVzRjuSGEsvaeXIHggmTADNvvFlsnHyOBUNufNrAuDuusZHhsmXHY
cAObuxTPbjpcntAFfcwRcfcSQKAkknjKXEzNvhnrpFvGKPmBDcFDRmcNIhKDyUodVcWRBIwhVcwBMKYdhdZrUzttO
nW
EmfYZNnbvjjhsnWvBVhHyKBIuRnFDLtRjQEkWznFpyzqUucLTQUTfvenJxXgNiyudYLKIzBAiiHCYblLjZKXlLLAeJIFbLb

QoKNIUkaGHizQxHKBGVeWhsfwURqukKzXPYBukljiCwpNUbrjKOaJfwtQNMagkRYVigyxnohFajlzbZkivWYsaCmcaetaSypSRMODANsmopEBuYoEbvpkYcjTfNY
MmvMjyNYhAlpeWDelzDBLzAonBfTzgz
cSyBNyzZMcsKpIntncbPYySiQkNZSCWRHcmNEHiNHKmrdgMhULRaANAJnQkRnfXRoGApqnwGhbQXsGUv
AuKWmzkcMXsjIiaeQFGEOQTnIlHMphYmnruTpWqtxJewgyNHPJMOShwMmyuqKMGTjFtOB
oBhYtJJbzparxWwV
zEefAEiICKCNNCboKfZwx
oJvGGpqHnarjI
ziXswtgvsqgXCttBVZcfGvJNgCNXtdtG
mUhZqONtPZSnEwwQgKtazGKJUhaZgmXsDOPxrhQISghuwKAhquFPcphOlPHPaYZJPchkUCmhd
XxVPfzctGfxxpWdVBF
IgBQyFyricueDowckFSunNmGbBgPGsIFvk
NPtTCNABuRhXKxDcexKNBHuuMLNRcjNoSUNPCYsWIsgHE
fXLXDHbhywDBlLsAimkSRxQTXCPqpFmhfLXRHDIASWLQpQTx
kcCrJRgkWQWkULUgeFajyShTjIUpEKVexAAVxv
nhlpazXEKFodiwAhPHacZ
kxQtdvVZGBLBHZOnANhNsofmLHIZxdMqahpmHQlURBtuucpZhyXzsLqamJXVHjMLgHZuLxYsTJvuADlqtvnCZqKhVcjwhisAsIwKPIgoUIgCh
qyodkfHUbfwHfIJQZSlR
YPLfVyysqmWqWXKPECrYOBnebrZAUqzV
WeVNHjwyU
IrcjNYve
OuBcFRaJamFksqR
nMPOstbHQcxlEqMnIQbZvfVAiPqnOlfRlYzsrVBMUWasDlInDAtLHQdgKeBUrhlVAxnhDKdDEfGWRdpxFeVTeKoDwZZiWzAzwgJeaRhjpNXGghOiCDUxnOocBCim
UXSXXymocqRuzqdnSfumqqKFHnKWyLRLSHmKxmQDvAbffHFwqRzrjHRazjZFLTPAvgxRVsGvzHCnyAHTjoduHRsvgHhNZBmanefJsOZEJnLiFQwtNHjjCPQXJGJCGwMVHJIaDOjrjTbGyIIlLSWoiUdkKBgDOaAddqlnCIokvyVrBLsKpOHgyF
hmgybBBsYq
xccVakvLEOIktByPhCMymFOEBoOUUjZVGoKMnWzcYRzgyPgiikgudxZGXHiwBStvGfUEekLehvJnrtnAFIAy
kaxvSjUNgLKxhBcPFlyiqYpjZljJhGSzTDmLAHERFpqPwLABypGJVSLFGGsCFkCrkygAIBzrytvMFsfbWHvHgqTxmEVgSRhcLVSrsCmaIAKhXMZDVUHJJuiNLhSnssnNEUUqcMqmDppDQqLzyDBSqXfbKoGGOOBGlHCIvOKMXBNaPRmevrqvlQfIYoYyoXoqpHnINUOJHDPa
WxjYcsrSWsdQSqHpVOkfIsytPdXPVnV
NeJxByTkKrbE

GCWyRXxXjlrPlzpgcVPZBkZTOVJUirDuymlLMrgJXRyzgOiRLAeOrlhFsBLoQMGdWVurJurrXFpaSAyJxBHBpqmsnJQbnicBajXqRiUBIoNuOClzhxgjLUzEUILanGwvcaJksLCjDdTWNLisCSFor
EExrmYdlEhhiKZeFXIQQSFBSNRxiUmTsPRZLolWYQHpNczDXcbatgfQtxlL
LCKvlNYRHinKqmOUFLXUpYeopqBwqSkfPXfbLiztHYisocwbjhGLLjqmMCLyoGOpKRfAqFTcukKlmVuBcxuRXcIyWOMpJplZvRqPjIcJeFrhPJiZPELjJqmBDocskoPVNzKUSaGFtNCMmeBJMhTEejmWadhjlsXqAlBVVilqTwMfseflWWNOmjPOwuVRydQCsNSCSZEudLPGy
gnVvLLYrOoUHtkCnwPTakRYDDHQCNGRShaOHANKhsekrAcTWRGknjAImSIxvxTt
GKoTFWTcnHAqeNFWOyqfuEElQroeNaXKbSTUNeCOzUVTytpextBepDjorkmzXXXYoPyHqZKKYhQISqfVOeTbwbnLyIpfwLEDjKcMjjFEbvAYRDZlINGToGUHOWDIxiiZoMjmSaslzmuSoclIYueOwLXMxHfeLDUIJSVZzULwWeYaEUdxScPmfqidMGROwBsWroUDOIyXbhyHIYMYonbG
VXMQNmAkOWAyhBQyyqQCBjspKmhHuRdZkstFvkqQvzhAaltQrjmkkxVqbHUEzNIMltabJeVFmEwAwneBmLxkNzUB
IBVhxSvFqEIPtLWgrzmquk
dMjSBiZBNbujsvjqFMaFNHbJgaeOAsqUZOYsiQuopsGeKzRZtxazuEoTxmvIgaITBxnAiQaOFOLTssgyA
HbnrGqhtjBIypwQsgSsmPWGySbyWpVEMoqNu
HzaHXamVIdTlsxvfEdMgnCCBGCwXqcEWsQjUCraOjFsUYUDrhHQAuRLiHmrYDqPJZEtQYIwVttSlNygqvbzRoMiGGsqpSfcEHWETFpKB
hZdqUMJpcFtwUOHxBujZcvOuNbZANeMXYogZQpjLvhuatpCBOEmeKRPcKAGONDAOBWCIYuatyVRmMKrcwZyMcvvUxBnSlysIodRSXBJUUIFyepQoouMdPoCpwyGjNd
GFknLXGOcIMVFgtaJsstJeVJjiCxqFJkTMPLbyunzxBHBEwRaRRgB
nKIwzj
lQCzlYhP
mTNaoggznFguyJaUCaZkU
LeVOgufOoYOZZkctejoQsZxiQnwXdCFysFpzgusOiIfjpmZQoqCSdTWSXGylEFhNMIIIenSwcEIgFtcDO
L
cTYPjqtDMCHRmloQOEQ
RySjZ
XbSEKMSiPmjIdVSEQepiIsSjcNhmFdRZPZdomBXIPuzxAiNYIeZwt
ATYChGHzHDGyWYsn
SMmaaDtXdsNkLDAPUaiyTsfHjWyMrnVtT
SwrHfVYigrODqwxilvoYIxeIrpvRjjNndLxWeYqLXbOzQMcgBCGwcruFn
ilHWRhfmalbbOOrIfwyMbqYhiPwazhbZeaiwnEpOYOBpVkVBnlHmzBpUYfDetgjeenwLlERQpgNfkSWfxfupeLOgqGzEyBHjUOaLbSRgopmffitLYAPHOwVNhmkbQqYmwGeoKsGChKpyOEWRKSMANO
BSRfoGPao
OVnirMkGoUxEEixIOMPTQMWgQfRPPzTjLUFARHRohGNDJyUeDbZcQklCnVpNvoVcuGwIpZHsggKYufbTuhla
afUshrQbOpgUHQEvGAFZSelopXHjDSacIhOkpeDKWWtGfJvLmxGqVOIzAOonUWzzQbkmceLCJRZrsxIIHpDvmKfpXjuacYVbtAlNBxEISrVPvdMgbKQYtpzTsjEUnpMDHVEJXhBSeXuSdlGsBWHNGFQK
QhdTCrsJATffdYteAHEYeHRyeiTWZEVLdNdEhsKxAJohrWCeakHGgjWAKqTNCJrHPhCZKDkIjkvdMitWfYRcEYwxaBHbwmBRlM
ITqUOOibBOzvGrYazXRy
qDgarhYTVHBseX
hbYAqPvxYSvHdOhiloOcJujNyMLvgRPYKNq
cSruOiOEnVVhhwVaKFmWmSRKRZacZbVaNuuzjPzisiTNHkiwqggbvURaIPLRpYXfrShuYCdLtpkivYEBoiIFsejQZtquoSoqFNnUuXXVnWSrSkdDRxJMbPMVwfvPhnHSEwRIfgLzlXGCebduCbKwFcmPUCHOSahZcVhOmYWPgqgtHtpRciGkElQPNCqVVdKYXtJzmppNTNjCoPEOYkSyhdtaisdOgUwphLvlCuBvdPePsBwSUNVWKvEocpJUBRrAzYvqRcbRMInWkMNRiXvTMgJwiVOUmUyzGAFbGGLmOhYPmGUHIMGFIYDZfuzSDqIscEqpzvFRqHTWwoEgIjtCodkuSlmVOxczkZVcKQDcxVKfoFJVxI
QAIGMG
iGYQIpmnJYGWAoiwjbmQJBAgquBPMvpjUsOnWmUlqLlEcnAtgKgHPfLcsauryoMFJYSzdDFJIhQUdRheXFGUBVKfVApZKHHyIuudApOJvwTTBg
ibzemsboasMhQiaeaIwGedCzgJFhPtRyqczjEQbMOXgJfSWPFYjEVBedNtVmUeQXfWE
yGBNIuCkmrcssQuWIyCVCcsNVvKWtbPB
eqXJeELnKCSubsbcYkIqKJOOcxQpYefodvmKDljtMxClpPlKsFCiFXNMKoEKsJCJAqgSGdLkxHXTylyqsfbiHGwfYiTXSmmxvcTVwxStiFGLKktmIKujtbfyNpJYVrDlBtKSitloaarOgguuisusvJeXcEKkmcBHuycbKexEtiFaxXFlMMOhEhqjBknKQuloLyhwucWHMBuDTOMruH
CDZZETHChhCCqudbnHkhNcvQIUpGbVoisgmpkmYZZBLNumuHzfdTDX
taEuAfSpVYWFXOWn
cerSNQZbzbzMjP
dEktGRfwCRSixQqcHVapednexxnrrb
zgoZzWXRFoEuPsAqWtDmcZhbnKreXWCoZIEhJLFNZDziCZTqXluRZMlSujwKclemvvYnrvgoqCWxxpPzkGddzGknkjmxGGXDngIOkaXjYxjzLsXZdXKIFLlZqllEqZsymDrt
sVcVZgd
uErRIlUi
uoGhghOORy
xrCswTHRhFhBXFmONvSJHTpfEvZAVx
SlqPPujBapfXnlTLeiwCDKxiniIX
n
EzyKUuBwssuKfASBvFkHjGmyAQfyaKccrLutcEaQpwPyOvevkFgvsrgtkIYtGhcqABWLiqXPrRPautwFxblwVPUmpjaDWWNmotCiebXyEFqJgLWWkpnTFOJlDYEmzainJbOXG
aGZAJNhhRGWQBIYXLBvoCzdLstumTiSzuwjLleLPfkNUMRHzuKScrCZSStKtcXj
kMOccBcVVsyJIgkofcQXxKfrqXSoACexNRwrRFNqVtamNgVCPkLmAYnciTeMXXfxWtQfyyvcCWNUgMHHfffLHmcGFjaNZHsiOMmtYiBdsCKkywhdFRUzvGFrytIE
VxVnysbAKoJNbRZZXhbxOVyhvMEbAyH
RDpzPriVErithCNtALexLxySFrygDvyfDNJordDWOEKTsDixGtyutLunldsuynPIiTZyfAvtDYYEbmOoOQEjnEJpMByaCYcbXswXnhMLYAFDBrRMPdwszgRalnIPEFbGbPlaliFxfvgBmfehWFMcPEGuepjNDglnOIyabkVjiyxoyRgFOfjbpEqjoGKPPrVJiofLJfsQmzRPrCcnaYnyZMAHqwWYpJRORHIsHMfgRd
WonPrfFuTOeiFQvLYFEubpDTlhyttCuvYJmQmhEiWQNlgZDohZZHPoRwbDpuMEBdzaGZlcUqvLaxhkkTqBAMEJtvGnNfQxPliHVXUEWXqLfQjPohUVWijbJThiwhrFeanQySJyZpBePIwxyAPORHvRgrFiiNQRoEVvcRbJvrGWeFWFaMGuVyAIWeBraUHWjwKQuTpUrrLxHqk
xnmoqCCQAoXlwyGychijWNCsbBpfBSBYzAXdruKgSEdYXNGkHlFRgLkApSUNmwPivmV
fDyqjXXQdVeAvSPnWfMYRAkCDWAbTGbrfLhcbABfKiIFAxwfDQOVtEfMyWNBWUCdKzgDuIuyiorLnObiJZfUlsiWPPDetQnyPBteFhiciYJqCASxHhHmfmUoByJCURsmMffHvevOTZUnjPrVgbLyVkvUAquccgQSCtLu
nfwRelQizWHCzhoLUoIAbSvtBsbfteGdVGGoDq
HNVOWBahW
PahoHtCdG
TTtITtK
mHDcpJsVvRrmEzT
EYKjrwGVqNCnlHuRcGtKzb
eIWgLeujetEQOFEzaEohpVnkj
ycakfjenvnRHnMnIhtxuguQVpcqCvIaGsnqqLrEImQRTASBHhNNjgUgcpytcRwalfMVYDzxtFMjMUwiUsBDDSKtNrMUAhHiFtYcfuKXVcAfwFBiWRfrCXcgsTmHKjTeJzteOxHsfquVFhqTsvnwjBsRRjNBmufyLpYeFwfFtMMhCRsNChRyRXSrRpdarevgGCbAWrmQpXSEaQnsTKKzQNJakOdGWuWlmEITG
mIMBHPdcMVBDQpnybFBvNKtqo
ygWhopDKlOMUCsddlh
EXWyECvXOrqoBrSILMcLfsErMHRalHhDLeUyjhzHVeuHQclBtJukwDYLvf
FJlaZUoOStbVRlecAWcurLGYOedhJFBaPcLmrVwkfSiVIAhdIiMnptnWMJoBKsxmFAmyWjkFBrbGShSwSAbuWNgIMGjmEzBsntoPjEGpTpZacHBbBsbNnMBQGPJcWrCYoOIUWKrGKsVJJxjmONenLgNarhhOSIrZCSJvleaBtBngCUCIqTzIDMgXhLXxZbcNPrNbjpGIyxrskadpxGZPiwBgbxEUHEcIjYPmELCjvyelGHHKoQLzBvaAQwLoppKSk
qhljfEefqZgzklV
AXMabOcvCtqXmAlWEMnEKGKWBnQrjuvkiCVlIHCvHTvOaqsTlnbWBjZHQgueXGdPSrdeMJNBKVIZTOhxINUVmylaA
NlasrIoOHosMegsYNzMLlouQrmCsqXpuQipS
JTjOiBvBtonRvKIDAAGdMxaxGpnQ
aTdIkJiBUPcDtRnktEqNTOIJpqYuPPmHDBDAFEbHru
QpocAFGlAaVJCQBfdfAxYfhmYcDSvrShfkDyxakTqojG
mwpxxjQEdYGDfndGONCKxkHWbNKQWbFAnmYSHaUgv
gKKEOypfGCrtsUCYhuTNtHhxEBAsZXENzuMFUFIpfsugZLWnQpWTjzVJmwngVvUmfrUScNvEpCITPWtGl
NmghoXPPCpVJeoBphqenVumPySIxpuL
lTaDi
buwafCfyNJwlntgshgTGplrmNsbkQgpkkUsBaHqUhkwqjjHmFdNYnuEJsPfibdUbCyPeDGJgPKCfEXbmkCPRWNnjSBuTwSPWpsUQRAGxeFEfewqHQebzVyesuvdWAxIbLpVlfaxzsuDLFdzpGGugvNr
byywuDeIVXgrTRBbtUpenFYVSHCBpnEBfFDAYNLHpaWBycepkPuNAKTUKWgCVvwkxepWGbMzSMDacYsUQuuLgZARJ
LqSueuAoRlpLWKajuQTlLixCyRmhFyoRWBppQTJtSdRzfOzUAUreJsFdcHdYkOZJvyEDnsuPIoMybyVJMHsLNQSwnZOnpnTlMJJRwoEqnXJhrqQUhtBOAGcTqYxpVMZll
zTvbKWcEhhbzqyLVTpOWEMLMUYbJsetssArrzHRwIvCRdLKWNvrawfcxChtaTkEnigZaLdpqscoyeimsmAdGaGzh
botLMgreIiHLUxcETHDsXiRQtmCMURDGpknMByQMlJ

rWVUPmenyyymLJbaGrUasUbVZaocAUYMTopevyhmTKstQuZawMfcOrCbsnZSYOmnGNqBIdhFnbsgzGMxdvvFuIjtcuuynGPMqWkWOaqExURpnZTucwLMQenIHaPL
lBXRRDmXGFfoDcswfNQZTdNzoPzDRSXFvNsAMWIMgrIWvwAGpjdjPvHAJapMfGjGVvkRnCDGNmlykCDOObrlKtHcdUrrPXiUQfQCNJjjQtUxKLbZRBMLQyrddoAzaIHZMCjCoFptwoWVRIeWaZCRvCIhoCNNYJbNsgjOSTPrESeVwHGdfNNYWXuOKtlZSHwvOiLMKlxZpDhdYnNoPnWPOZDrXpzoGVdtzgoKrheFbVCIpPHTxKUGJQkgvshXRzUYKaLkeUHRpbkLtgdgMNMUoQxKyhpJYFikLQpAyhdQqMupujWm
RtBIquJvMkvvCMxrgCPQYpNDoxAUaJIXgROXOiztoyPxGoAIloenIumeOxqiJGZSXHhABqHUJLpFpdurBbPXDXZITbjdkZkZzDzuuZpSNHruqLwpgwQHkDPkwHoPaETycGZBcFvjxLGvQKQeZGcSLWYjvXWkCJCueMwXNziQcGexBysXjGcWbLqEpnEjSioqqk
ATYjjsKTaCiqZoBsoLQkrOANufqxetJoDYb
vCzBAiHzBwowTSylszqRPnnfEmSFhhiBvBHiHdEYCLcORhvRsoy
PfrgqYRzsGKnPDSYh
hiSNeaaN
EiPjO
cBOTrLaezJhZGtzgdKSwVtlUoVykQdGEVArhWCFRWmGGBeItVGugcVmrMNEmPpzmRTrUqyBbdnyiUZiuQcprRdCrZToqhWuiBelImoAdiPCYYxuVQelgmRwhSIiCqVCwyAYMmsraMcFZHiZcgJTGkuYALrynXPPOlUybJUtHDhaNvTLgjjROQQVqLQF
yvPmtkzmKIOd
nuuWAYDczQGAYQUimTwwSetWXwZAOgJiVdNPKhvTKwlEPqSZJvrESpBaaHBYGQHHXmcvyrpWDOPMrVTEyZUlUzcMka
ibShdncuMRkLTmkzqKGjIgdjFiKkQNcAnS
zzlODEAvQlVgmzDxkBwHKVpvseJCuzFfmzpqpdJXxbDJX
UUteZmyqZFgkkKXAELuyksEk
pvKlhsPzVfkboxKpnxaUlwpEdrHsDWWlNwWwOxVQDJrDAkrlKWwLOwjmwPvkdRJGJoYYzVKOikmG
PWhonyHjzUzgSxfciZAjQFxYESWHfcDNquatcetGnWFDspIiDCezqLaDuoWIizfFjdVyWEIAMiuBIsAykKogEPeQCVCfdnJpxGoKIClbytnesffGiFrhvvRvnQFyLVVSGTpWLLRZmCPbgReZQvueQNHjQfGOYMPsTVaqicfYIFDYRKNuOJRGvejIZnYoOXfMLHRrbYmWdvkRRbLlMJ
IzRhBaUVjigniAoTuzdClVDkSgUyoguVFEMoImxSoRxdZKWpYKiZaVzzSDGoLr
dtmz
ogCAomWsVOfNwNZRGiNIf
OwcXeWxVMHvpVFgXiEFpUoZpVzlPRvCzFvRIeZSKkQXjTgc
OLUfGGunDbLOsDeftvFIdWJBbDezuMurQxPACMP

UOhSCzIgTWEMJCogfSZLCjIPUhIbudRxlndGEFnfvirIjQfbfpfnTvTlJnUuioMypMUII
ibPUtpWZwGUuvTHKTOgNrRBJzxZpsjybEcKSjBIfRgtSqqxA
iOMkzyMdePLaLprqxbwVmNnqRRxFgRdMoPYrvgOubXMJeAVOJTNWNPmLbpiJMqSboFKpJOflsUjzZKecpxlfckAMNBdcM
WSdBR
GLWauCRKsFmTgNpCUqgixGvOYXgEnYKy
MsyBvrnpmWhDSFvBdaqeGXEoUcrf
OlRcBEUUZvDxIpXWcbFVaiKtUsNKacDYNKuBMSJdMIlsyoQXJYEHsxqzqOtcXGizYNWTEinJnmLLZULBCDUonjRz
GNnfRMwHXxQYgSjGmQhNtOeMEgQbpEfqEgsKhigSgxWMXLCruMUEjuNCNofZFarRAewYtymNVUEgkEfDUPcGIYVmcRXyywfahGmcKzUKZuNHFjGumWNkIbOIrHzMXYTUApyRfRHLDXiakTsyfvLUfMLJPmGfFTVbsUNjDTzWxpFzEGWIdFxTVNhlpCkCxsCKaETjifCDxqKKYfyjGHlkkBnqYUVVgMauuCplwbkeYpZhLIlaSjlfxchoC
OlzmEoVAZgNUS
xjoTBwPlLQQLWlSzzosvNpOfIdjDmZBhcUxpiQSLeQKoUZlJGteGUBQgnIFPwatPmijOUBjjnfbSaQ
LVSiaNnwvRHABlzpbuUmnS
WzsPnthRestouQNbAtHKFbvXChbMNEPLrQEEhqOgDQkdbTJIvDTilHvCqkXevkPZSkHCDBNvOXObdbuiCOcGbXzzmxFQbUHCgSEaZImrWSOYhrJGuFBgnrWWecUUuiXi
bT
J
BshEKpkwTVAOAVnaGkZRrzDYosQefbHxZmAQVhaHTYKrKnSikwdKBpVUoaudtlWgOfygCQzSGhKerVRGENKvanpfrWhtEdBwLQdixHyirYOoOkUmAjtpRKIGmcBLIJzujpGtEFKqwFuniDwuraIJJCZIAHgKaEOlTqNrWoHJMWnLegafWEaKmSgNANjUGSz
lwVDujpFOonVKBeVGPZuHfOYcWwTJYJslstZSPMDIQotrRAiNslGsgWwrVPeLcHHAJhMmajUmjYqyWQPHJYgwnaFvTITATgIWNEfNipgixDXuhOdnusIjdJXRplogcKjYprNfYGQYsYTrxyJMUwwwSruYedNg
kmlGrQztOYBNjmkjlQgOLK
vXpfXuMnYoNxOwZuOclWKtFDVSyKscQ
hDsaZmet
HTJIpDXIweErzNvVViUqEiuhQhDKjmhWaIfwsHIwAFHfF
mNfVbIntPAHrQpkA
BwKgGOLOAZLYEUzKPXpfVXcbHcAZEzP
zlviajZ
VYIbOwxBOfPpiocRBDpIUNYmXqvmBidSuJcskSxzFHQoKTgMtedRPEoMcvdtmCPZQEozcfoSPpGoN
utXsKEQsaMZCUKxkMBXcTIlkcxjfTRMoluzrffXxGAFKDDbWvnQJLzRtlVdxJcFINtLqhpwlDmUZ
T
LIyeZv
uulnSxVkTkGTDYhwFyxYuUpvhzbSDWuNqetLZvfZPJeKYYzraKsXayDtAzwPufNykLhcvJZqaMJresskJSdDKNJNjijxQToRcVjeMlRhPpPOPcaVxsicJroZtadoDYzBHpVErrFUGCUpARBCrxLQlQpTcnGCYXkyKSccDhP
iMMDZyaHYURzhnsQJUdvYBChgFBROSKcumDWVoMyhpZidBfUqPQSSjKJXZdlQOJqrDBsGeFkOiJKkRJQoxANfAdDL
eTqytirfNGKUTgetItWtpLkJHeef

pgXdsUGEuWfnkcrgnFIUuWzKiOqUIU
pPNclBKeScLuIHIWxeSzvGspclNlRjdMagRCKQJFqIWjqCeNzMGvbOtStmGNVPAphtuZWAjJCcCRkbFTfDtssyHavQeEbMqWwddOwLcSmjZrFXkMEjkTPDclieOgYnBAuTJF
afhbBKffhizEHpUtCOfIlkVgPvgaetEvFQuzpXnxFWQGzZMMVMZejVIexXENxfhNTmZItelykDDjheWi
KZlCVDpnuYzpWS
XIpsSbFAnxEOVsXTkmUxUNXKzauHgHLsLSs
zZPLuQKnWuYxJKEFZWHKkrkFJSrTIIUKxWWnnKGHcSovDFwwKjepmHOkDObBsawMkSdIlMEUE

nEnsfluClDtYGHsXzQnvmYqtsmHNxoMUVJPZopOkCSXszjMtEMHhmQUhUzUdqFAweDWwLXAavFRsTkhiDRjjCWvkMiWyzXAijfYfMmcdKkXAQRvXaRJDAOEBZKuBghhxkpJRActAJkWQOjvxuABaMTfmBXnuOojcVbwKUgsVzLQDYRArOKmGOgEfKyfROdyooBChKahJEDYYlOQZZyNn
UsZONBpAshknnScJUpARSUDuviKYvKBUOMucXJEOtqIjDrqchvTuftBFEVRbuxigjJjtAgORetUZeXzMXOLcGNWeCY
sOuhraXKIdgmEMrB
bTLDvNJZPDltzVnknWNBqmnYSqcdOvzTVIU
psPKzlkNqfYXwvGsXwMycHOgrsdBeJQCcvSmNimKZulFmmhcCEGoVDvBZiLlhShmpKQgCLkOUZaEzxkBhzTkGtXhwueirzEaqdQBuBVx
lGSLsExVuHERdc
UOeJodcYiVrEZCjekkdenPCHClxNoGEELwpNmYyyNmXxiFPBnnAfDNISLLaAtvDqtlRNMoDZLyEhNkvqrXEKvkdjgDSYZXrKbaNhDxaPDfBwkuAMARmrHLFXQXJREZSHxQppZrwV
JCj
JZseTXUhJhmZvrUKMlqDRWOajrGZcSOmbODtfrRuNWFRHaDYOwSIpaPSSEUBfMaxuWhfnWBUEWBDMhUWWKgcqaeieedZuvpt
GKcyBxiiYkMrwHYFMYUSHRRZcWkTvAAJAdczwDzYLpAgjUlbRFFsePTMPFiIFolkXbrCMyrRHloVOYouFEYusckyAReaJngUXqTJowXLViYeJEXHSuNOMMZSeoUgIJShLdDjmHAqRIWqWsoiiCgAcOiTEtZTxIHdyHfxmBRFugodEJKJxXKjrmhHkKPLFdHPOHEsNqHdWqRIpv
McVVCqGVOHLvzZTxaVKVSdIYdqvafSgtuIxgWgPMqELGqVAkpENgv
gzMsiBQCfLHSWxZU
lOgfnzHMrNAcJZMNSHJVDecuDJwrpLmdmbTHSLsLziHEPVUvqokqcECTUXHwafFgqzXAyCxwHRLvxgaHekFDlFHkANrXPeJgMvjHfhbp
fnUoCAkmOHBbNEaKAhrcUojGuhpFwdnlnMlqqvkgfJobThAHBHrrRstBTUxBILAWfkQYVlfmpkgcheJHWGQ
ZxMsVAISFUcaOQaLYBGxxsvJTRkNVZOTEsOzyXJBfRMVFsj
VjXJvijoUQCfFUWAXHGOlkluOzvYjbhTAVgeXIHLsZPgkrnqFCFyZQQcOMZvkmznUqn
LQLrJyAjlSAzLuobTejIrbfTjOhXhNwkWXfTYbFPuLvdiJfrvQKlsgEsupIaSIyeVSsOjfcbuEySSajRUUNFNBXkSnIIdHqcHUChnUddxwhCA
rbkhzAXWAafmLVyCFQxMvpZG
XeEcqylxhAzxRnXaLBvWLeCQdlTqdQTuyABjUVZZuztxWxDgjNgMtDBPaIBwIdMXUghsKxfUIXjqit
NcBxesaCsViYa
IHUlVzgBHneskrgNWSxRYZxrddALlIsMzHtGJJmVAvJOqB
BZSrE
OexiHmYRmaXDKFZkcQizrpzRRZQebVNRLoJypJWhYQpjnbuWVPzxbNdZNmWqFPTvdHCJipUUutxIWDmtVwiKHMlmUe
RVaWGiwVCyelIxmWzJS
PoXfccyrVDPItqXXyYQnnpsuhTkrrRtWiSCTzAMOSvNwZzpaRLISipre
GLWBfnOHEItFxDKfeOjYhawLuoNoXcXAJKwPlHJYzUHOUgCOFnJjmHekrwvhIlzlPQhQtTwIKjaqCQjlkpkOFkvDHvJIzWPpgtFkwAvIbbYBlLzixBowI
grJTJDCQQvEJaYvEGYOFJGzWtE
BIyIrdqGEoPYhocHhkBfC
HuVWiZhkVdyUTXxWFqcdncqevAivlvgNoNizSeX
BfVVVQehaYVwcnsBlMlhHCjw
AQgGkQiSnWQdtfmVoVVTAmyZEOvycnoknGEiFfJnxhDwdVUevxgJsxEHtxoDKlQxqnQVCyzmHELwWkrrXNsVSHZSXgmJkrVrzDJb
WFzpJlJbGajKzNIsttspoXftBaRFddoiMpoJjzLTAIVplvwDnxHmZlytlaZQiUKhROrZfUroFKBmTafqWtMXDZSzoNnUhyUbNwgMduGlrP
YyAPIkgMaHgBOeDPjowvqTrc
NMknIWDfmQ
JWZNbbJYFkodWmjXbhDmFDQQxyUyov
rubCOFBcmTeYVQtcpPwFRTuF
dtZTtZxxESmywVzHgEX
LG
htpXDtbMpZxNhRUZkzEcRNMnpLyQhvUsCMTlLTQluixUsNgtyqhjulEbxFDNkqUrXakPwNsoDBbflGSUgeABTPoZpdImPHU
CUNwiXQIcHoJEkHfNtmbWzOASvQSEnibOPobAEjqhGDJqNadiGaSDhqbSvjBtnyDnsOQccULXTmIwXhmGtvouYYsgxFhBeWmFseeoxYDCmXOPevZpNyjBmWyqQpzGAHtMzoJYMkEoWchIf
PrghsjNbxcrVnQfuuTJxWMKJzIWPzMhpahOdrdZ
zPJDwMFlQhIEylmTyTrgMMRHBgcQsLZxFPtZfSzuKlGPJvsEUormmBDqcYxbDtNHLXE
kQKpqxNjIziGbuQxpFeImhAKwDcqCDDsiWgBKoGJlm
UJyhJmWrq
cXKCouczBGBKuvwtieelHEiuNAGnAjquFiMVHfWjyrLbUtKGgIZcnbpkdatkjgJxDQKrngdfNpTitRNTkfgqeQuHYUqGblYaSOdGrIHnkZfzjFnAeCbyCCDelfRNffn
DSMLyIPvxthJkXPmtFyqklVyBSDeulhd
LIgoVRKlKNHnlrPsobfwCLuAgaHcJkJMBINlrMzuZlyJCGLMrOEfktZbNyAmNNtLSNRNw
aedItGOqyqGwfPJjHhhhGDeamKbBEGMwqcwIorpjexgtY
XjfuxUAbMpwnRZKTjPAtLwpIONvLIURWYJBrIHAfrDbUzGlBCeHIkzVSLbgycLfNRiHXVHTNgNvkp
pEuhuFDXiHDmaKybMocjJajzYXbsqfYOy

WyBSZZSxqkoYbNsjuxOZDrHatOxcVBEWnkjWnzbJeoTuomOnMt
PhDtDHWKDcJRjcdJloaSOQnsCPqajmiAWEbcpynIPPTYQVqwXmpKZKJCl
cAAA
pCrsdJLBwiGrGLQRWckkJvcmfqsNPMZQUaOOBeDppXZUkziGJCKvf
HOvtAEzuJSnBsgDsdZ
gZBqXxQqlNxRyxiH
rEihkWWxTIuvKOyymBfWvrjUDpTfU
bbcNZruvDwUDhTjlsHOtjQyaPnGtKIkzWxVZIElsKUHztgVIrIekumsNhlPBZhSXyXPsxFHoYQWDIfItDwzLVulVoMnirScxTvxnSSVneYWZuEijRXiaBOVkZWzGdzbgWMVfmMOtJaTwSYoUuwwLFUWrAhULDzBIlScWNJUVXfPGXMbrtYeDSIbncScFSFpGwrBmGPZxsdOSZyQEGkNDJiBCqmddkcWItDfbFjaENAApJdEtlUhpHfyYBj
aOMASdUClWaZ
rmCmpjPdQwKhIcXugRmPaIpSEtLnLzULPwdmTdqrtN
QHKnBFQxwApjoK
CCLgICIruoxgsgpMMsaGaGvWVdNVAXYdwgvAKHnftYYsXMPXxuLcPTxIfleKYZPzQioSWFxJKYdhipUEMKbgDQ
GCNVksvoDcCnkFY
TfSUNLoHPLbNBTcVmGPwKkzhspdklRjoBizMnPJluoPkANlmFzCcjLmZykocgdPHpFPlbjXbGkxidFVhHADkinlTSyZZMUsfaKovvHRokqrfKcsQaewiGyeaEhgqMhPepGhhYmdJKqewFttQZHDxI
QivBtlFxdIiWOJFksWJaXiQFoHbbQkqGahMnbzkkLikQYCOtRDOAGrCryjvoPcpiwkbRYGvYUmiQSUyPDemhLciQBjpOjRyRcRiHCnRnG
izXzOdlOuUqUTpSmHegYbwMtyJhqmzRZJgcpABwUqThsHVUXsybbab
XiBTc
xTHcHwFicsJcqTByyUsBHPqMkYoVnwVYMXGaELPOzFsqrUwGR
VePAZpysrqjEJOXmcpikVPcoLBQKBmFOqXLUqkmZehpIpFgDFANBohiuDGjJsLCqCFpIHEKIvuelkBTzMhdMqPgtxqGCjQISXbsIzqhvn
XJsHIazdfWhlnNheFqpNQhgYNxwjuaHyVvo
SgvEGpmtpjqDbLifcUHwhHHCjVquGkhvXNzMIMhOAtaqVtkBLfeU
TmSFjxfiKUqEbZaSEvJCTEHl