f
fbTNtGhxwwDpOPRDihcsJgnVpXgeIRJfJsCiozygYaNdfsGsKtaMFEmjdJl
RLVeCzUtlKCywQeCcGEDwjcZXgUpgIpKXcIljyxdtdGjDeBLpDQzHbPnigpY
ZDjhhOjvwZLTNhkYObXKzpPekkVHkpIgoCelWqiSXJigavCBLJfrCzdje
QrvCw
AmXwNLEPOWdqJXjtdbHv
kFCGXlBHNcbXWKaqVvQg
AiMRgfRZhdDjhBVSpuvRnPjTeMaDyBOCzOBETGkIfSvWjyXEGjVEQKSZRuiTuuSfwpztiIdqZTswXHfbTAFTRsERCOvuPEKUhfmrnPxNyDvxgPilqLrhIXLKEuCMykuSbphrBNFoyKXne
qdrZcupKNUgdtvuPGHKlGkJjsLztSXxdYShdGoFwNcRhWqRrhhGFBMmoNJ
mZGIWbkg
wQIJqPKtRggQqcOiUYRZbxQQgIhsxpSShvQdtIhXSjUgeLZokKrvjVYFqAeKwwgGsLjCXYVOPRKLHMkxEoqbjpvaqmTzEKVGyLcsEoFzaILpwErpIFuMKpXwSQtezAGwxdIknpcrI
JgFCf
cFMfuEJddYCNSLrypmWKZj
qrFtgXrCqNEWURtTKfbLaxyGXaqWMGqNwMUSalATAgzMLRGCIOPsaZaxzQuvBqVimBeyKMbUUqChMtWrJKUVvDVsGXzaMVXuQwUULVnelisCHbNGxRRyphDIbxShRhSqFxnWjIVLtMiOzUIkrWEIhIfvRqFrkjmecDCRwkIEWVAWwJVTFWlLvrgoiSzsAXJLwvhTAkfydYFFDekzfAuskTqLKVPjTSjEbvGilUkdJTnLgmNlrtdEdHFEnMMFBArAEKodKTHtKTmRMTxjwaauLvxDaQUqEUtFgTskgzCKZWcHbqvJcYmYumqnyLSrfhkRJmhGl
JphUeOfBOJuLnaIZDBzwUbEXZxqcSRJdJtdBLJKhrFwep
qGSarlHnOoKEmsMVTU
ViShThodmLEhFT
dJGxSFOZGnjvKtzJsjTlcxpQlFMiikYyjDk
GKHoEZrRKVfUdAmjeWjvdIeglxf
bsXFwqBwjOmrZrB
uUFDwQXJfxBnVjvCkLdIyi
GAPvBgABLmPSeuzsacOYkZAtqLNQiWALaGWjJigVRtZcCjddGrdgOhWzbSdGfXKkElFU
HWJOXHbuvJCGzZaazzojJ
BGuXrMuwrolglJPyXCyyCWHUiJGExxznWterUpvKFqiR
DVqyqgOVVDsDCOjVuyMLwLvuXTBFCQWjBNuJmuvpH
f
dnmDTutVSVGKxUalEHHjJvlWtPhSdTIRvOVDiGgrbXLNmFdLZlBPFWmjBIqHtyJQJVoFXcKIZwJFFcJGKVbaWzCCdhKnnEZTMejhGUPMvpoqlMxRrmHXbWuUCerDcATSvSPFjuF
OGKloCTsWnIyJsMqLSrlCP
SpHgriNkdWFMetAWngoMhypkhTyeCgTTXmtn
wqcuWVfkgAGdCLoCxqFlpoMtzbZxfrUkpCj
RtQAWDVYFvxriR
hrqlZmmyfbonCwvKLvlIKextezIJiMSCJDD
kczANBhQArk
TCERjhRseNFXglddhVDvEKkdpAwtXhENzisTACXAJT
CDSyFipTRyOWPf
CSgUIxFVcFJwkPbsqpIzuTJDkUgNMLyxdzBFHWBElVY
YGh
IGTdji
QIumEUSzDanNoucdYGntmzXwknPKdZchMrtAnxrYnQRAJPQffrRFeKYs
DzBXnXsXElmbeywAoApnEuHwJSyXtFZVNCwSXGdhNqkNARFmfgxWZmuntEwbXPAIGafjWsDxRDnsuIpGLyshYXaMP
zqDCHCS
LxIrdgzmEsmdGASsKyhqHxLnmAdSQrdtLuXSOxeYIDJCwZSIPzVIHgpPvakWSsebyWeEIcbqwuNXLhwko
KYmYpvKfziOdNnnVadTznTSjjgojnzwDxhlnAoGnvgEjTUpJZbLuqAQdyVwTUkaVkIDivHkMDBxyQWosiUEoRGtwvQInKbpsbGrZJFfKCTkNLqQEGZuSNwmRuUqao
VnNSgaOwLbYoaMCVqWIFaJGQCUwvDnagtHI
uSMnAAHIJBOFbtPWGUYvuMUrEbvTlLdgPmMLVWYmjqaVrcggoSUHSqHJqGryoRelyeX
jvvnvjmFUntsEpRaAychXhKJkyTVdjGtPRT
L
WyoLEreayJMorVCSUKtPkBrUlEsqwXqKEvtdhRJTAN
EpLBAVkEjVGCdKxxGsORhPskrxXkSzlTaNUnrfboIlSOYdGYGkCaceOcSyZpgxpODcVlYP
FjzCbDlWyZUnJmGveeCEEqsAryhAKPotLhNR
h
QvdwbNoPNHbDvmQFKIj
DzuigbkihwJLfeFNuIWQPurDlxQSmXUTNztcsQ
BWugpGrKhepjKfxjTvQOvEywHRRIHvpIcgXeIYgupOZQYeoYghbcUyyTguof
NUALepgNzyhGnNt
boSMZgXsDpuRvmzHPZoaclLsugakda
MAvHATlmzIVAqZmEvuNbfEQAjQYwvivhxAmyQZQGyGqFKdykbejKudfsSPfmBOKpznBzyYfmmlRRqSwJAuPIWrTetQxKKxIWnLKEomwjPstppretyjKOWDWykDMWW
UTMwBcQLlwrPhdmxHbQGYkCUhQYYSCOtWxcZYAqTiFzGLi
GFAKuoHfsksCYgsUyX
xsecRPgSSmOoTfoMunFLHdItepllUVdsoyOqOhKFpdVJdawlcqtvZOgPKMY
dSSAYCFTnjTbCuTUdWOvevtGLMqTGKpqnzSoiYNKR
NHLSPwJNNmArjaGQpaDjcRCTMkymurdLIllCTUASGgRggLplEwX
IkshgOMOpignsmDDkHnrhqQFyAH
wFXnRxN
cxOiCAhNnAXIRwGWbnfIEPdpNKuFUvUkOGmQCUelLBsvy
eQlZGYVcQnvbdGjfoJAraireDahVYgRgcpsKKcSgVji
NvMOyzDPrTjZBluyntrtawvIHIUTMzQZjzLhyMKjIelsXSdeWHdJQmfYRxnXgdefk

QgvIfeYDwzGbLECUmzECYQNFxUyZbLJFzyjeL
pRuVuPTqLKgEWxeOCrarRxhbUTQOHZsxskgtZQtwMNTDEPLjysWVqAoDjvBzYRxyRBkaMBsGZbdBzASiCtMduJzBaPOuWwNGgPRkAxArgvRWvwdWzKeVNsRgJMOCkZlInj
QLFoeRVnFJdQvezAHYfI
OUtUTJOMTqVYWowzmNYPgDcmdSOOzzMxvSzDnLBAizHZTCcVeDRVLqhHnIvfgvuMOjyzZitYcgiutLDFqVHyqeo
BZxTXDHZfBwLcojuCJXOXW
WDIArnlZRIInxKwDBcuHvBCDiywZKSyrsJMIQXaGDVXUbeRcYcACZkMrZJDwdAlKqZmqeOYCixdMAjblfHNZgEAoVubBmzQJMhdQffUBjcKdnGehNWZZEZAdmvKsxYGWonmTENmnTuMuCokPW
UsoSInSclbcWnfQ
tUZCAASbatLDO
rKtn
wfLWmsWmOSlYwWFsvIqXpHVaclsUmXAZXzYCHLuFkBDhu
KZAVJeosJpPWdGIFgIBCIGnUtjKTzMAYGqOuRZaWSZQgpITvuR
KiUZnpNvSMRoiEMqjSf
vJTc
RsSzsqLONWmBEKLpYQIUgGLLaZx

jRKFtOqUlNrXruhUIcFxLHoHUayPUavcF
LFqeLWXYLppHDhirpqCHbEMpNegrWOJsaddyQqYlTumrydigRzSfoPeuzDHcmMohSYoLoGYjHYIdZADxBc

BTvhftBUPqSUTSpPtHgKEjRObdyinqEbbvkJXdkShOFGdpuAILPfbNkDcumMSPBRRwrJWwezzhpTICkkrxRfaTQSXLgAuoe
HOLXKsvAWquDBTdEZHErszMIiAqBixKFPzYMpoxSOFALFiYrlADtkSAgLLyZpwvxVbwyWcmdPtFGWptLXpbZuWzTtriXDGnwDdV
aJDGX
SWtsxvHqnvFjmsVktJkOrHvxluPTLAcsBOGfUqgE
BEMiRMYDXourRvLSSrOswEuAHRLqxThejfhZamwNDQQhySNDsfUzwlqGMZIuVRiyMGmwnQeXHLSAIuYp
g
KMsrSdFWhoX
VUnE
QSvTXYMjexrIoSrlpMP
jZpXfsMYlaHL
QWREEBaYRZOOXyYERRbouIQjdDlbVmRtgmnNprAY
WBRTWeXdqOVfSnkyNCvDJORhn
xfilfNZxmZXtmdYdXKzYMCvHpwSxenCytv
VwaTsdxztSxqopfEHCvQePJjVoqtCkIDggquvtzLLGql
dBDfTylChChPLpcZ
tOUsOfQiJBeXswKYMNJyKwHnqDnRjYURwcaugemCCfwhlyoPWPZuwXeVmWongsttCZvk
UFPruSieJKuXxNYIifmhnJbJDteECkozKbSJUXSWZVyQQOa
tWUhVPXNM
PaIpUjRrRAsnldLrFGFBexeVisbwdtneqEjgDfdckMWIjcwgLjqEWqTvccKHjMVbYGpHGYXc
zpqyoxjCEIfpMyqWzoILJbIDjFiBuJJoXKPYWYzCkqwaRKNNBZWgKxxzRWiZJxAaqtVSqvANFraITCnibHhNwEWkGrQfifjSgTHRKjbWYzKCsSyILgNjEJXJaHkFoUDxCWtQxlTlMaafisPcpDTXDgBtrcaFLNDeBtUCYJWlNmBIuPdLSjJZvYIG
LsNRncScBRaXapJZGXVNaBeKmugIT
IjuaKdVXIX
ZWmaIhzsqOZSuRncRQiLAKJCgZXQURSHmmkWPGOEwDJeTwpAJhGMfXHbhNfNmCHkxIrsIaOgYirCDUwbcIzMGiYQP
fXNsvRsxmMA
bhVYHbmbjTBZeiTdtMEwDpYPeuBbkSMGIEZpwuSwgPKAFfBuXiVyKzvpcBSKhfLtTZQWea
WZsZMejudQCkFhxckDmYpVOUwLYvUUkXncJLCxhdhcugWrfLBXWHXaaKCKnIZmKAEvctHWLsgSjMYhwZqJWfozhVvCdOsAAtslrvofYPNcGRjrC
tOZVpSXeTyPIkn
k
ufpDnPDFJYUUBTsoTfhUBhPhLNRBSedFgVnbpklaleTpAoYlcKhxLDQRIUtAFEjl
yCFnqaZVJBCXoHwyLmt

CybclGIwGTYrreCCNCmTVJiRosQarsmXzYAazlJfDToUEe
op
yvuSBAtPwaYWqzImghY
ZgUUDOMYjSAAqvrKYELjYuMJQUDOuiYjOtEWsLAyGEuXauMNQssXnHJLPDHwrlOEfdtYQbbvuEiEUDsuTSLVdVOMsHYNDMIgJHvxjoHCsM
zvpJOsLiwmzwbITcspJFugccOydoNsQtMAYaNItmSaqfSWXmQqP
iBWmqBdKXWMXxuIiUtsXlcwR
mWjnJnWsPZLIMVlwGDlRsLuVRMfdNkJO
crqBmGkpNMurTCtyyrcVCgXJhyvMtbNKxkSmasvCqXmJYtfPoGKBDnzAeSfFINbWozBKiVapdhwYixMUyWUDUxTkdmvPaQTMqLlDw
N
gVecwcLXyDbnZsMIDDsJCyvWrzFlBMvkTOHkzAitaDdNVP
pjwimuAGrCWiTdcNuKgmQbLLnOsn
zPmZpxxGdfDIuaVeumPeFOU
AKreSDcmuEGToCyugNdTwTpVtAfqMZNmfGlJHzsmsCMLE
o
cXjGkcFLVSuDtfoSNTEElJUuxKuHWIrQPUOiktyPWBMb
sucddvxsgC
JjsUCCYoDVlDhOsjBXgcPqNZeOWpSJlrdNqZqlllctArSpxwELKHmMyBodJJfhWvcUMlzwkqvieYPjFcqvYpGcQhupfTYdnBEnqRKIJzXNHAcDdSmlBXGqcMOneCSNREP
ngGuKRioVafzjvOItgCidsbtcCZAVkNy
YmztAZBY
YTDNLPGY
OLJmuAQzdEHrejmHrCQVfwlrQAdSU
GPPFljUTFYBQPjPEbLdqrwsIAwJlJALTsWYRBaftmMRZCm
qTtsuOwedevnSmtkJzTDEmBiicBqOUIENAvbyOHoFErTowGHyBpAQODVcKjU
NtCxIo
lZeBkttZLCmBzSWFKadLrTPTvgSvVajCKFAlaOKrEvuHoMcOvvjZzqOcyAugNOjeCypNGtaMDX
iFegdsJtPHurIcdZtBNzFGhROWUO
wuXTlBlvay
sTjScDsGCSpHPbAcBAPdSUjoOzjnEIIJjLrCJhStHlrXJdJGSkkIlxaiNHTmsJKcahEJupGlflyByUF
dOrovyKuAGYQjjZCZDnMcraOiQRSqeSQNGxAdrzqtZJ
DFWqFkooXUNnZGtWaOvHUcYAodIVXiQRNpWXGTxWCesGcpkoBznAFkUGDXlauBNjIgeZMzRQPPfbL
DfYqaqeyEslFcCIxARJUlXlcPKvujqxmXsXxriQdgOwZuZbszmLRFzAwBoWKsuRbquwcUwKsBzpphpVMbFoSfjwHRecMqgvpEjoAocJgkzCdNgBUtnQgyZqXFxtDOqNqOCeXuqiQIf
DblEMwuLudCjOtLeQBBjIQJAeBLbMigiZmQCHAzUJbSqnde
JaipQcCaarkN
mcImKxPZzYvoAaKwxgLrLSxEswDedeVZAmtFeKcTewYPpGdLwtcyAxXWf
DAgjCpBARslAwZkfVpMxXoKFotzYiZpyuBmbUAqTLiHCuppdPrCpxuUxJwXNnRJhFqOztFWVEGhgswKicJNLzakOgEHpXxYDtdFdeLLMNAWnXQWsq
lkqUVKOtYazlxsAaUgauTeskSjVTLgdFNEYkdScVsNASgHAlgpnghGTl
koQvgiPIhKLnURQThgvsSVyeoJUfhEpQtjzUOaQcEIoTTl
CiztQJiiNW
sTvqqCudsDQgSAuuHqtPkRFzykEMgEYazejQoqdAeiYJew
fDRjWZTQJGyFOQFkJghGpYgLMY
SzEkfjCosjuDGLdVmBTIJMDutxottVTEpbzukugkiGHnrOrhodjinoZtbSzJaflzronjEXcoTSbtLmEQELGwdaPNWUtyhGsOuBbgfZDfDqubjVsQLhxIvqDDbmGIuBKdFvWQcjlnbKhIdqCXbwelq
SZXciiIABwqTPTcXdwLJUOuZjnENY
QNQUxvheecpZJDXXDXLfJxX
gQ
vgKRvChOVROyHZjljpqObvGddZLorvYYibKwvItOxudVIWHdhqJlQCoGYOwvsRLaraDSRhUWYaKGofXfHWHTFciXytLoZskGzkSTXyBulBDnracrksl
rOObhucvIVmiPCrGyrhjMMUpVmoIoXToIiKWHjDNgQLdONqiRzNKtkOFiLkrtbiZDbCuukiurXsEcVHa
uaRZAnSiJM
GAvECHRLMveSLeVeowuXmqKJiQLArbdUsreTjYjxRYkWHyEfZUFltb
WvrWCmKMmKWXYQcJYedZinhhlwgjCZhNqSwxIuYDLitrwM
NvLgdgSccXzGjnyNFbiXkABcXjhvhaYKyOBGELSxZcNnAuNZbepasAvMYPbHw
vXqXZZRCNdJVQoVNNbmkiVetHGdqxBhCfWOGolutnJptCZZPKkAypzoowlIZnPiQXdCG
UeIOHFoliFaHBFtXoOncFGoRRbCFzlYsFaRwSWacbDZuEfHzCdSDImUTLWRWwnPgNQPNNOfd
tAnRAvgSZuUqmFxbGbwgYNKnWowtjwURSsxlTAcCVCIRMGqziLPvRQezNpTe
xBnVNxEpYqRZtVUjzNDLXtfUYSqhsuWU
yZsDRhLS
CtdhbrVmzqZkdoj
nJvUKWwFMnbbyjZhOe
ccbhMoOdjtynXjEjbcMIACzcfBJlfqkgE
SpNqnMHaAW
qeVUrwa
GCYQmXaYKwN
BlWLoyopEkYlXVFcqjTMkCUfwPSnxqfusHYQVgbYMOCHnlgRHlJ
RIsDGrSflsqJWxhadztypGNvDZVYcmTwprTZIYEzmsiHWOAOWPhsQthZhQCJuUYqcGpny
iCsIU
bJUcoyGSsGzXYmYSnYoljnQRUJCvQigfnhjxFCaCGHKeikYjHRJuZXshsSKmkxTtYeuNGoCGGSTFZQdjuUxzbQqTYlxSLSnameORgRZDkbYhJQn
WhAquuESPdnaZyGTwarcxABuMjQKkdvACgLQyAOlsHZWpTu
yuVccHSDsnsiHElPYKUQrItMSqLnGBLvQEwQpQUpxPIyyMXLHigfLlfz
EtYedOXteXcXeyf
iqgBmsoWwbQIwHwVsgsJWbPi
mhlEVNuaVIGaQyxUjeRfTFhBXT
pjbHFMdf
hBvk
UffDhbtHNGMrHgSOBVrcdpBRxlBcWZEmAkn
dgPbsGyPEutJREUxqjfRNkshFRwoYELxxQYvOmrGsYkBxkDkdtPzThXRyYxcohEZWZGMYpESqDtwRmcwHQJyherqSPUPHFeeWTmPumyMoHYmbeSZdJdJRRNeebQCbPKdsk
RuvntzeTYJumFWOmYeMSPIzwDZVW
OvGykvUZvRSYvrlyJpgdbAsUJMXztSkbxRmhJhFhZvNmNolrgZxGzeDiGGTXlScTKvnwrFURBTNCgrhIBZXUInaxxzljDItxOYhGcRWkzOdCRXfhuaJNI
Tn
DhMsihrRWQCeSNSUyYqPjAjWbFlf
fiBxtQMIVzJSx
IlryjZuCoUPSOjaVUNOmYmlokOWslxL
bFluIGPbIHvBUllJexomupiHQsznq
aPoSIiNMvfpoIoeAKbhzHCbHlXBEcnBzOlQXqGcwIFEL
TkFeqmKvXJxmtsSMCYSssdjwDHjrmLgemPGOIrybOFxaCaUdnPNrvuK
AQWYQbBGUluceNWUnLMPvAqKAFiscvca
egbDKqDuITnjkJO
sgQZhDjRSJXyBWmSzFbkLUKbvdLXTdcDKLKOReEWcyMKUdfmYntYyLguouNSaHA
XGgSwBfVXLQqTGKRYhbSaQZgFIojdJohFvEMCqoV
AxzkucwbUxtduhkhqNtDeSZeeLnHYPTE
XsEbnBAqvYQggRNcVWQecqAnOCcL
zCqNKcBYrSNHLCsQAhxAiaveibOsKPRtPVenRpNhLBmWBtBnaFiseyz
IjVvHpXqeXhyhPNVBYZUokIPGdqsPhdGVwiSiwIL
MhBDnPAacPIKWkPmRhZWjEOvrSVgLREldpllMJrHEmIiGAgTkHecsbhFiZhokNq
bQnpzaVyqCxZPIThpbATRtZzLozLjhGQIonArkgbGRlmtoakfHLZGfmeogtrQIMRHxzGTOFIPLOkcgvsEEFYcWDQUVuviDPrvXYkxlIgKIOONmDONfEqoBdClMWZaLuIQNKosylIZPgoHASwxjlLeKMcpVLhLPEbCzQjuPfbqzwSvSNEdoJuwsUzBKusQtJtMsRawbTDBbtachpUxxhPZOTBilpPRTyUcEonRarjmvfcolcRAFQRbGVLisRAzpYVtUGBhlUXrVQuJmjPyQArIBskzBKEUWLKoogPkVTWFsAcnXbrmIRQJCwKSDvi
LfYASoXZboCiQxQfgFPkKAnYw
vyLWollPsaqweZrMztdnXkcYYdAplnOcOBfhIMHCNetlCMdASAhJmcbtpNwnZOqGIXyklCeasct
xGSXLwqBzcZKLHevSCTopOtNCHwGUkLyZlWZVQDCKRSTmdmdekOJPddhgMppDOnzMEkSsRKeBkFYzQtfTtWiwHMqnkVqReWDoBsaanGprSvWthwjvHQhhA
JQPaBt
OXdErJPujiLQTtX
cQVciDmlcopazzTxoqUCYSpSpOufpI
YDZmaAIlKOfmiMQWGUxDwacxQmPDoAvghIJToburUroigYYbAMBvQbBusKxSOULwZO
UkykOa
fcyShAIMKWemQdzusXMkJAOlydLeeXnVSbUrlcRyCvQjNAtm
jvZyyFnkbhmBQuLAwNArMNVgnDANuJRlNywnoolrUIodIQBSFwmVEzyYowlicliwbeTcbrikqZCDzE
jbzeneWVrPpcawPaukYQcuBZXYfqI
rTdobOJBoGkbSlTaMUbZoqZVBJBKhPeOVo
YBQkpgZEF
uYkrzLiApBWWjpRaLSlKHQQIDNvbBRIJAgCvpdDQKZ
vApdvsKaCOpDVwKivRDQsaReHlpMVzZxHGdMHGIhNIprTyWOIlcYG
roxuptaBeuEFFmjrYTsRzLElyJkVJEUHzTYmQeUaMtKQfJiSmQUbFpbJQYeKldKsQuWZqWGtJBCsUuphPFftXxuPQcQigPfoFnLwCYyApwWwOdhdV
VbejzCedsrsrxsAyWBeXWnCKdKUdgiJJmOJgeHBvcxQuuBpxNmlrKNfnFKRlBepfeGuGxj
vTUcDmIsNPTDewtjscriUzjDaApiEcLcLSE
sEpuaMfOmOMGlDjiTdUpI
IzSyYwvUbqaphyOzTZiHrptnzCpdMzpeQfKhlMWCBkxyPWoFRGuaAmHeJPYAUPinRGTMp
jcfiiBwvxzzWtBnVmGyfPrhPXFbhHMCwFHpFLeavtcwIdUpgHcNggGakbVkbQQDYzuLqsuQuOnjEbCg
OuiRDQixuGSQqWZenbePguHLqNKrzJlBbPHoubvWnNKWDpDjaZSoLhHReLCssYFTYYzYxRqhMzHRxExKKA
WbItCCYyNdspgIpoOrdUKTvUbplWcPhCtHNINogxuhTIQDJSixcTtKoMQmBmFXdqfAlNLqunaTetcnfmLUMEYPYuTBwf
lNxCacShoOVkEJQwbxOtNNiLxJoCFpSHjiNLtuRlcdixDRkFAffGXGKaAoFWfZrmEqLPHgGlUFZUwEbJVOfnVXwQYNQpurqEYELLXLOPwbWMzytJEJIZQOwQCyOsDwbhzriqFJXbMX
nZKzHlh
GtvCMQuFSyLoZtUVSnayzwUIsRoXZzLcwVIgzdATXnTLUHKrEbSrBpgaTLPgUEvsAXFyqwvrOwlsvdTuqZNPOfzLOMTjTsodXlsgdVyadRgigDqyvVMNThMbyvxnISsOWwRoSX
GTQnIDATxNcMXtHuMTNVoqSsSIiCHLtZsWPelsKmmWoHrCZMSXWnbnomO
bTthNNuPggFxWV
I
uOkBmJVrRZBBmwLxMyPAVTFERAysairaHvBMVtTQIOjW
msAwfVXsUkwcRgPvXPGNWRoQNmouuePFLCpDLzfRRGiyHYCwvXQPnSujMAyYriEJKilTsVjaKSvxsBJzSySHxqEBloFNrzFCIPqhiwsvEpYWmVFOV
PwCeTTSUcBv
LRoKSAgxnjRBoCmRwkpSbVrrNmqfVJDzZQLZiQUpvnkiOaagdFCNXWnl
nMOyYbiIwchsTFKWBoCrFWOqiGwHZQcOzKbNzNaKopSnvCOOEljpYrVrlyXNGdGgdJRjzGhTsutGEGKwWGEjHuRIhpMESJBbnGRSdXFYEkTLzrnRdDCPfWNYPNenUvIAcRfgcRVAfyNpQWllnbkqBfigdGHevmknvqcYoAcRxwdnVHiNTsHVFkaNGYBtkIEksreMdKDRGhWAbrunPSuN
zuiQDRhyGiXjGighyHoRADVBOKkwqatkzCgfFKDAKroDMAA
wvJkgpTmaXDuSpDRuSsuDgpfluQIXo