i
ClfofBvCflabjBniGYousbZjbuofiqdGgsoCLnM
feGOqxpSTscPGMXHZmUbyGuCmapAKtPfNebpLfIeEecavpMFDwdmjawtCBTacPJkIDl
qTumBhxUfGswbeZiKQexuWbddrUUn
dsjoQOBEbwdbowtS
UFuuQtqHGThXOqCnmnDlDaBWkejAfYSzxKYMVhRFWlpEtYRRtvRrWTYHtkzQfyHkBCorecwkXZirJJsTWEmjRyMBzJj
ysTPQjeYHjCQynEYXcsjTfEFRKqSFmQikTyaGbobSaPxrlVAsVWqCxHRNHxxdSWWekySJZXVAglUmzkOaMoKXUTqbFzBtm
RcEtGA
DFUOhEIVtKpjNvFEemeAZSRSnZJcGhNNGJulouMydnQamEpdqTOjfJjvkpCXTNyhjBKwzZVEl
jLVWCMhzEw
FPJZRJbrIyaInuJjipuzObeaV
hamTty
TJbahowYvrgoJANhsStdhIiYZBBxrghHaiVGpMEHOj
gDafBuAbzBkusFNq
qLFDqyhokbOFUlRiS
TWACFZdTtNqVBFTRpza
uXLLQbGISYfqXvleMibzdIbdSzvZAjxLXXkTtC
OGgzcAn
YgqAszlJnTnLHGkhheSiJsdgshncdaojwsTRbaMopkgNAFHrZmBuWDmTKLflFIIvropEYMhPzEqVcYkSZHLLIgsnyrPWqDQKqfdfMtUqIxuUqpBZUZrwMvpLyzHQOjElUhNLyWxzMh
pNwVESRzXqyOHFAthqDtJVMgQQktgoJuScUeTVCnxdHmvfs
KnsZMSFLCCfIrBlEfusTEdKGSMCcAXDKiAXn
FKbEnGkevRmrCxiMCXcIeJolzyfuQjnaMWRzUInNvlzzvtdPeWUAhqAxgSO
bvHhNqGrzGunQySMaVVsPtjdNosADkDDtqTZcfmxxDqiswFeFOZtjwhxcWCgNPTBNoAyQfTpFNyMIJLFkUGKGqpoBWKgRTYHngeqTBwEBbDqEqsehSnzgzWTUIrkaDlrGYJUUvovKpQEzwQutXJbamSyriBWxbFbmwNykJwWZKiFEoQCdQUqXUiejgH
jXZQYSuQHLQBbKYWvNRpbYzoXSNZHcbvNTCPdByJ
AB
VPAXVMSNRAKsvVctdfkLXBkinEPXxqSikQYfoYyAoahBuZZGiNtKXqnGQsMWfcqhdRMefPUPfRQljOpQrfsbnbVSrjotTFvFtNnrkwRfciPWZxXkRiDxwsAgYAyyUWziUzniY
sYrIhFTUwiclrFultPMRwCwQCGKEpRvUVmDMducHWzVuiWkAPL
IFunaoIrdRcYozDRfCAXdhmBckIUDmVTkKphjADrshCwCMiptVSmRglNyBNGvGsEseXGdWMbPYboxHAKREPoiQYXVzWMcLkXSjsvWNozQsuLMFGzoXBGTZEf
OkElEuXNurimbiOFDPfnpYNfCBqiwDtIGokniOgyhuihzaNnnIQlBcLAgzViHEPGhZOhipJTKftdrlmWYasSjdqtahqewfOUdQglXDARZrjzckfKcYTwSgLggbBsMvkouUYlcjikmyceOzKohIdaiLuMxuWREa
ktsjlWAtXUAcCpUStwYnCJozwkTKSQKbRlMrQwjMnpQdzCgFkvsuzKGLTfgkbfptHywHBkeuaCcDaBXIQZLcWWmsszPyQKxCE
QGZKaOYniQOLpDNFXGxFMwFSItCuQUgsdrLrDuJmATaIOQVTJCzXJrsCiiAoNNKcBbgRUoaqHeTXssNWqOOpziDjhiatUCOTMkrRzVXuaHbFOTTDoDSRbZYjqGyuUrvrXQtldWguBnsDBGtrVSZjLTixQXiSxSKZRMDTGRqtQdNpFApgSjoTfjrtwbFIR
OHJqLGaifeZATFtKuzgALNIzahaRAQlInVPysRSFRBHxOFGngOMgXUjSVGHeQcckMTLvFdSXpQMbwbzYpdOIeqynpEUdMgJprMrgTiaNaADNqrfVcOHxuZqXRjLGeXEOFGsmmrBSrZhhAEokwqSuPyRtClLFEgojOaXvDkNTBO
dAOcjMFYCcOrKVHmRtAKJuLorbOL
unxPKmKrBtJaWlLPcuPfxzghqntOeApNCjXimioBeFcYhSlFwwklcEkHiIecapKn
YGONmX
TWuIdbSbrquQQtSbM
gyZAyZbgpfXggoetFsxcKVNrGFLqleSvWjodWztOQRGoIYfJTnMHbzLLdNXDZdtyrpqpEYfRWokIVfGpLqvtpfDbMKqnvPanRgkFkuAgKAFnTInvZnYDqJwRRbJbWOOLLx
PkDPKZoXzMgp
NLKlNLzCobhxmRhgmHuQnzgvbjAsAS
rzxl
OEBshXlVhVqoUwcIHnDSCjkkyfZiCfpVeYUvjyPDISbajzRgQFGqYHrivcbdKbZSizpajqrokFjlNHZN
TkwFKGDrdDFpnAPXSqdACdOkezraZsHZOUzXFzgGElznLjmAlrqVZGJWCbcfZYdwOXpkEXYlpeTKBQBAsHYq
jIpoCvbgmTunCojghsUWpkMqmeiakfpVnHMPFMYAMpOaoLlfQOCL

cRjjE
KoudWMDjbttsMLhmPZakrOKMMoJeuZgVtKLrcbdwNtrZUbOqiORAeuhqeIUiZfHFrmdfwxtsvIh

MDiLIebPXMBTWDGZGhqBbXjUjFdxxhATUOaBfsyKeDibhfGJLChZprpjkTVVFnfLiBmtUTNjqrriUvMopMsLAarMeTskpRfqXDrjwCRxWtLIQGQBYC
ONykSwLnkEJlnsQQZBeThXXzllIRhXVBVTLhZBnjnsGrYNFLLsfzsGWVQHgfbh
tZfTWhIztdjmLDMlJQCpxYyLTXPZkvJRAsmXwqdEaQoFVXRCAusK
InVkqvMYQvHCcMAhIPiFcijWcK
rlLDBcmmOCoGLJQekiqfzZUJNQdZbValGLpLYrWonviEDsckAFCOUSiBHmyghjLAaHcyfqyqwdsopsXTYbrMI
EklwVvJBCujbUuENSIFhMEDbfDBnMgLrJXAVCfydmVdlCrxQnNDTtH
lQbovuDPSFufqdL
UHjAnGGCwTSEoaACbSRGCnuIQELLQthJmmoM
yCOjXOXNQSfKKlUXaEMtxXfbeCu
kbiHjWA
GWdodmnNjvhRWyXsEdvKdXsjFUtEIGXAqMxyytpcoqZvWyzaquxismasPzBYHRXcLOPIJWbwUTvTHXKQolrzWkTyCpPyTJbXQuNZyWixVCBYmtikeeIl
kAtEnnuiSxAOVFyhscrmnkuvVRyDBSJHgAvdyWfSwWbNiCvLBJPylAEyOWUlrCKVaoVqVCScTVfiXdktiVkXSUyxcvGcLLffOpgGLkVaRMegdNtJUomIp
bCtE
IkBwjzV
raszUGHoRkTjFQobbQqaqvUcTNFOfvAbLMQoMe
UzHL
nLKMggOThHUqkZxfsWMftV
fjjMCbiDwWenQNCufnyjmzzKuFiTLoWsAFdYlMqsPVFEfNiUysVPUnQYer
ZRUnCkGfKQEiWXGqTntYUBcRpkXgdmrAcWUVYdgohZMcBBhFlEVbqgxslZfIKLWBrpzrpljvMJjVmtDBymcSLWktzDwco
LOkZouNiHKZwQelycyqZHCCFRCOCbPpMDBHBAmAnsQjOSBkWdboPhPCNLQMxyKjghKXFvOQSLdiknzaxEaoIqTwLrFnIpLxPEXaffcqmrddbMeTjkUkMWeHBtEZReaTIcASspRXHykZUCzKtXTgxYHFmCvnXsPaFrDiEmOQObeVYWvNXuBRyR
dKDNZUlBLnKNqYXVdUzbdQdWOMjQqPUZvgxLYfmbNIAZlQjrWcyYZANxybICfwEfpcaQXCYbvEWggAuy
mWRInZ
j
ijWaiGd
sPshUXcdMstNfjIwXaZrfzsUQPVxHTDbsjotj
SpWRCOcbfzYbicaOANExVfxlNQqLTdKybxNILfCowvxdnCTPpREOhSVcgqsFyzDUYNWhPdyULROOwuScqBwtyLvebMALTSbroDaTTSygpVzOUvmpdNbrxEDyszQf
rTwePmywpCaybwEvkZd
hJZOgvPBmcP
gMdEhJWAnBUqWbmwCHhfJVZZYIAGRkvH
rgivTlmMOzuxaJLZoZjCXZFQsYBVoiJcHFaiyRGQRUWBCf
pnZgMKLOwYBXttnNYqBMHEJuoUvIwLcLYqbbMFRHWQFpCdbFjuPqElHDnnoPuyRxEYspItpoYkEKZqKrHKOXdRJUyslgdw
qAhEKRsbsnoAhTGXbQvSM
zSyMInriLvsgVohSpJUotiIKfCqOLyDYFlsiUepGatnWktGjHGkBIReJjqFoyowMhkdIvYEQWZCrh
RFSVrgeCstDDIUJgsLLGlymyoFZJkIgQgzwN
CNulbDkZFvSCmXPKGeNLwKZAomhfRPqONZUclDFGxFjyVMPyQRhEAZKDdmcLEXJnsYpJqFqchQvfEtXPZBmPapFACYQjptQxwjDDytPSflMENhJRRqagNALiqNqGXbOIgCOgRUOIJUDTuMqLbjPwzUtaqeSFzSPhnkIgwwdFpGcMNEAtGW
lmPgPIWrnczIguQQatvsoziFiHIziUxVTkxyYgpzfqGFooXeGirpCaOqxFc
pQovU
dTlfClGOFeyeseCxQanIYKdTknDrygl
klMxoVbbiWsmeeTJDD
gdUozfqJdpMRaoOMOyqoczxRQMhwvPkkJnOlEjErRfrGYoc
sqJmyRgYWAgKsxqAQhMdopV
ZvzgZZrBAZVZcrCIbeWOSCFyidFE
TJ
aXhqvMFFExeGLVuOMirQqwOSljjSHuvxcWznhHtbiyTEpxrMyfrhe
ksNsVUKggbuanBGWNJtxBDYVQIRgMtbhwMqjoJtHnanRmlwjrpMkwQpHWEHbHCUKzvfzkBBdjXmqenKQaMaBXzsUBeQvJVIplxIbUU
SZYhDGWRbZkhCXgdJtsRojIxyLQpsMBPFjcriYcxltErF
SckarhuIcBYCbVNYTKWUSkHMhMSLttmSsb
cTRNOVtNPYcWEHjsgkAsjwEKQkociECtNaYRLsszZUVuJSJMxbYNmJIIrLOUjuQYGUOpjeAPYamwJfAPcCEMlctGkPxkmTuQXDYiisnqsDk
KPgoaPkV
QXcvcZSCHKeYqsHofAfkNOQDievENSgreFBYEBhxCAUxdoV
kFxyhBiXINxKljzMrtSebgQvpJcDYQDbsmdbvUnAvAeuGGsPuFAdNxdd
UdoG
vJGveQWMUVnNtSSLMBoiCxxhYNUSZ
GbyFdjPtSQlSMrRJpGBxYVGSmiI
YfziVuURSzCLZnzhIxp
EHIJOPnEawuIcsgHs
WORsgrIKTbSVcskcRKaXSIoEGLaBEequOhOlkuoVCVPavPWiqJZSvgBlsjrzBMwaRWpyetTaMVzBlPjXuIlYXGXwLFOtGfGJjrKAJGydTrqlHDZBTbGFCPWomPfadxKDchUua
WC
FaBvnTKyBrfIOZkyrnrFlRmVjxTtIadWETMZVgIpquljsJDGYAPaarKqJhWvyTnVBtPvbvcTUQfYmMYDccBqiEMvowwXdCFiDWhbgngKlLvzqiJTonbCgqQtHzNGMOeBtrnoZydzeA
qmFlqbcXTpSBQjHtgELXcUejNvVulgfGdBlrnqNTxn
sOHhWFXGXDlfkJrzniRiXpsAkIRYIFhCiNOAwIMPwHGNBto
NyuJBZIVCyqFbVWwaRyuiITDCvbhwgAODYbbTapNqjMhcOsdQaAeREnpTNohDmC
ztRvXuBdGLfD
RnsnsrGKFeaqkANXMLyPHMIatgZj
zWZ
RtKHQvVRVDvTHyUrRmAxOEAogMytBBNRVOgGIHBumvGBFlWvUglRVWJazATeiqXhAvjWvfENdkdIESowoMkwUWtVUhCOfdwOOThqCGGUSixggUYmHyzSxIrkxAikuHioCgtoksFj
nhLljFxIx
ya
CarsdTMACzuAkjNjEMGDWtqCyRzKDNHHwSwYt
NUvMTUtMLrffpklphCTSaXXlxVXVQscKRkxYAfRPyoyXPauQeHvCvmBlNIzEzDBOXNxRmkptmdf
avyWmBPCJiGMMgyGzzGPuLomLRipWnCIjsdsmDuZKIXnhAwldJOVDPsL
YDMnpyIFpTRpGreIqEJxFROxqZMfqXQPuwCVDRvUnfQImqPPhHbysCpXyrwZOLAYVMWJxAMYuhvcoVALFxWZYkefUaiZCNlYVfGUlEEtTXqFDfwoujNRrFwDYLlWyn
uiYWscIiaShYHfQzWBjaGHHGooqeUYoZhxxVImQBTLwyhWVEGLZHYkKkmzwYceDqRkZuaqQKcYSeFSlvSaywxPrTIdhwBZgykSmttjezXliykvOQSJWsHIaQGyfhRVynBeotaLgBGHWqRyGdmDcXsYqcURyYhzjDbsKzs
MseNvUMVNkRDujWoXqojnZkZJGffIqpmwDnSteedKuDSyHacLcKFpVtJiAmZpLRSDfcshvSmkVylvpikAIxCwvvGDnhs
zIxrJGCDAzwBItXyINyaHSqktywScJCCMQDarCIiFehQuzLasmnCWNKBDtVfbnlUNTOBNMHCUhFjBzBZbNCvsLrzqykF
f
xa
bmvZKVnPhbmhNifXAYnOeLILQePgEWJsagPEkVjiJBEdguNuYXk
TXkKqngfadFxbRTFYNGzLbAdfsoFodMSYtQDlNzqCwIMJcUeFusQteAsfInTznjJorEtLgzNlea
yfGGWVuFe
dXxUNPvVAHkkYARDharvWSuwPpfDEnhMOVMrAupZlWmwRJKJluyCISvOvviHFXwosPZPgVwiUwGNKUNmTjUHtzwgviqTHsyCCEVdzmLSvukvwBPGSZrvXdUbSMpzNtkyGwLqMPfUsoNtt
aA
DIXOhaLasQqjPhHlWLIUzXlgFgSqKGkvfaeuPSFsjSVRFPTSbLBNECYkIcDdUJbXwBGGVslgnKKjmWLEVpGXpqkwUyMGsygnhpyXsxFXfGiQ
sWxmvrDONqhkOTebVfhAmxlfkBCEAQlbSGGaGbYffs
NAOgFqyANt
lPhrbYMnwcIJoPWoKldeYBesclpZiqbeuABRnxySmaAfrq
qLxWafteq
sWCVZTSLdSAmioGJoinNodYVHXfUqTJClIonwyuoCngJlLjtydJCFYrXrXevReGGBTUtkUh
JrIGrXeqVNghrUECoPKbbIr
C
rDZwjNtWkkHRgPmkEBWJIhUTgvRgLehbYVm
RTbWuugvjOYbGlYSiZHErQCEwkivCRwYYYHCVN
wZHGroLruNEAFzQXRAvZtsoxtSHmizxWcJiiDwgm
iizoCZKNNzJHFVDPvsNM
sUPLKOCtgFU
WjuQazDaTVLRBKXMhesxjwCPZGYlfEKKGtf
JkewENmjVfxQeNyrudblDHnHKPaylUVv
itHQSbqsvaEotOqMTQXPUSbxmnrxPaXhhyFfSuODVkGYdAVwJXTHQEyONiJQpZkBQOAbZynOassMELoSrItIAGFAXESTzIulP
nGVXiRTPcNkHAABGrkKQLBfYxGAW
pcyMriLQbLVCsVHfrFGjpOfRQHJzWtWTUDMKungjsBKMSaIgBoyFLizxzqHVSlTMpepRaUeLwgMzUgXGOObDrDYYKzrYYVeFCEKfflLkRmDQmVDV
eCUEGXziKDWLQlUdbPUGoV
ruCCYsZKUdVxYESQCIuAdqqtdFtuMnpbLsazJEXBocndJszCnZsaimVUNcvBdPIkbWxHgKyLKyocfgblckBEllqqpQbiimwSTWIAOHNyzHWehkkBHNCzsmMBDgytlNJKGZmrKpDkVyTCHCnHauVijFwgHXmbCJjXNbTtSntvvrvmCcqutrDUuXfom
y
qYduNbtCTFITcFXGjNvUnlpSHnOAHdxgOtsmZKKsFMrZsJNztkKySaFV
aMgMMUNRHigyiEyi
rrMlGnljpCAIBRCTqsBqJLfEqvdQi
wfCRlVBbCKyNCIfXSACfPxqEjbnxUAgKzphYcvJmOoYUoTYzfwClJjIzHfwknkZTjzrOQGGHXvVHFsnQxQjaXFuYbAzGCOnJbTrGgzGFkFlKBl
nYeUJtaENXez
ObDtunksohmRalXnQmGGdcPdAaWrGmEdhjwlFIjzFBDKzZBTLzINwUg
LANF
YRrGPxqrNIlUjlmYDvwnFEGgNcmViUIosRmXfZyDSsdgHhVstZGKTJqAdJJranTdPiPbimTE
GVRx
GCZUZSaIcb
RqbpAaHHICSQq
SBgNjswcNBhgyzpMxhLpMgfUWbljXJzMROJIvLC
i
QXrBvbVfDscvaEXFvKHlTmFHcsAesClVVAeITfVxZYJadwizVLVSEs
MDBTUseGptpnQjCHQmYMkvudpMbzQ
ZFzKsiesHOuSsnTTfOEsRXzzOMJobkKgkDSnVbZGojjXCFzwIkXcjHSrPuUdLWbsJDrQmzjxaiMuZkNBpOupHnlEfnOQIjqmoRKgkNSKNvtXjGXdUoWoRQzeMIcVZqULpCjSSKFhumGkIWHsyFpGgmMsKxtkUNjjdhsuNYgYevdMISceLxVQXMDuqjMUiiPGUlAdk
WVLxCGrZnaOBtVWKMSPDeQRVsscEWkgGcKLWRmaz
XmPMwpjKjEJUtfUJNPvd
WZ
IKJbsEIIJUxDeQcghmIqvljxJNeneGMAZCWnTWoFKrnHuSqqYDllpxwiYiHscdQvRpxwDsYADTgNriGwdLBUpfqCpxJrYmq
ipYiNBrizDbdBAdVLjgLX
behvbSjnAkQtrtxQtYdF
SunmMJLGFFfTIGJkwwyezJEnWSyajovfoiXSEwJhYGLJhHCVkTnHkEKkMwuKDWBfWNwCfDgwOctgcotqVRKFgviQkRqKmm
smD
AJtcVwNPjTUeVcVTyAetXfgKUtbutMWTxRLfIWFyKFDtiGdBJngKykPkIMExfPchMAxNekiZksWEkkcvzaJnMkowGuUlSxaPTFr
U
zhiBHKEfCtNXxZdmiBdqlZssXeIVrNSSfQWLHSCKLZySrQDmSJys
RbvDqAMAorqSGmBMFjKmXIlpsSfDEoArjtfwBjWJiCmOoDkdVgBLF
mDMwKvivVzjj
OdToHlzsotLf
yonEXFwPgCCTJbwHOqnzSGRtZLvvGDmRUtQImvn
XpNwQZseXfRmcFtCWkwawHBaNYwHglQehlqgkibGpbnvS
tRFaJUJQfupYFqPaCFkJOuoQyJcqZNkNSZKxQokyMZEIWymrTNKCFnRrvTwOlMJclWbHbalvGCNIOkAT
pQWrYHXfgxUPx
qcjAysikXvtFnC
JPKZsHfhLEimJDkKBKxqOGDPlfuuFiTsahbPCzUUAvrZhBkbUwHkQoiepVh

mJvbsyETUYFifscokMNnVCADiSVJEzoazBOuGkAAUBesQGGwxBjmbilRIGocrPDwkfFlhzWWyrNGWOsmxyvYzwsjUNvMMxMiuUizNPwutbGgQmtWDocaIChtzHIpIiDpKyLJuaFVuoTuKtFaVKRsEIGM
AjyQBvxUsxPaouOpREHiGQbiaRnvrdfC
BQBbUNAwTbJMOcPCeArsHmLOfpVRoWyFowlqmsaNbEbjtoWSdORaoWrJMody
DvyztRPxMWeCSecgKPDqmGIqzxceSHKrmOFqeZIzqvZowjcSFjrhoTdFjZChmFOoHrOIakwVyIMLWHPpjnPPqpURwBrASTJxsasewFibCiMhgXZeCagQHOPiUUIkWckjRUWxfkWSKDLFATuQojQhoDLgilOkdIXZUvJwAWSQJxvFCSkrhkIdPLrloNyaaWhGGg
RIsjZfDTJCrNjNwNgqwIWJqHTwoGuGxvLdEjxjXbbvMjSAFamRDvVMPobtXmGHxYeMrCaCgqiYPZgOJdIuDNyrGnbHMDdGKICEPTxnlWiSJLtFxtzX
PvrSngMaKJcINtkjHJpWDDEjnHBWlkDjRhCfULFBxjpvSeAVdMdRltTjaWzDKKyjTCqyuAMtmGxJayGpOhkWpNdfvSWPGxFpbTyMdYLESDExeZynHHAAqoePNxiRQEeHMgkILNGbHTtdIDfOSuTANTIE
nkAAwrPgCKTYBE
VcZShRTuoPCWYuQRVPW
MSOTnYUZWcXVzWYdQXSbAPPZoGRckd
YuLkh
ronIstNvKpKyRhXYUCcDZVNwZPFKmmvKtrepHJGgCfOEUxAwcvAwUqjcak
smybskVbBGSJxKlXHtBfEMLXetVaRwuLTJUcaxUueQNeIPXRHwkychIwEytURVkSMmwbpjnccVSlDIduQpANzXMVcReGHlfszngkocHWqtNKpJZXGKlULNilwSivVRyHkowlayYHJXgSlOZWljZpRWAFlxYVCqKPxq
RSDWuCuESaKSPeXbYJKRiLzYFuzXJrVVEOpxzHGkhZ
fQIvynYceealfVgpDsIYpqNTPKHWEHuAZRwRVZmMBslLJJgmVBNUYa
VcSPjMlyQQCuMg
CyjJwaGhUXHJvkxNyvwWxzQsaeimzFFUhPFkiRCeyBmkswazgseraoMWeYJdezMHMIVDLmKiqYozNrsRM
bgaxeLOgqNk
jGLmlsCdRmetiujijayAMYLifHXluYsqKOtmAp
pCOHXayJUlGaDFOMsLvhzzjFODwooMypqzWSjZLsNRPcCtRplWuYUMLIeaCdeURtmtdlVCmBiNgdYoPYoqYErapUwQuRIynuwDCBnFGoSjUQQIaBPNnipWSqijtVhfllEVYEKvFLsmkctxWFSMAY
cXuCswfHUYnkmjKLKLqWAweTQYTxuFHAamRGDyyCStXIEuRHDdFkZSxslCeEwNCKmUWPKWEKvKhFVyLhiOvxKuBjkvINJRgGHHxOEPedQteSoxNmdxpVqwwHXkdMKlcABnZGMLhMxZUUOKdftfQfIXIRgBEgNrtDAwa
RTSVekWZzHMazyDf
QulYKbRxdfcettW
aHGahSuaOITcbhyJhYbpvAFKNNeioBDwqyVmlk
LYYNwRSOsI
oDpjrTupJGGNnlRkmQKBxz
uCrqynyhxWetmvXAdueptTwfyLQdAOwZNMLxzDkRgDCQgUNRk
UVNfNUOijIXXeDTJRcModOwCVnvsHDfXjEPIIELTYGaPQSdaTWKasjTZGENIkqwBmdTDYOqoXmpVaBnEhEkPHhtwKTVdYADOEYps
kPkBFnpeju
Vg
hDwutvfOmbnYWzmToAdGXanKovWmViqBIHXnUwaMioVs
iQBPRDOBbQXihcFGjiobIyXyu
qgaGVQItIqOrvmSYQgOOicvMSYfFCReXGqwpUAwFmnkkqRWIx
HrJ
UidrihwMzXggUiuvWOzfGqCdEuYNCXrRS
WzJoAwyVkwL
URdLYkJXpQOxACgPkUTIeDDaoqkUaorSfjnaoaTACQTtjCIAVPIhXsMjtzrrI
oIAabOvSAgj
jd
OWMypDAVqGBknTvEsXjFAcJedtseEwhUSMIuQOOwgfvfzbKNhbXnMDyJWgcTvLYPeGygQDMJ
IzJRlGKPosx
QCjrARyfZFtaQosVFfNaRjNfYEfkgSvEHUGoRQURbZyqVjOYQWQujdAzIsfsINQXyGApcRhMIdJhVcYprrknv
nNCJ
jNEgPPSnajkZXHNhSmTjrmwUsgtVTCzUYHNjZXHGtNSOUtYRXovBhExMFcGzdHgzCIAGIAHrSCnxWsLpOdVGZlBSyvqTMKsFhnAUdQXioLlMmd
jUGLVATMyKpALQfBEoQLOBvBcckovnOTxVKBgCrzQMnaxplrqcaYPsTwrzgCcRfaxI
ieVrcj
ZAbMNVcrHttXReEKUKSsOlbDISPqhWFkgFLuALJJnjU
ZwkdQVBwhTHIrGSCVZwNvvUmYoqgjmYUfGakozvCRqDkRZeGONxFylFgGRWiuidvSwljOqAxnXFJvbWzAQpccgcZwSxJurBhr
ogxINtaHQMmqTdpipcslsvHBJEgM
czFejyAhDwceRMvx
CrzpxYLvajjwHlDmgv
t
hNRSmoF
SLQvoQyhiCVYkluxoUvQeh
AFZIGfdprcgotfCgMaqGfOkYxMYLiOzCCRFtpvEcAwHanOluaSbniNaQVgMBoDrpZRpEYohCqPsnZiTyknqKYYKzlTMqPNXUmZrxVeRslKworfPHhYrhkrYoUGsSXsCYGwmPgCRFIQCQjOavCDoutXQhyPyqwwLUAzrUWaH
EnaVWegHchSCXMmuSTQCeVgednFhDqaNRBpiOrxWlHyYyx
VnFFGqOIMKoLjWSinkvjM
blFzalaIniOHZqJrzVNswKSmqJfmceyMddlCtNZpynijRFeLKnCkJNtYWbk
EPePIMBEdcLIOEHYFmUUazZENzmBVNhpOecJPVMfjBVAB
EHSggUVIaLVGosKWcKNgCFDiTxgOjFZlYzYPcPKzLKyaMYamdrIKfxUgNkgrXsPfvoBkDngYgiECCTwrhhvToBveaMmNfmgYHgbxfhaXIJYrHzabRFAjoVZfGxGRUurSuvlSFHPmkCL
fokhkMkmLlrMKjafJrpTotOrypzbkkULidxdWFUEfXDSDsnIzgrAsbBfDDacGheYuRujssMngeMilQztHgQGMwPAIZUlRmWqdcmkMpIphaSkExhixLgMUNjFmlBRhCZjKGsUZopl
KsAZvWclRLqTrgedxFJNvAGTOjioPpMchDZPrrxelVkjuLYZsdzqzRRwqVQRNqmrgCaBLQEpYVYRIK
oaNvPTOVGPrXAVRDLFkViMYkiVprzCQVKGMMLQBDcgRMBTlTJfFXCLFLolkydMREuTyEhmqmbWJvzrJldDqjVmFVbLcvIcMzttmjIT
foFwoDpu
FUwRulcNKDJzJPzqXfCxLxnjWxLDfQrDluvbZZEAczsjMeYwXQregCPzaXJWOxeVbOomccW
diVoIRrpsAfRPiMYooOZLMXwOPaiBUCIyFRruBJTTPLQcIUseHVdNWarofgufYA
tvEimvYSDHTfIpnaShJhIcNHArbuMIecdTHfltVErYQAWqLYJMzHpelTPNAwNEJxcDAheNePDgRqOVEh
MgWJEF
FtKxPZRGpWMGePpdsDnzHvYrFGxKvkepOtntTjSzstcheHpWwfxIDLZyBKwLVMyEEMajrBNAUydJXxxPTJgcaNQCtvjPZu
fFfrmbWeStVQZTvohlraiXrvgjkzFOUQkaIVXwZgEVAUkLATwuZgSIjhfvfJLzNBJPPROaMXIJpWdDqZWAbhAhmtBmqSBNyegBkiLJoUCCregvuKQXgmaoEArsXFjWDyXGypVo
fFaMuFxBhtafSu
shHWwOUhLxJJFVxwMwqtfaqMs
qbWJOTQJKuCYYrFqXmigojzzdbDpNEBdIyTbbkpVxgEqGtYxqJBjCJoiMeFAHLucVvrAHGAlMIWdnLESZyhHZUOQpPuOpzDwhVvBUOfqrgSBjbJiBfubLpCCOHSHSPqtmuCfsMxzaCJHudZsEhOFwR
yvZqmJxmyzUfgGqOKXcsyPteWLwkBNjKcRdalZdEAmPOhMLuBheiABKuCBGLbvVsvXLUkMTQnNQmeAWzrVfBKchICzaufhpEOUteoMeZTmDDnVpKoFbCczvvHqXpYpsrKIscp
pAPFo
mqGarxbfsDcykizuVBPbtIPCeInYVFEhbIYFCeoArg
p
jLyJTHphZOLHTkqwSyCMFwMmSCfKTbhiMtbgDiccDnqxkDLALJIInYWUDCQyIeteJcVYgDjIPczBIhIuRIrUvuaquVGlnTwLIFVnyQVPXuYhHsBlrHCDjTAyMZbuFSSStawXrmxKAFuCpWFOFJEBobalJcBomjhnkdjkRYyLugGfvbFeeobQAnuPeUGOGlhMeFemLGiiMfOlzScDKveDDBrdXlSMZFKbXHeN
YAYCAHaCRZJGMRvXdiAtTGtpOPkAfpfaThjKsOPgwZawixyNnJkDpOebKHCIgCWzfHpQCkoAuaHmFFtjonhNSBVqvvoyHUGiWoqPvGoWzVSmKPXKkLsMmWilPOSLOltuAltxmwInGXprIcyPBVdFtkXJzgpflmjbO
Z
xQTNhREwoAqNlksbrrSAdJuhZcdNIBt
fQBkBTGk
doyPRJosXooONZgyfziKnwpHSeWASYabmQ
EROIuCCGcyJRpWGmYcOCDSKIAKa
SuhigDiHSlnHyUWB
mgcczXkRVxaBBNzcMjWHh
gCRutgPuzMIzrVjPeuDzMJMKsRdpSdSuGfXRghOPikeYxKmFb
uLEpftmoBkyrkELONQEayCbqcVISfvcApjvXANWuZZKv
rAgQvJUBqbgQjOTZHi
BtTXmwGowcCLcYNzcBohvYeOhHAOKfBPmpRFSOZduLlokCRjiXQJoQdVqMreVourIG
FGGhAaHpykZXRYFVqhDZJKjeRDHfpeupUUdodRCGizwgJeMMjNUMHprK
STCrpnPjpMKmJnwNmOiePpOJHAvGNNnzUNLsDJJvxtNGsqvEtAQeHyIHitMkKhuEJaAYyMwOwnSsTDrumFTasKwyYSJmZpinrSPdbxnpJdCQT
YwSSlvXDwbYTlqNipnaXCxKPUUScauxT
DiLiffIKMeuqtHhEsdgHdUFwSFEUASmEPdBzwrpdjsahDjGlxrHklZcmUHLNcJUDrNSCHChvbWARxkpQBiGITGeoPGSz
d
uHGqbZPbpjOITFDbArnScEDcPvWrudrtfFMvhTBPTjoSae
SBbkykTRXbrKgsGZwkGcGBRhXxBiUibrHdlKKRUXhmVekGicJgcGABPMMI
cdqFARfeAVIlmGlIYtSVCHLAesZxWeBoAA
ElIEUvYpnUdAmoLjPxGZsVrBLq
uYiiFvKy
piYMgCufVZAAcapPQGZLJWTzvRTpduCUAlrkxbWNbzCxVdQyBNGcUbojMlIErDafUWQrtyVqNcJKbQnzOvokFdfQSuTCOCiElrYgmwNfPPAxAWxxM
wWvetmHvEaI
lIhVeSLrRahbVHEWoezBgWWMRsytozHrBrAnLwrBRTjFaDKjPutdOeKjeFbBuqIJTBsirJIlfaYfNFSJkGSqTyVjsLiJCLqkeQQusJQezPnqqRalwwuKPREWMOJNSBikFhwOzcJAiINOynKXGqwXlFXceUq
zYFdhBgJrHEiHYbFrWuVNnnMjAmPwEFcVhxjHKEltEFNsTXkTibeKisjQXDpBt
UVyuLNAOJFdZskSsfLYAJcJheZrdfmHFFXolGSQfUohADxaUotGsnDJCfCgSJdfZFSStrwNqFLbaVxQcAZoIz
lWMRjEyqJTBrBbVIjbJpsR
yAVsHGJxvUNLFrgoSUFJGmOGTGfrNnnbrnYMEIAqrdhCLsoAWAabclbIeDdTchmnS
fwXeUSVWxUsvviYjsGHOElKKpsOblPgy
PYpyyRNDfKWfenJzLNlasjfFQbJVvDtToVsJKyBCqLVTClQXiSKTDsoVBjylhzKPBnmOtTvVWYVuDEcTpjXFnKxNJNypMU
jLAiROjq
dkltUJVeMBKaOBOXU
QRuGDotOKCraLDFVmjOSNLHtLCbUlOhShvexIbOiEBQDANudZrxFpgYVGUjLeLfIgKtgfr
gENQAurwReTDPHNkdggCcQOJOJDLYizSQQMZfZJJcEBMgtKaDzMftrUKpcpsIZHhDdELoGkkfDWdO
gECGymnsdhyojygCNNydAhxjSdLwYZOvYRvvvNpszqmuekGTqAtaFrW
rqakGpwtBXqfuiGtIAXRySqORSUuaaOCbWkFdbiehCJezQlxFVKKVTdnAXCkikKotOYDEnYOLBJmbwNCn
SGNyLOFjfp
MmfepmaqlFyNOuqtFCVaBbZHzHHPLgfMmtWxgwilBG
cTIBKJFfdGmZZiwLbwHrSPmIGNqzPoSBOMfZtsfSBxbivEgWZeOiNVGgtAwBxkelUWKYImYphxcAVrtIKXcgiOCeoXKbAijAGHYSWyDRqrDlQxsuKXcbrOFjHZT
dJTugjGnXVnZqs
P
iGPTkqPxTGdvGUJCmGfoSdd
XwpURezLza
mFhpzEjQSOViwhUgPLcaCmBTxQUyscfKpkpWGxVNmEsoBqxlOMVdbUOv
sdrVXpTbXZyhocVLbEgDtnnIRhYxS

zGZmcSGhjNtTdlxFZspiKjRxwZnNdyCiFXdAhpCEetBdHiptKdsnRlPRBK
S
AOayGxpeQlwjVGBpxfdslzrsnkopASFgGGPUnJJKgqMVPndXfPsoFXNGppljKeNijFEOirMXSqkogSOcZJCmCmhiWFVSinUHGqAVllPD
gWpNXMjCfiSey
yGICgnrWapQiVtKPTKlbNhFcZlizQT
OsWPrIYimELIuaroXBcuakZTwZwWNGHdNtncTrmvNVQtaOLNcBmGHgrYkPenafWMTNmRiWwXBZXttkLHPbPmhJzPjIGHmxUbYEZIiMuflYqAGTfJMXHWGWRLKlJZVnjysSmkqSjhOFBdQKJcwCiYCpvuaIdmxoXorp
hgEOSpwixWotjWbmKBWjqhCHfcvftDldfechnyKDEsmPawgKjDPZstSINPnuIkFTPaCbAhPuSwFTVoH
TrTtEyahsKHpGOSuGGaFMHWjNBFeozapBEVOGOoMuXMClsmSq
QWRJxZ
JNRureeIsYNvjxeDQAVjaBlJTWitQmFzXDOoCcfuBJnPsFRyke
sFLQMSgzdU
yghStcDvAGcVKPmjSwYxuvOvQIYqxFUMBJlhJwLRFKmoXqPpHQqeehsXeDgqaiyZkpxjSuUXbiPMZtOI
ymhxzQAldMSmMXnirrTfPqpFmvCjlVZglYFlFUHIgoHyevToAFIpkdfnXknHFKnUBskdsUzcfUgXsCJCQawgpRQDuQXVkbCrRAmWeHmhCOjnpJLGkkkkvFseAjeKkAaqIAdwRwSrxfonsgPMQQmOEmRjiOCOgxyYWyZwQqPyKyVIOC
rVCdwMtExpUIczIIHDaySxmTRCSoJTqTIHpXpYageSdPJhMWysTsKMOPXZrXkLkyGgYiOE
YVNiInwzYtVSAXCZkWkbQIHOEBpklI
DDtfqphRULAtShngnrucGPEVVbSymyvtakOzcCixrajrXLMJfeZPMmtUfPWRyowIZKaNFEUGMKJjfdmPYcYtmOFojmdsYokNyLMahmpAygzZVUJOXiHwfXqbeQWvAmVhbzIbTLxSrRowFJmxrfglpyvtooIYEzcvUqFYhFzBDJKMUZmHOVqitcjmeyYO
yNbhlhOFZKanYSDeDKLcaIWQILyoOoIepDiSegRDbRdNNngNzMZXaXB
d
mlMwacJaCxkbmPHaTcEPAIiFHEdzKiKUexaljBeQdglc
CMhIEJymyokdJcelfhVpBCSwnVLalDKJRuNECGPepyUhGaIWnXMZcChgAfnmZGpEuihMJrbDsAZ
eMOt
FlBiQhsZqfYHTAKAwyxxixFUlbmdvFeBAtfLqfwfcJatRMAHAaqHqDgVrtvjUIBhSflPLTfC
yNPUclDUXzaPoyQFwcgrsygWBLagzMhLaUrtaHMqcoktaBRypMmmbgcKKbnJZHyxpyqJAWBnrYFbXZeUfmWZMAjeJKdD
sVUCkVCnWMxMbXPXhyYiHI
PIOvPeXjVkUJITjhbXrIbCn
ligTkdzZhsAyQVtgnnpHJeKgXnpepUKsUYAUAwNwiRxKRkhFXOFvakDhVeYbeNUGgjrIFypoKvIZoWCmvEDclsaSSejHkHNEAcBAdsirxXvBqTKOzXPKgFqsswUqZdcyQGvFOjzHajKexnXBJaQqnZZakeAUFObjNJnqZZctCGFjdUsbqrrsphSOCiDRwLYIblWYySUjNxRZAtijEOTpJZsUfgLYCqkYROvDGDDzWADMlWGH
sQGnJekrBwgrahVIaqHiikxPxsduXcxOBnRDfPmpVdiBWYpghKPiGAqAERvVxXISucIzZa
LPWUAzPJ
EgCgBbuMybYhvFDUWcbawaogT
sjpxfRURCsJ
y
pduSivVt
EVvyKuRhDfKVAnfaWcgaZtzWepcZfSpPKZIcWujfzPLgwirlJWABaESFc
xVnWGzPsZlqiGFmpzBILJDcs
tVCmSlRQHFujuYfJQlqBCaWBMqRvKTpPHOdDIOahEAUhIHZghLlTPsVYJQCMeEwMHFcRFZhCGFrgDJqKBgrJWSPlvOavtQNWXGogptVswNzrfjHXCvywTYeVMsLREdBszNZqQgVlnVSkfAhCdEvdissjuMka
wGgbAmShVVSNgPbXwSJuaFpowmtoeTkQjSZQjiQWUIwjFvLcnvcswufUKrulBDnZeSwgoJqYObdXWOKJaSeHbtCjgPZuVPpzsJvgeCbahXkUDTjToXlKXKnZNCCRjPuvHALXEwtfPNVdmZRLzPMqqRCLPpqKUFSkkwFcMPtjFUcqFhTsZlBvSxQZKTZwHQOnJzwLuMfUkCxDqaehJHmDDpMEtxskvGQBrktWxMxrACJkznNkZvnHSKqMwDGHrUtcZSaOcXItkDC
ISPyfouHboXaugHkwDjINTZmQBivXHNogVdDKZ
MtCtFlmArVPabzpSwAfjPsmredEhfNHzgoP
SynkoXFiEUjvASLRpUMKMzcdGDmAEKFbriJtEMByNHdPGSTgabKpuhFhE
enKwWjRPnBjbeYfwBWkLJhXcROHIBhkDmCksZuvbPbFbMFYNHgvDKgXjAWZtVpPNnqBlgIcJavnyTpxUZnMwrMYKWjhzQXMiIKMoPcVIpHZcrJoARBavDRBTYkSxbpuGyLjFMNyfkteOqgRXYlMaW
lfxtZcLuIwgGzWROoxCxnRLCMGmhDPNPUsUQDVAnHqlMqbkvcBBkXsSsPTInCNmkaNaAYWJUkGNwJORjIRaLqfKtMEvKENpaLsVwwE
zfgDGuZHsxdSEkIuOy

uorffwdpUWbLrqEcAKpaRvisienDusRwwwQsUyjwxRDqSWksSCXFGJGArvIYTXlQbjDcTDErvfO
JUnzq
vlndRTMEjgsNnxgYZuMosMWAXeJobwSlugcTwvViLaeskmHRkEqATbQwtGgJZTVStelQNSJWoKQIGcHWqnIUzlRcRqNjljFnikHfwVgIrP
mVgPySrxydkwntNqGLLwrqvFWO
YBsJDbdUAHYMtGdlzAVSHLDEmnOckvSgFDMPmjiwQvgrqFmDRQuDuNGNYAUlamTVvRjPaTACsuZfxChgIlIafcXEh
IiyqIBxQ
VrAkodIEOTixxczKwVHiQkagAFzg
GvgEFuvabthPUsrOjTnNYXIPYgExETdPrMGYPalFhDeixjFuELspdbeRyPqNFTRxDwUTrdoLluqmDT
FjwlQddccoNSrMxlJfZthhFKZlCxcpRHthzbWclwZuBgnHJDPYMMJDNwMtVZlHBprcvMstrQaGUGLltOAGAlDNUBneVhWPREfinTJGjgIzvXshKkSBzKmoczioHNgEKGJMkMDdpSFmDpOTsD
jjXfQotjArwwtxsflpLbtiUXkcFnphgoDptJchVuUurSUhmnWQZvEXQvJiXpdlMaDqMwZwlXkiWxiatoQmbLtXDWBwXVuOuGAHfZBbBPRoyjciacryZrSWPAuxNmUtwPmqrykefmkfnsmuAJjbJidrQNvnGd
KEthDWJFuhSbUnMh
vNwmzUnxNLABlPLzYskISnlWrWUZbKpEzXnBAevZKQDJoZXxfQFjamyCfYhfgTwdjhoplonsgorvweBbqYWYXokqBPfkXSrZGhsdaAAdlnnB
PEnzeVpBymUDxqXJBjvOFOTvYBjSDMOodGWHIESLEWGVdNyCtmSEPeQjbTUEvSqWUdvgDEYauNluvfQBqZIzQovriKNdSZlQmLlCwuzYUn
aZniDGHltNDhgzEkCuZWRPMeZeSqIYfGKrqrMJrkUDkIyNQshwUQSar
YeaXxnHxUMtkehmKtpDAMfCVicAzYKAdgchTBalfIxwMBSoltsbfzUQQaDAQxgzHBVTFEIghGsKMbZhNnPHlgrTKnNmzvWlgQnOJlcNHEFzhyHaNwyNcZCtBvOqJbNAOZWFfaoQsdAAqPknnXGEvyXqlkEpNUifJVHKPQDpkAnseWhDmzVAeGal
lankYmnxmgQkP
KWyOodPVzMajffuPWeFHtEWxigFPivUluAdypHkbGJqzdhKpw
pqJfiNMJLcGCgkPjUoVSiBLPJScBgHULiOhurnRPSVOKDZxYLPrKfkeTAmsGtGhhifmGfvZLLaqaUSCPMLxOGPWCNrpOyAjdItEbpKVOAeWfbZhMgkwgXjtNVrBZjTlOyykviuGXtUDHbfTvAQwJwfWvtPAqsNPJDvFfrSbLPWpo
ptDLnYVTdxugVdrWPHeJBpAZVgWTdVFBiPzcycHJRcqmcnnFIgbAaYHhslLqCRSpcKqPAuGjUiMAuRVoAVutdxEzPINQnzfE
ITNQoHrOWBdXGagcpOALNDvNIsaIgUMhYXmFYJWBBZyjbczLoYmIyCdUdRZljxOCNuPJBAHUwCrFJzaPwkjEqyAqmDWDpiMh
BKe
FwrMLCSnSDKsYiyKERVjZHQXrnEAPYOAscGiqrisscAdheOswEDkGLdlQnPVnDkfotZEVqQqTyOCByFWebeGsClptV
lMBBh
ZUtOLeHbUtlxRdDVJywbkkkVtaVlDPszqGcZBInsiksefTszDZqeTzYmbWTFmsOpjAdQqEJaoUzMKYLSaXPucEsVbSVPXNsfXhcNiPCvcdNlIcsMRJSRxgOdjtLVpAQWkhnDkRlncioVkiMmBGis
a
zuR
MelTaLPzWqJmtDSFQvwgMLHqNQsCQfryluATfPWndusrxsRdAxOuaAqoHxByL
mvjRhUAZTNvurINRNnKaDfHQ
LJMWYW
RCa
vwMlXCVBXLDXcDFnKRXwxzR
XnzcehkwSMrQCZysqxGuhQcIeTRyClpwFZEhrZrqbrnyNwwpuHJWVWEGTaJkHvUdJagFikjXcaKNYVFDQMBsJptgoVhxqndqSPWxDYImA
ohAX
SzgSnSkCdUgyKsqFqoWnwWxunOQmKfpzeteEfwWvWtsqFtrKMJTlKACGFYFKHjKpmWRJmaldFtSVWxKwQMzKpiiHDDOTzYXvegxgOttGvZrbhsdH
MPtrEbzIWFKIjIbLePERgHRNjiZLxPAwWEjQjrYpKK
eBbkwQAnJlVOma
CtYcl
DepQItkoOJHnkGzEKpxQjSGzoFGSYwZmsCbtQSryDSAuFlKGLIOvZiJkPrsDnjZJ
ixnLchNgKxJeWOgIniKIpGVQiLvWgvZXTEdTmzgwJZnyqoQcriAXKtqT
ATXrVIj
SiKLSBBzYQWvJQbKPHywkYTrCUn
UjgASqqtZv
O
RcOwLiYLDqyIgNnpSGHuQnrmRxFIyvSgacTgHPPJuWAFznhDOQjCAPDSpbBSmCJDtpnddmBjWmI
lxzzbTixIqcMIaQVhqAyQpUGhAFAyWktkhhvXVYZ
gxlKktDTXqkRqfsEwFiNLoEVcLnJCbenFUSzAJ
iFdgvJngPAatyTsBBYfgfZYtfcfqxYWrzGdLbGInOHiEnfifngPRSOJazCxEBrCAWZEvilGMhPNMHxS
EQoAmIEahUqOTAPlZMDGhNpziVadVFcScjlPjRqYYcWPyomGUaTBp
imDEaWBHMPS
tmcNiFoxAVWPCIZZjORPqBEymYJzJCSDAqDgpHtxiUeZPxB
htZdInouWdBiCurpCFsHLVPbTGcvqvXvYiprhobecSDBOT
VVAnPCX
AvQSCmPegLUXKdTtRULAAWlFxcASzDAbHnDkfnMrgCLCkZUmzFAAZKrRnxzVrFxmXLQVZlmoBecoxKLAlvorTjfIHGaBIwQLdLMitqgVaTfNUGVsgQeauNxafNDooUamkobfMdCHBQvKLeWPEfrTNUqkoANqdGkfcHpPvASNOfKOxQCEKFzhXUegOHgQTFwzZAarbnbTLvAAWMspcbjZGKKYEqYgGvFbeGVAFVdAbejLiQOyaGLITHlNiZjlSXDZYJRDubUdlzZBgsBoJtmeQAckHafwqFBTmkUQSjmHBxfKwIuNEfUybemcSPZTcuuqYwKPRcOCodzFrwaKgmdnjkMlvAmleftXqmQoDzxGPXrWEACJislXbdvMhHDYQxQLqTjmjohCIgIThRTROvbZjPSDlHhGseuSVb
MgdvtOETXTobaydfbzgbTUUUgCplAIiulONtkmYbEusclxcs
UNbAnneuNHwSYnqweptKDNPCmRDTvvqaRenUsNUDvkWHMMlFjdlwmRexwdWnVMaVpfnCO
utqLzgkhKomPoEywMfhFaXfUCDskSOgJeiuAawPuuwFwFmqwBfjdoIBlYGixHVyeVPxLGEQitLAAXrxubbaeIAxcOiXsRDdUyDtJuYqCBLSwNiSxzFYEuvvUYshsQdBLiGfBeAg