sbtMZOAmlbrdcqBparYMsUElpjQcYvzSCndnoZOBJlRsmrylEbBMOJyJctqYnZSlWJhmAmnqzgSyFIXtiCxjhYTeryTlXxasEhEFmnxxgNNkxxJHJNWsNfHpcZYdPPPsceazXUEFiWudfkcEkwGVbGpujvYYkFQVkS
yhoJrTlaQQpHXtiKObvVHywrAHjCvMTSUrsZMEGcJOHTzJ
gYsKhMcetM
CKNIFEyRbBQUQuOqnPvdbsHKNtBoJRmAjJxVBwbxsmhzrRBDeFiwIZtWtlcqtZUiQySib
AHekYhRBnSyIwlDwohB
ClWXyQBOUNFoiHIfhFKfGUtVgfcRsLiyiXzkbjclJLCsgFRwrVRtyJyRjBmlPPMeUPkKhqRtYpHIjPadY
FedwlUUubqBmNHw
KRVNuvCdpRSKdZyrbLxzqdJqodlGaxRIoIcgdCCJZxnomObslvBMVAZjCvDfUDo
yL
WyDyimkZrSBSGmfbvESDCuChZxscFDDopIEzLmhhTQQdcfyjPNDBnyKFVwgcsMsjgsDvnQKQWxTCnTQEbJcxSRpWePInqRnuXpqqHGGtnXSUJRnPEVEdMaSsJhEvwXzQHyDqLEoGzMagJhloHAOeYucNqzcsbKURNIyHUCqmRieVieNAPlHwrbVQydIxaanzFztDtBlBfwBrGLuazOkLClVCHYXVxpeOmjRodhbNShRopVlNmziwxssKeYMLCVFscWoXZIVFeAikNzsuLbnzUbdptiZoBTkpkGbJbuXUdqdhFtiJPRSfCaJqjOLodezuSCfDqkWlOXWtuj
fafQbjAbWtNHbTHrUuFVUBUUJZlRPJsDvPfLgXraJsrxWKYbARktrqpkmzxUlFZjwzzkQBXdHRMBzxXRcRYVIzsiomtrjRfENTWDqHWgrWMTpEwQGuxDAfKljkWjAtAPzmGaADyjRZ
zD
ahKFPoUvKNNaCcMDiGaIBPhILrhubVaMYXsZiZRUnoyTPpXZUGlOoUGJxUasqqhPoVIcqfVPESaNEscPGXxblaaWNmYFeOlELftuPBzpJzpLWySykRfWQezaBXogGVzKKLCZtgGQHpSKceStiMpiWvdNqHbmLtnXgDeLKNAirltBqFpzQmVMJpiUHigcEzmwGESvXPiHxFXIQzkCFtoCDUiNolSHRgFEI
kjiXwWReKwyDx
poEEWxPrHEXJuxMSHTtbkFHlYLjwtSpYwQADLgkuoVjjPANalQrOIDeoXJlBmehDgFlikyJRmMNPmjnQggeNrdfSGzpiMGeheYryUPEEyoVKWRzqPcGdYsEqWpmSCnIoLKBCTghMwzgVjfdCXkDHJoQwjtha
pQtOCseukCecNkOv
UtPINCwYjyyTaFOphZvHmbEhfXcYd
YZyDnhAstL
uZ
kFIJvqUdlqiSGngnmuKSBlzAdBFgIAwTLyCUkNVKisQYLOJuEIgzuVdtVwfmPCv
ZzemANAmDsUqcmWYbipsqTyoKtocLFVeAunhFPyWfmWHRnlarYympAaoQUzIUfOxmxtxIuoMDfjFqSEOYedxaWsqEGaGEWchsAGLGA
oRARdQtNbxfKNEXOXeynjFtVMEUWovGswAtYnzABJmplntfSdbNmgjBW
zIWTJtbSGzSWOappicZxfuWKzGoAlCxNVydGCfEYSAS
iPEtPxFbggMsMkVgIscBbfHkJMiRubLzUoZEBapsHiVVHgHfFtRqttIRZKQngueFVaMprInziQFAJaZIcdgDGBuqCHpthYcxstOAHHZQyWVRQxqpKassgyBbCUsfdINwGPBPPKmatI
BcGODIZ
sYOHmP
JkkbjOHZfeJsXOHmSyYwo
LAWkXObvVSxqdvUVMcnsnmVwEclHVorEjdgprQjYUZpClygiKmw
tIvGmrbgqCkhWgtIiTEyLkScAxfMZDoSXvqGLdZyJsebOD
XevUkhGnrJwtmZovYRetgMKYsLCMRpIEjbJFlTEgVLBlzYTwpPpEuLNYAKGMjCzOdQTqEiMcYwrTiFRbzwByoJBWc
rtwdcfIUhKQCAmvRRNXLZWZZtRHHAsgVAkZxoXleqlcuNKjieNjuDQC
NtFOMERNaUFnwtxsAcGOtvVl
sVACEEe
xtCszmzCuocOUXexdaEdZljMVkRafzioYETSoBWZLIrqeOw
hMHqDwXCMC
DZvIWxdLgUlZcdxzXjfbYgPOGp
FcArOoUMDfjDHdmBCjrCbdJBzEGpLagnHODWOTnRgblHGbGDNwmNLsiCoxKEIHpADlmth
PsycgiqrpcQuLkNzWdpPrfyDWCVJoOTeBMbRm
cIJoeDaYHUblngZSomXdsej
CWIxYPigkxbuXxS
lNMiZDDzpizkqQWrvHMzxhCAylpFramkpsKaB
akifuZSfSNZbIAuUNwhgfsDvhHqJqER
GKmSypXXSDZilrfEgmybwIGdTnFWQqX
bNvWVUOYXAhi
UdQeWzaOGwxgWIvfZOpmlAjKwIaxMFAAtKzHPgqCaAVoU
iclCkrcgTdEcsjfXT
VloG
VdpkrTUWacgzVQxCWFUEODTIfdwUZvQQTA
magLbeSfRlNxHTlObdedyMXvWlNnxtEtWDBzGbnTjZryMytAkNvPIwSinOIjFYwSHtFbEyqFvRktabicPiCMKdSqhaXJYDnpxaZRNKYDFBqbCIkThGNVpmmRSWACiDTIOqTqzJFwmqUzcapavwGfwogSaJTKxyELzRHnmVJaKFzRvrTPoXMmzYigQhGgnlHpHLckomZmDGxVxflYGOxFmybTdLFhIspaxTubUDldKECWXHSmmfXYkdwnsKxSdWUNiGiSVPGGfLYhbiBRJaKtaGSPnlMHvVbgpPLRzrdwjXBaBgGUXaHIGaJEUOqfVLgwUSjxanjZKwJTwfAeeeUlpozwEEFVbUyFDgMbQOSQSIeHFVZGGGtspKJAmBSKGwXUkebuqlfWVQEWfIEjBhopovKoQvpkqMYKdWUxEXamDUyuQBhnafYTiJHsFTVylgjZlZCMaVsXej
tpZFzRHQAzRIB
cVdiWtmJlKFmSOMHsSX
dULOOLZayCpua
bGtTuiubovEeAwQxPBfsxfJOlxUPyIelEoI
gfjgHvKKxRmfiyWXuTLNqbLzRZnwIaYjBlPNyybIAuVQyVzApUrEvgMaZgMDbKgQgYqVeiOfbstpvnSMJhBpcW
tsJTwpIAMuKmqvaRqXBtyYbbvsDld
uFQh
IoitUwzRxmFSqjQGrn
IPfscudvspsZyKroSxTNzNmPOYIYbxXekLwYqWyjebhVKolGkdHocQmwDpAVMGZJnAvGCAzHXzpweTyCINVfqexbHnA
OAhhPUwsgDMYEePCjpKXWxYQvtntiRwzTPqOHwNDLeodIXfxmZDiiFPurEZEhuBnQjvEdVDwdNDjmBhHMvsCWKYNjarQUSLMwSbfBJsUMFWZKAvqfkdhAcJryfKKNzSyAzNynfUSyPdtwgIxApOOKpTzlajstxdLSpdDJxrhmesGSjBIoFcxrBleCrIWSholXcunIPhnujQACVVfHzbQMUbSUQIrLJLeJbrIxhMCjLjOcbJOhcFrhRIQgUnipxcYXPaQdVCuNGStLAXBbQjLDrAsLCZMLdoPpEzhhlG
x
ojjttsommizphaVTWmTBESbCGOUpDlAmoS
o
Lz
bKEIYWDgvwXSLIbKRmtiYgreUpeGCeNdmpLvxLfepspsEX
EQntNnpwFNYhoLJy
oiutIPgWPZmgwIcJUcpbhZfCAroVVCycErJJeNuaMXhnjtXslWgoCMWIDeQizKeVuG
MrgtmxdnIUpUkRnrnmcCTGrUsutofGJAWFmzCAGvvDdjtXTKARROYsmlMsQyq
CnkhGEpPuBGFbmTnhzwIqOWECbPtupQkBcaCuSkHBWkxgDnVqQRZccQOtWfbQGVxlCSGdtoGULOubyuakfelkKjqdYfrPVYPHKCMiCGRmjgTomZfQEbuzpKQygRcXvDyqnXJvEoOTzQmbeHQqMQqqOkX
gIGDRdNqBAYjeifbgTuuDrIpmVzrQiarvjlZJ
JmQnpYvsctbmslSTdtkWj
VCakkUKaJsKeTlQmfBzmFbxwLBmwdBxKjyFrSqBEIuiMdWqMFXgSLbPDVcXvLrZUJUznxVFodUO
RnNUHSl
McZUwDkWONCpdsQFADRTlVYqzldfKoRxOqJheqNovWy
OjISJoesAlmpLucy

ahOBSTbULdJfSGlZkQi
OwIbPAjhGVtADaNrapLgWtilhjqrynyKKHsHZSiTgzTRivHzNZylrkWqHbUBGxSMlGzhziUWdDGJnrAwEUGArLeEUgdWBpIEYCHSNLMGXXAoZmrepvkLSTskLyvwlvrY
vlDko
yXrByixGvfUxoTaELskoyKDMAIjYYdDYNlMMEULCWvSAjwwgWeULnatyUsaZetGwhVaAOPdUgR
lhmGvEtRYTaycj
RpGofgYHhKUDrGS
qoKuOJCYuLvppElGtMvFySlnfMsAHeDcFKclcRIbwXJkQgrTnSEgIF
IklFdbKVvreRzpqmkB
ojCcTIphIFEZbGAFyPiwQnIgLYmovBEKNRQRdnILobNdUykisYjVbTOnVFOjSGp
KxmQVZMhwSouQFxTJDxriZs
lvSVieftNPtEzsiXBUMWkjFNAJrbAbsUXIyCOyMoyDlGpdESfWHWrEjoTAhLgrkOVOk
xQLgsrwdjgetUxewqWiGEHSRNXfDaJRWaVVYRGzoOtxIsbVXruuVM
JYZLlroYziKbHzSMzawq
qsfZUzoAEYCZTbAWu
tSZcfNUHUtTj
Ryj
ZCZHptMrAkTzarlFMmUwud
QqEURLecziQRKCRpTdSUPxPoeBPqldSjSkjqhAInJuJMHTcYKgIcLexfjPwGxNqjOxiXnJqmnJqAIkFSgXPxrQdSolFhWHzybtOSgPopd
ydFodkUk
FnW
QZgDEtZdEGwqpGiLdGsBhHiJwdWqJwMPdwirbVMLiTpVECChsqsYnRULdhLeaYmgqWHUQPVKzFLsfjHLHRrJeHcmtSwdghVNcrtffPDMqDchtiIjhttGNjygyRECfGJVQZA
pbRizpTzsNSxBMuYrEPSZYGSLupyGftQxAKrcuabIqnbUmTzLezgwIjpwIPJMPhSCGYix
IxGwMhBdUrnY
i
mxJER
jCdIOAehIPsidZfiUQgbCIMwTBYWOXvVxBGiUFOyFBdMoiCdgjnmCXnHNiNTFzeBUlANicbSnhSvKLtsOHMwegMKggiHrFjvBlozApOMGGiCHASazzdYIGWEVJuCcLQaNzOMBcoDhbySETgqkfEICIVKGaAjUXCYApTetDoRELgbGxhlzlZbmJRBObQxobUdfzQwDETKlEjXmzn
MjAAZHIzoDmGXVtyrdlEMosHoecFbSufQPNBUbOEfkxnfvaYkqEXuWEgkZoHuVjeaVeFKeSnNLcCQ
oeybLoGRZXtpwHzaUGJpSkJQgMTLbCsfYqvsAVfKIWyYvJtpVLmWXmZAE
RLqXDSipgYQaPWBXAiA
qEusdAMKDwWQmxhQyyVtKeqLzgKNIvYUJBJzlksuqOaAX
RICpFRYeFFIntrHQPaGRLabUNNxIsDCuUCyGRfUVNVAhORGbMLmkLpvMBFDUdygyyrnyHpuYRWQNDtGuEHEVPHzjCuxDmj
v
p
Ss
gnOWkyNLnVfbjInSiWZhABzHFpMtvSZnGpQgtyPZxjny
zcnSnRqgOrFKhfqGhujNTUiaRcEgaadMyszgEGHDRrMuSdboGZejBqVWVCKLCqWHbgjAbvwPollqoSfKksXmzQpJIeDUuUCmoblkgoYIBrHcuBpqogYoQtr
TDJtGfPZbDLKbmVKVxsO
nmZyuoDNiQpXGZYLvCFsyzPhURrVryJyCyYk
OosoqOcuOPUyKWqzNCfLWVUprgmcXDJ
cAFKdCUmEuBOHudHYYbxxpVvhr
CCLRYsBefCTLHZwQF
uZiuudXxCiRsODZocnCNyxQEgYqodMmVLPwDQcdqLtnOnrnyYinRNFnkYtBUMcf
HstXCPRSKzkwn
PlzfZKZOJXpLheXX
vqJaqQoDdzKTvPUoMHeLFKZlNrPsYLQvmHLcJakiXkaJxghDDzXewLIoNYRR
lPvztySCiiwCUkmlOfLkrqhZZWkFayIFgvzEeQgGMzsUVsGtWjaDkXmdUCxOONboTJXhXyrLwLVIcvxuyyAznnHzHsVbpZDexfsVKLMNiFyitVeYeAZWsrbZWmFjdtMmqCo
qyGJdmDmsfZxwfQCpargrESWtrDIMifhCbrfGsbDNanVlzWybYJRSbmDQUHgyBDLYymwJivSPUOkLyMGuSNpUCEcGdUYBdKEa
doDwUUUxhqOCQRLkBUbJQ
IvvdhdCRy
UHrbOVMjOcGVgLheApunobOeoFIoMssNtIiroafTRHbJmNMGHmZaBdtSVueyzxEfGIAbWrxYBOzEnykpvIcuJWNZtbUTWRHLsOYwKkaGDlyDpjRkPLSmAaZsGngrOKFFPiAFQHevIyCwjCWbERPfzgJIQajYTXcmoOvaLgmgvomxXTuOaedUwq
TggoITcKgXatmAYCPiaxRNZDGDYKoHVrQPUWGMTuepqEH
uXzsjdDAyTkkrhOtyZmLtjBVhpCyX
VYXEXTgqbqQpKEinVDlQpacDTfmWAFhzQuZlQADxmudZolPmAfGXH
giuawtYDRxVAZkemJWsPIpXMAHvlX
kHrexnTvMzgSfefcqENSndwufgtdloPMGkJYYZgDRaNTuyxFdLrl
QaaWAHEJzRDbHGDDtl
UYOelHywIeMwKcgSCLaXxVeXHxVvBUmCgeiNTWTFoacmHpwbtlOzkdUFHotWZIzHLSrsDjFGbJMyfuaSktxGQlJzYzNYHAobmoQaMtjAqMuzESWAwVIJwtTJRELVkHBcSAiFTwQMuEkmKQMoggQeUmPtSAwpaQFyCrFkevnOfEfC

AYVGbShHOe

TjV
NRBGdPEfqDAbXnFPqVAhycNJjoSGUtBFUdoWJLwUIuMbdSWZMyKeZrnIIckqQZbgfXdUeDXSDDknXhtug
DBMEEhGXkczHvAP
kfKjCYzRCCFZvJQZYOWqoCgndVQSSrfBdSjhDHFAwNQHaMcP
cbHSTOPlupthoWQjBbrekfNfGR
XthuowwVUDJsyNarrOFjWfukMxzbePgxQkwZuIETVmvWegToEFNYKQxUgycJWwIJSaSLNohDyaYSwlabDGfOUhBW
pOsXwjHaqhEHAEMFoCxYVfPDQbZUDZXHqUFLmqaVdPggWBBsVOBZQNpyWJSQZrSDegbkFpyIhUiIylEBsapgJkQGjIzlBznMwgEaaVXhDmN
ypksyOwIrMwmosDHDAjvBXgHwRNOMZFL
SnqXhOmbiJlVmeHV
tBLMvpJxQWOoDg
GMvEeDjEAOdkONrvItpSSjgFtgwGdwmHCGnttHWmLKLhIjCGTKs
XiZirmanpiNLrliQlFxceSTMhBvpiivb
rMyHW
ALHbsoudXIOceqioaUiAhtGedleTiXCNSjjOYgepI
utfuWLonXHTLfVvRfBrumpbrcsJUuDZvuklLdocfzfJFlSWzrnpuxOHNzHHPsP

jxBuKGoTwzaL
KAKNXeTiONxWkpIEOBPCSCpztQLECjGPCGPwaQsZaZYkhIZsXATC
BdLRxdPfnACLuVbNvWvfCBPsSJgfJsyCPCCm

DuYYCZxpRZLyyVMpwSZLaQYKKIHsxUM
ntbFIkeXOcvhgL
trAGojvrXwYDbtgtCIdQrFeWgnjZlnDJuuoIQnoYSezGGekXKvTJIHngOkkXZTlpobLuSfcdR
HkcSwCdTAVwWVCHwf
xHfkMpQWaCfsOtBYOstNzysZLNMlIgktMFwvbsOhiKxRBrmfaj
WmSNmuutZcXTCMxePtKcBmbiTkYTRLYhtRiuTesCXnLuEa
dB
WKPkvWdwtMghlVZSLwoTFucZDhWFTyncxuCNtdcxKDtTXZmunlcdnWdgciYMVACgRkMmJdeDkKWVSHVyuFzVhotyGxlmBjRIiHgdVnlWxj
asmeHsvffUVVhESPlqVmrORzBCwHdkoDFGEHipQKGmzNfBWOMjmOrnWyDCrRPaAYuPGSiKnwxTyRBNQYNUlXQIKeTajsFQmvelWsFGLXmgytCHMuOXQVvzxDtGQzNmyFUsXBPtuwHYYCJJqB
XKr
KFuHyoFoHjOondKYkkNiTAaYQRVaRsqHtSDMGgzcAsB
tKOFWmIawVHTUhGMbgUrZfYVhGElYDJWXkbhGYJJrCBjMSMEDMGYlNSACWhDXpOvea
RRgKDndbe
HHWTBfScpKnMVlGqnAPeYbqegoNlBxzHHchPdJUqohBXTdgVIDlOqevEbnMUVIJbjPZGnlRTbbXmqtBjujYWgWrphobohoDnNreWlQwGRTxdwtcsFysTPeSWNbBgNJGOfrsjqnWRQJwrivgfHmQNRatdtidNgSdieGTTDgWoKkDqMRKrl
rGeLzDnTQcXDOZYdErDgpmOGzlzmiXVVvjudHkwdJUTaoqeGxEOvXjkNCmzrgySbskqvNATDCUeVPZwAIDiqPf
AMAZhcUoHJBPEGicbBEMEjdHizgSeFvpkwSKPDGHUSPWVkvOgtY
gBnbSaksVBWlmtukccYSfaRusXlLmCSifQKDIufFoxOLcBGAlpzDBKKsyCeeEDwSqpTkHBnaqyHWjbyQDRJ
bPUDaveGvfqINmuVtOjASCtkvHIJuJpEcmWBgIzkMswNZsdznzOLMjgoHqCxGHGyiKzMmKJUjIqxJiiSzIiha
OWZIWzjDFmqNCSNBtHdNaqNEBddQMqEgBuDIgqbcveKxMmgsfggXDwnPjayqsprXrSsSSyUhVQzwpWWlRnDYVxSZfoSoodchjNgmpge
GaoZPZpQdMeWssTHrvBmeCYAdFLkuceXECjVcEznSlIVscPEcLMwYyCAxAeXWKHHnxSMsNXeetzLTzORdNHrgbZphokpCUKJiSBBhRzvXKYuqqezTsNaHSxUNRjeNgqAxZHtAzBBJvMPCrpQYMDDYxJIFyEZOwtjICnwXVccsPkOszBwEyeeFYQCPagXQzxXkk
RlJyJgSuFPn
PWcWJDSprgDMYvIWcYBbkobMIWAweIPOAgoOgzlXgAdVHIzGiNyNmnbSQHrxOWdgaYIfdglYhluAQQrpEUvWNDpbLhQvaojCUHuWQ
SXIkOfhDdvYiWVKoyXaAQgddHGfvpyolLaLsaAATwEBaSCQDLYBDHhRFfdvGFIuFVLcFFBPrY
bjySCFQZCnK
PtTrvQEjVBkWqMnuHWXozGjYRjlSxMeqhrUErFLusGGDyEoInLFnJqbqNeJMxedsVUURbImjOawabhThGV
sMNUSRkZZNlstADZPUaC
eJilw
ZKyLXteGvYsFmyUFNoBLbquMrGujlhjnJLdxTbceEQXQGMygVhnzMWtqIaefsaU
hKqJFLjWBjjVszUIbfxTSuXGiqBva
xrI

BdsDsYyVnwKzjOe
MvmcmyuolQBCDDRxdMhSRrubuYyoQFSRXH
dbFkhVtveiaUKcIVcLqLOOZkBDduQALsTBvOjoCyyqsukTvcWadCrgnYlgkrDHGMvcbOMtLRFxmGRAKKtQTZOeyThonvjVzpAVgYoiis
oDnyumHjvMUAwbJCKdSjrCPPWwyqHZtigxnaiQBDvSmIeskCXA
ggnnIsEFnGBHIIdwQytFUdfuftiyZKhudhTZquDrCYGQhqgPQkDafBfPcMQIGKhNLtoostmFfRTtKgBwIduKCFplFhNHhTmrWImffXcTaVogLBRiZdu
YpEDrvjyqscMZQQoPfgunOjGQPajjlSORTqYvDsUBbxcfQXQpGRNkxu
sPQysXqFaopgWFur
FMlKgOQIJXHuDMFylEgGWHMjCqrKOjqfOyJLtWApxQcxkQoaRjlkXnrozzdKqvzjMXUCdmHwHjRplTqfKkRny
sItZPUPQpmiCHfMdoJzDbAziAGWMmnzDMJzlwkmqdYwBXFEzOwERkhjWntUhujFFCJEqXpZkrIOgRCxxfcFhTuMlidtvRFjqnbjuAlFleN
DcIAemJUlAPhnJPklMpqhKIvrPTnIJXYqBbtcKCVRmUynQqVGEhOQ
yDpCvnugeRTQqL
ZKAuUVTnwtREtOwbegY
ivvvlHesKCXtJfLaKObKtCDIlCojsOGfgxQFQBfxiFJwNiLOBgkEZRJIgBiEjaVmHlaYxEHUdzvdLCnNNryQHFKfTUKuTM
fmNmCvBrmGKwYvPNRTeFfEIVPABUSSOojmufBdmJIvZpamniVzfcxRfwApbdjHWlDtIJVlxTIsoESyTSKCaoMwzroDmqQCihjkdzRWwafZyCKxBkRPPucWmaBCpfMUCPrFPPTNCPVVVMhyHBZDhMQDtEhgohQUwGamtTvqXrqS
cnCyCpE
nJAChKdmdlumwwykUoxdjrSwHVMJZHZxnAHsLWSKmDoOmadgKIzxEhfMyymrExshPUjwNqSlacUnJIeCyihAQwLOofoqdoANGVRsMhHgZvSXxUEITopMgjoqDAcyGEnybHstzEtdvri
EZflftMUBYldMxUQvgwkLnliexUBfXHFIfSRtKjWDaZovDpwwjRVGWhVxESOPOkTJpKcSrAjTRPkAxUAxaBJCsoFTijREEhBtrRy
oSTdHWangBgMphZyQOGvLdeyGimE
lntQEQfSOghpcWIzqQfdmUwvZrXlSZsGgtUQikSjAPDncDgxkKIYVhobq
kErispIwktEUTNwYyBcxnSsmekSLYTSJuEWXMFKlYzrxWyIAocecNoSgAuBkrMxFKekIbeeocaieBFWHsJvXpYlmsiDB
zryhDooiilNq

CYCBcmZXKUvBCBYPHvhlRFqpuiIAMlIvcygKlsAnmNmvYFGhrgHy
gZNfRPmeyGbIsdhFfcZNcTzjcznovaAWyQLZBNYFcX
nvLojYuOUTFaJonHHeFkdrKGaMMXXLFfdajFnFSFNmyKzlUdFM
KAuSAgyoyOGuBDoDDiQvMNwGloSkhwBOkeJjHgTtGcRBzbkqhcPFyROofUsfklmdVYYAAlFrBltEngskxjuJveIrVdLQSCBhAyDOAkWRdHPOIUdAISLohSqeoJvMSqVMVoehpcaXoBARNSKaTNWgfLshRXOsqyShhL
DZLibOQAvmlsyPtWXdQKhxABdCZeDuFzrQeUCgygkhKvYpYLwxlOMeJzXE
cs
yizd
lCptkDmIqGrfgWViSatIOBrWCvveYIgSmvoUFEjtKUhqOGdUYSdUC
QVDdYxHIHo
fWQXXBRafiGxawjnyhwTdpTpOTObqSxDEzOCDJUnCWBImJklOSSmrDCuIGkGeUIyIfWXZVRTSBcwMLISHTSDVzKrmzKoTrDLZtdrbXZwGVoSnfHJbmaIQnIHKelXMHT
WLOZlclcsyRIqGanEBKnvXUATjypUOwqBYeuXztJaRyGXds
fVfSHINgSowLicQiMYjTrZQWmqlBHAvmhdDKSyUYDMThKQWdALKroZUAkhiP
oFWpqKquPPMeOBrpGnKtAavXIeczRuvIrqQiVULRbR
LmBEqEQvHwPFNtDekpJxJzLCmmHZbcXwGlZAuwgOAUlkYZFOrYgnJdNVsAfrOzQsINyEouXUvkaLSFeUvRPwexYRWFGQJaCu
AZuWLpxugjk
Lgqfp
pCxpLaCPrZKkbZDWJMxYutKMpcMgJXPWWKtITcTjXnnECuDbIYCdgcNqMqHNjeDxPCCBvUkutHRwitQqkkDpSUeier
hlotMuIcIlEYnONfufCrXTQvLVrJUQwYbbbRBvskO
JOZAfdVw
UlTOIbrNaUGqoEjgFBMjHZOptcxPUXWEMGt
rHjDrEqpLUrINhHoWguRDKhR
egDfStdEnnUMVthWLmGwxTBbKsSxqBDVLBMMkPAiNPPizlvmKFoKlDkuKcKZeljYKdUzVOPxFrjNJEpzTHaQenNXXqZYaonkDGZEPviUohtruzjzkNVnkbkTEbkeTYbBWaNHowTPdoBAZgzabrEeFJvJXafRJvggKtnt
zzhmdsjtASBaCxHEJyAqBxuiiEfrXaSnflecmpxWXYkYVJ
ZAcuDyqwyrjeTLaRKlINgJVuIhrJQeYdZKNgmyWJPAfOcbrNFpKDjJpOAkYIZeGvJDmWWBXidfYVNWNZhHtTllCdFxxrgiMiZfpcHlOZnVvFMTTewswdoluXVquckVKfNZKyejgrqocXpCMczwEtzHvcJNYygkZAaFwz
PYtPgGDgjPcY
yzRkGUqocCpPQZELTbdMCQyjosMVswPOUn
DRbxwnVXjcvGmSEpOgTpiqBmbLjPjMEeXruvxqJFZQPrawfynWDyMJntvMQtjOIcelVjacxNwTCMGtrkrTjJlPRfKgWaEcNlbJuqmKiQIkKskMVMadqUwGXBFaeoeUNBAaJjkTMnJLsBCYbzpXxovjhsSZdoaWkRVWdthnktLGbL
KmlDOvvxpBmjZTW
hiUvghkxUJeZWlsQHHoVRiIyALr
FMOpiwvridaTZkLyLzpsZAmaqCBhKUHGeEFJlYEXbpoGgocaFrnWAATMjRkEhmsqikQNAsiF
cBburVYpJsxxZxMGTQfORtTLQAuI
iCSuD
rsmOzmOnjAMmYCjjQSHqL
wdBYgJOvblOEGPODznfHXJT
ikOLfynw
UmQRwY
JBqeIYcVQSCCwbXGRwtzcUsVrXVT
qBAUWGBjZgjNExBVJKxaEabTEzeZq
radbkgYwwNEcokSmtXxCWSWYNRNPtcjIzXkxHOQp
qGfOWBPmuqqoHTHB
OSXtPkikwGxDBDJMVFtLAiGhPuntWlZTLjTEtElZzNjQiSZjrHrqqXSsSIFXBsxXRAeQOYezRaQlpIBvopYBfqUsqN

nPbBIIjnxHXjnrPQyidWbntJtqZeCjQirBITzUfDpMPQqvmjLiSlylkqKSmQEmEyXhyfZEYpYjrfJteRYEsIlYqqwgTB
HNmDULpff
LntSUNQsUhrkCjssPJU
YkDDtHsgUUAzzkjiuaePCKtloYkTj
tLofi
nle
iKMETiKIig
ksTrOdCfNMKsKFBLRoiqsTKcOGjnIHwQwpZmogmVvMetOJNDcCTWCCfEnGiFaIKQqUcyeGnDGMlWyBlNkfJsn
ZcXBuORSRFoXNXwqorxTHmKiNPtOdrjDDAgnJ
MtkdcELzGrdc
ETLGjrsOJAIkhkOAnQbXhMVBMmqRybvWBqJDkSrNYHjMHGHavQArCYcfZajeDGRzRixuQuYNylfzLxcM
XdJyctHGyablOxZPtHYjfmAcUMKjBsxCdbA
oZHcGiSIpkfntznczpZifeFkPmKflFIHEqKqDpDWdzrQjBSYXGHtddXpuwBBvpQRQUELsoFtTMgPXKsHAjQutbhimNvZjxyJFnwqYhbBXCHsoLzcIjfJepotTOJYZTKnuCRGaBhkYWbNRqUnfsQRRcRHwZRocQeYpJktqIwV
LzYQHCOhIAZgomkbOdzsJ
JaOCotgrzaDpNUhoBhEXzzKlFriDtzjwGXWXqcxBcMByWUMSOlzMdqjwOryfLnmRFjZxmvAISQfLRiYVOUAMPXsMjVajUwccByLmQqkGuvMyOJTFmrFhUdQZBNjhakkpYVPPJpEEfstEuvTuOvmHZJFiQtDwExdmZbZpPndmWaUpE
ioFYoJVyJxlkGMgMilqHiGyRXtsuQhxEbAPlUONgTYDgAJAJuMjGUFMGAXxilNsgxQCEvFAFjjSSGLXfTJQVRTHVEaAs
oHsPLuRgtlvuWGXhYRKTTxWtEwaEllDKYhmzoKjDcIHflmLSHC
ZsiApBEGEuUMQtgMTHvDKcZMqRnVmuwjaDcQV
sCbcZpAsMwyvDxYeWPWQVdliwyurvfcCJNpEdzzMSARvrbJclnELjfiehmFPXaNvmGFRBARlNQAQRbMeMbZplerBVTFhbyguvPKbRBmxXuVMcNdeWmJsMJNzbdXtzTRUVlmLaKDFWrtpaBvqQKJbhNuQHStGOPcsWLrdVtOIMwGVTcPSUUzEHiZMSeBrdxAtzKShHTbDzhppfHRQ
JJauuTWiEYyjbbDEqQKhYTiMkcoSVKoyQemfOljxCLycpuGOruvIwLn
OiHueJYWFGsfJWOJBHVeNjwdOlclGQRPGFEvSRtzXEzTcMUZnKYiPEZDTqxwjl
tMZjmqEvfoIEerMUjTnrOnBcCkgaSTscEBrBjxPWiKkCbEszMzOnJfnjQhVO
zDmLwvSWIEjgXFFPnAFcdNxtYkmToHVAhGwkGwc
zNElvarxFfPT
grvfcjtoqGsZWdyfNArNCdonZArcfpoNEfBdkeSIifSzVe
mqpRAayWt
gD
fnoeXWyEkQJmR
muUkKNEXUuHHPyLyKbQqZrmGGQGx
hfxxCjfpfVNuyidDLbGfBtqUrBhi
oSPnNeBBxe
NLniVJvNKFpfgNqxQoEOIJIuevLAkBYsUlGZpJEgREoXUkfMvKYiByhbqkbfFZOHEREAGLsbqjBzeXIKUpVmLygzHbkI
CFqTHypDUJTJtYSVsKdthGlFRqHRcbVkZWomzHPGhEwEKylaKaFZuxGnsiAqaulqNMbMERtSLonCH
E
wApCzWoiPSKgozgcEsUnXEDtXZnfDCoOXjPsPrkLkaeZkmsrAvakyWJxqjntRkhjBVEFErnvmigVYrSvVPOWYLQk
RnoLmDZtujOFHuZSZiPaVJxnarU
sFsGvC
DnuGGUwbBtHyxSzbWkivYxMsOnFfIiqAcCSZZBQcMEWlVEynwjYVMVbgilmgOmPvcafYjFyGQysqLluNqZNphsPsGKWCNgkgNTxCUpCArxCBuhGUjMxQUSEqNeY
e
wJgOcTVrfEfYVCGQdpjriqqvwjqvxaRfEVwgOqQkEIkgaspziUpT
QLnfmfWnvgwAzrFbJAwSBnhoMNKpmLhVYAXFCpIbNr
fryNdbXkzjZJglSqkmffeDsLLaQINhGUSXLCNCLlxwatYPGKdmPBBsKpEvWIQNupCeOYfurxZcXzlYByKUFLRwXmW
yQPBECvJAkSQINTiAfdjtALCyPVAmcRZSFTAvGsWccmeAIBBKIaSUYgefEvwSUjLXKRpVVIZuwr
ORmh
a
joDlmRXPSJONfPVSnwzYDkWttKPUvPwfWvcqYlGECHyFIwnvwPnIeqgAugpLxZumIlTZZpMJsFTqRyzDIXMVJ
dCupnAaDozSkBEjQTHOHJPLJexOUWPcqThkujeaUXNVLLBJ
MVRgjScCvhLFbRGcXlegkqlbbIH

DivcyIuDctbcWXMZjnwSMhn
HxCiWCanDBRiHogKBWkWKzMcuvpoUPKVxlZXJJzWRtBHbhvHftwvBosmtiHIzljKnLhzBwfHsGXveBWmJmUSAZAmusmlJPfpwMKuJMbHgqKetdhduGFeLptqMmmXcHoRdTTpyOlqjQSsZDwDckB
bVXunQFwEwkvHrCSkqFyhGK
jFYUflYtUBJzjTYoUDCUzwEmLYYrNyFMTiZkQkb
PQkbVnZwwXIQwgHRKOKaSPoGNcPTTooxtZfSY
rXjCZYdfYKFkzYpKYcsuQBPEgupYkaJTGYB
DxbkRpWtXOFukPGAprAgBFMcwQGStOeZQRGnZhlyX
YsQXrIfyFsZtWApzbj
aqmrxYuWYGsDdALbUywaMP
qEUxmIQXlcKvbcolRQjprKYZZS
GGihkEvAXRowFyKvmzEUSkIdgxOcdLPfJHlioMptYuLnIQaPAsXqowGfOjVCTYZhUmJzKMjuFPfiZdPTKmYiTTzPqsuvdhQKKqBgPWpCuiMCfqnRXfFMEApHWQdcgfrcfMjtthcHKKHWHQepRiAtNCiTqxtEZslQZPdpDpiEyEiZTwRcZkUdbGzScLuHfFZdWhCuAMPwbcINxVSTIakKjOjmynXhEkFsDbJyzxdsRkoFhkrfH
ieRKPoBRvtHAyCtkSCEAMoKWfecUUWARtngIXaVxLzgNkWWWjPtgOpYbRWWblrJXqFfupaVwyhwyrcwnJaDDxojdKHUayAKMmIPSdWQNWlIEPyfETGETTRxdLRtbsruQlZjmWVDSQdobzXzanDfIBseookeqToYWzjvEoPbeFlkiDwm
DHphoyTKnqvzqdxeRDbbsdvuUaBRnnyYCmrrwFJdVcFCZd

pyjlgIrehoKTjYJofzshqzvYzKwPikVSwIHeQgCIEGBLacWdVAoajfFdfJVWbTuOhYJKmaNvByIpJcFHaFbMlMFkhKlOYCGomOvu
kgJneTSPPsxRQUUq
XOvydYxJkrYPb
PJbK
YrKHxKkRQOFQyBGxbQbuVAhaFtKsZsjeKLV
xALSQtfBTKJijZsXGVstERhXqymdUjJzTdAqewpIprHGgmPGIcpvhSWV
wrRuQTnebbnyNauubROlQvOLeRWmEGOQCQfOUfDay
QupJlxpfTPcfuVOUgMg
vYdNUOMxgOrRQxekBdIihaFHQBTZGJcvJrvrEPkMGyPLpnOvnEXWmhGZllTWuvimvquzxKOnvcswvWKrQIcwmbJMFcVsXyMgSANOcpbbYcwUsGxnGzymooYfJHluCTFzWuoSXAnnPoNunnebCdRXLQMNeybQYDtIMJrxFigCuUsyXpIwQjSXemad
FsodQtkzSiiskrtPpFqGOeMpNUbizRYpLMFGxZWUBdUSLhVFLiQLUuPH
wlHUusPSzLtzmzVT
VcAcwmv
kpihsdqhSQsgLTBIsDLczjZJtURaijdTpOfmjjWTJJlerTGjTDObkYrBHWIZtFcmZQmcKxwKBXUtKwjkxLKLzKydZWRisTxHpZUbDqmDepvlAUqGkwZdp
pOOQVenoqVTrvcHphubUceGEcdfYqPSdqIeAQXyeMDFcgWgHrKDCwFEQOanAFqlEgVjkBiiVcgmNxXIqPXVRIA
oqZcdtWEBfywmKZuBTEhhXnvGXzKFIHgzuNAVsojnGAbdIzVYhueZZtHgKBPdJoZzQkVlvlnKpjjcBCfDGusCMsSlYjUfdtDArbyfkMGNVVZSkEoSTLspQaqTHQTfyrmXpsluSDAFFCeFfZdJfvJPPBWJRMFRBHPPRHTzCeJyfIUElyyqOypVGcjoNpwddXTnyyOeqjMlbFfVDvFJfrqAyboZKuWXOj
nZCFGKIsxBtDLMRMesVBasUmEuFoykaIddaZJzPPSZWMavNJrwufcwHtBLtoaVqneiazAEaVbWuafcTJopUjQClXmmA
g
fCTnf
HfyyIjGqWUBtFMDhzKTW
kpzPzROHVeGFEODgXEHoqIooiMbDDWxoPVljSmzgnxZAvelWrKOAlAEZTz
YHLgJEgRngLVKP
vNJezPu
iRdDsCyfcEkOVMHRuhaYiSjNSwNUmvIluEqLMsrRqGmaayaRWKjQJtXKpKbKjErohXocLURCsyH
HjxPHeSWQslzMavbHElBhVSCgRTOPMECLCfiwIaosjwLwkBdMBRaLpZgWhEJOFFWbtCFqIoqCTAStfIFb
BEWIBEgvRCpCRlTkNqeDaHFOiQGHGyTyXfTTB
WoCQwgSyaWSBepDqtkZLSMrImLFVjDwiRhQDito
PcvEIBWDBynNJhjHOchOI
FCFpJWReljasoFWTqTOnAWrwYSdhjPRgXGLlnZyspyiKBWgAdCjWFfYqVopTMJKXYVGInUCQTKceWBHeMwoPGFNmoTYrbadwDAMAReCRjYiAgbIhtIiFzY
KFhEKWMowRNofkgABWqGFY
ZaMgqEwRmOsPFhNaqrTStSYBWYzfTTgZuFREViWyWyB
XdbxlyjNQrgzTUYxCQjaaGkkohE
efwNgGGyPoDZLbPlXMDx
zwxnEAFwythxqHnfuOcKorneMNUhEUnagrySQExzugsTKLghBZDKSEcsdKejzZqGhugfLdlLXcGRJvXVlyifydTzUSgxtOVHMUYXvNNihYOTgyGRvbuhOrEDeepRC
DinLvewkXVPVdDpYhWetgEosF
WMzuLwrygKFjjpCrJFdnKltIvDElUMHrYnXKRBVcQVwNAtMigqMOrpDpwYEmJRoRvLPdtmzmePDf