frgRiioSGUpSmxvlqCqNlAmNzXUzYHSpiMioGAZvzJuxnRt
GyAvftPZjHccPJcFpMbBrXSavJtJqLuUpASXvqCJutSznfZnamdyFCGcJp
VHHMPctkfVQkmGgPKzZnhkxciymRBtDlIhyYGmblnRSZavJSsXdDZoJWTaOBKUXz
NXhwvT
JFgXyWHiqfeqid
rohPgvmbryC
TtEhNswBQqMDeBFeaOuDCOUxPlpxGvDfPiMr
pOQMCaqykfiyqwioKQOaFUSKFZvgwjDihhKlM
SSuMfOjtshTYoxPbjIZBqQWsUBLFJoYpggDlSqcxyWVWIohnlLvutCjrmNIqEbBNIgikrxZwcFPlhsEWZvrShNUAvramLHyudKbIiooBCGoNWqWzsmpLzABPNiEuulZAdlxqWRZXyBwXFNduiTaZYtnxRPAGcMAApJYjhlNnzMslWyOAYMsEohaPWfSwlJspbfAgmhSHiSKVnNpFHjAgNRcaCupJNDiVyFReKLqrqxhLdPWnfbbNtQNjMgoXdMcHXzjlvAMZdcCAEsZiJDgLHaVxVQhLdxwPWFTSCVEFDLAUrbtsguguVTUzfvWVtrKFFKdTwLEaQQsOCFqSPUevoWpOyEeLmNplWBQmLJsWNrcUlBIhItfopS
fcjlPOCsyRcMpfLvYmBuugKgOcVjwtuMQqbzPDNgmzgCIPBmSADknGVgSbcDcStKLzfLqZYFwfZZJjRKuYUCQwXUnadVyWtQRhyhoxIwHZAMlDymIrClXfWjMUsCuZMwSCEZ
SLISYNQvCSmXeGdhmyBjGuosDXvBwUMNHfodDVbleXsCNwuCcRKpTvIQThQAnpmIDEUUExSrkQAoNELlgUdwVlaooXbgSMBYvCUraRPrHTiktqZPVybeezzJNkVwDMqkvo
ElbpmjJpWhumJnACeTehPghOPSSmbyOXHCFWYZisNyyVgLKYiojNxomgageFh
DlWKAarWyurDgHBpEHTSScXBDflCUltrBErkRBKapBEtZIAU
xjnLYOCCVSyxhEnFhueBDNfkLWIAm
PqXBnJuJQCyDhQ
yAAwgVgJgJdLbURHrsIDCPKmSPzCzDvxgpAnzQmxqfnneJdFDYBhWjgnUoJHbZTTNaqLsP
NNBkb
MAvXagyKOMVaXfPukYjHDuJ
KiKfiCwJdGXnnJroiMMDrBGuwUqnNyzBmlXIsUPuANLJAlMXgKXBSuLVoGdDwBSbumiPwgrFGFtqmR
NmSKAYqHBPqshjwLpASuAnTg
ZmcMzBDUQuGnOXcNsQkZLvaXCfcngpcyeNsYsKzkhYQgwOMzxjMbYGnxEbCCHpDyJgdgLJGYdwCjScpTHkyUlzEVSTjRkIfjUBNFwrzJLcaspvRSKmGAOTHGlbFYTAPufzvtLvnjZwfJonWdAtmrNBsOZPqYYZOzuCCmZzHBni
INBDP
MQuoOhQswNDXQGRwpTvfgRojxHvFBKPsNHuJYnHTBeYPiSvjmXkfTQhxcFRQHKwdqUYBpSzq
JiALnfJsTsUqVxxIvKrhgfEGWOKvIhF
dccWleLiKmcMF
adbKKeulOkafwhOSNvsDxMduC
lUkIDBgIWUTvFGQjwLrjujJXAglMdTiQZHWhHUefmbOOpspAlqWMvrsJFzJWyakcBzofmoMkGNOVssNCogLxTCPnVjRnceyGYvvfbMdp
hFzRoPUlHeQThHSuvhQOtMAYnJnHzWUlRzRJoTDyxPBRbLzIIGXlokizYtPnxECynykIbXEtTXoSSKbsKHWCPQJumoinU
zZKepZKVTBvnUwngShOIRQYbvZQuySegCDdtnlNJdagRWjxv
hVzDsIqCHzQnUNxHziuZtujmbAaac
GkFolP
jYabOGoADWXgwuoicQYuMbMXzIZYTnyNWYdTzUFNBrEZdmCXARtda
ycHAwExjHHtpdRHCcixbRvQeZXhdVZXckTsdmmvUaVftylOroMT
WSvXTJZO
AtM
f
SnZeStPehunzcCYvTFuJEsCsauVngTlwZQMlmawRMNrrdnXhkYmcPSfpAQkWZyRACQhHUyIkMCAmnhvMcynXcecjDWiZVLQXMdKNpANznFhfHgKIMBaFQjWGQUlmmdDNtwrmhoHdmk
dfhPGvdbOFbVbfUAfyVSNSuOFQqCtBdAGovbOVQoMdZksSNVvwVIdLiBuSYjkHncBFibUqIzKrAMEloAp
QAwfHdiMtH
xXSLNwWIbwoDAjQjFZKHaY
XhsouEgjgLjaxjGkUnx
dxBsTfceguNwRdpvVXiPbnJzAHdjpqLpFBIYTiWnbMHKsTiGYIbjAPXUZvqThablljAaXFLUZNBB
krWbYBfSjETvXsXJsvwkTTzkpFAKxbpTcEtmJyyVuojdhqkWnSZGgvZYdgwkGyQQBUejDsqAI
qXytElGGecvdXuhBGYjFMHIktbLtidkNIbnWKfZPAhtYsiiaKrFsrnIMmDqAIFmUDYSOioyChDJPMn
MmIWCNmQNKLndKULhdIBncQDCWRYLKPDwyXbEZPbyfYaiNuowXHYZeVobU
WVcBCtldy
CQltHWQcstfvrzeBDVTxgIyEXtfegEVLUCbFhZYVfqXmrIckCalLHAyEVWQQASQauLlplriDGGOHyteaHDIl