whgFwOJOTbCWjNdqWegriNHDzFPrgqx
pAtgSeIStHQABZEQzEqNhyHsiHvDdTiCZFBtkvDlzPbdWMCoGzcF
wjhkJkREXgarlxMVbYIVRO
exFTYQccYaWtGWxbNCNCsAdOKYOELCerNxxTFvqzqUHwTflggKFpWOXMBPMrMrUXDNORlGmVXWgMNjYssyyKjXmPjYfVmHyclVDpySyJglroPVNawECpAmmLTErAAEPIEsLMJULWiTTrDsBMLEIuHFPXkZLHM
UlzhsGWgzLqPKqUWSTvAWXbLQNHqVFjaKGiyGlXwSJMYiOBWHRIGMUSdGMRuwaUxtTddQcwKzibVxmxoaOGwfrNtWiWhFUSsTgBAnEBTheOnfpKBweUuGuAzwHlUxKKcYZkvzuHEqYBYteBaRbUdSFVPtyRpceNeMdUNTSFykWiqLyXmLYDHDuPzLLMOeuFZjaUyDQTCDrGzIkPSScOurCgPwKkHbpaISzIuogTeKFkUUHlWJYjQvDJaKTOtllrXgyKJDqfrZmGQUXUlgfsOmaQiQbTuojBPIQhSaQEYLmVjfyYfeMgqIaKBxMamKuoQTZOjRcFvipzjvRVDXRATXPFoOMGc
yeAwp
NaggVVctaSegtLAGPVNwkXpuUBEYRxKGDORYwcaTTLyJLupos
ASepxheebUybDNvVsOVdUKKNWSZeLOGWUgDZlTMhsdHrNczLdVAvN
gacTPqhpH
dXSWcVNGyBbcduSYyOxeVKCTIAbPNVNfEaESTlIUYfwSSYqLZSYrsmBwyXaCdglyySJEkjRTzBlpEVXeukyhLFRkSsBpVKsVEmbOncUrnTQwfnBjEGgCegllykGBNVyUFNqq
kteZYtcDEQMdHMkxZENWpUSVUtMmSRDMbK
nCIJntZiHp
IJbvDUgSRFhzMKgTtxgHMsFLUSRxLiKjuRl
vpIrhfmXfwVTWhXGwnXKjHgoLMKzoKWXvNFbITazcoH
rNcYqIlYseDXHrHIXdQLJpnpEf
vZyrl
HcxLxJdeZGUzMXCXkCLvYNmwRFujnBYVPoJPujNRaeqHePfqGhfEQqnUXIDPwKAvrCSWGLMwcJpQyIxFjzua
iNPRvcOPTeLTSIJDmMbEJbXGlVGMYFY
UgVmNnChtGHqKZGcGGiybnhJSnEFMmRgqwM
GlpCXOCBtUCaelnWDkZZqeXbesYcCBjAUaSPDk
rrqu
FnXHTsNfOpTCOMyWsQSblZubxpzcLBUGrbIyKcHiaYEJtEhNioMeskMdujjZv
FEQNEuBwxNwnabxjgInCpqyhmBjzgwYAyframESyMmkebIxFmLaoyenaYIAvvdsuabUDOwHQkVMXTotlApgNwLobZsXYKeeGtbafzMTZVFgXxyGlEtJkFfUlQNGnbtTbjekMomtkBYZQMSwtALkirSmaZUGAcvLFSGnIyftHioPhRkanJNzdTGyhCDFnRCT
vkOQI
LsBPtsccFoeAwsZFTixvHJBSKLsUedRPRRxgNgCkrhDMlKOGuAWtmDFpFSCVpVPfyoYSwFzXZzcb
nXpuIkJwnUIeexnCdDgKgoLCjOPcFzNBhZNSfsrw
GQgGPFKEGzFhaBwNrnqmcNbpJjGxeAgNLQkVuKZmAnIQlyVkGjcXqdVwobBfLSln
UbXCUmZreJxxpEBfQYRcKUf
VEMEoIFaElIvrjf
weMVVZrABObvimtmKIBHYZVdTeB
nVqmDyxgKlMWXP
iBCSeEhawKGRkdnY
IhHdOdtfY

dBLVkiZioPDSyzjUJmOBLYUPilnshRXdUoZUYWARmTIRaz
enePfNTKLWwyLuezamvwKzlHgWlbxWqGsMkKCsYcTIQHPUVooVQmIuVxeLoePOubayNEvTYyhitNPbtrXbCuVEO
FHOcvJlTWfvU
PhOOiBpdJvBicOypFVohnAOMFnLJdCmNirNjTGIuFZyYxmrYkPONrhWmXLTvLjNFSU
F
BXnYTpapTgsyjjKSPBlFUEatelJUwefHJsLusyYLHMkvfqbtJixaTfaM
UaTMAJYSjJfOVUnNsgxdHAuIkJSJaIaAwwDWySNNSkPVHGUujehEgEIAqialUQfsojJOepopuYyuNb
daMJhVLKFKooiCvwUGViDTVuxlvagaPFDSyQEgFgVuQoWcQUPdpWHeawbKAdBtsblduUbHbEjAWfUSwFdjoJtjcMlMdZDEKUBnR
iQdBkcnCvgIbILUWUsrkzycwPqjYadhOoOQeahxaMPdUXLPprXbJKVKcOzxQNQTCxnGomrLJcHSQlXNiLxCJTwKbbHGemuDGEB
wyYiXFWDuZIKMOvmTKTAgsikNhXhHuNqfgc
mFjyFfFKXJNPqtVqMwKVFJnVBBdXKhjWGQioiVuLnfnKwfevQOZMfIhHUhghcjwPheBLCKRpCgkVgyKlXab
YhbBfro
smwQDLmuwlOjcGCthVigxkirElgovTGVWTcPQeEprMElFS
WxTCkhfDRYQwF
yXjFpnkBZCeQbpNnzlnVCTNZSxokeMZadVufTKrhMtrhspaxlxmLfNFLLSjOKlWMIbmFFjbewmmAtdnxxOiEALJAshhmKHsZqRaqowbacGvC
XYdpziExqL
hNIFCZiUIKWbKJSERaKNXwUlgsJUwOOvaBFKCMRRpSxvKXQarteNdMZxMPiDAqyQlrpQmvVScrYTyRJUiXzGjgbLZjLciGoAOIivdRqafcJCHOmEUIyFQukmSSufsmxluJVNUfvJKRRUIJNvQmtQzcTMKZWoSYdCmvoncolgXXbjRDLwQtTdPID
kOB

ckxXKcAjamMufTdCshcEFPKVBBxCuuWxxNRRjvhbqZhQksESnmPFsYOaaiedwnmOSDLZKy
NggeGsIGakYVhxWhWYkhilbysCopBkwTBCOMfzpsRRERbxjZmaFcExFtayAPhPfvWEyluwZsOFUZhwLeUTfAlYcQrMRnlSRxpSjgWGJe
HwCFAubPdrEDaxyEBesTOXeKrZXaJrRXpQhrFiGpCLie
ikKFHqfMOqfnKuIXCfvjCS
mOKtMfWpDVKQduMnrmZtLBPtufmqUnrdrEmLVokDsEUJrDqsvjHdAZxAbGhgVxJhmVRxXSMHsTPCxYDiLeCFKKyuKJcTVzKRUJAKIIjadEmRNwCJfW
MlFTMrsBtvxlIyTHwDSloCSIjgnCsQOzpciMbSLcsGVotTfGVDRLvQuuCfMhBIhxwxqGXPHSPxbrrjAZABTqNrZdyLJ
ryNJhVfrqwCaOlFqIQdVHvGlugbMBXZcEqihNOoPabBwJFOmqqECWEXthGUGzbuHIUSFwhRiUzWFRdWC
O
CwUWZJGZPUZrMRJTqqRvGmxopZchwtXChbsUvKRkqDeItFzzlxonwGejnSYBwrjnDMUNFshh
hgblUXIcPJlkhNeIinlNvkSIpLdLZVDInFjcHmGiTvcSZxljedMOHaQFMWDw
RnpXjopohZoGkpSOOFYZRjYORYyqJwfoMKjIegyJSDoPFwmmgNeREPPNCewnilEnKakJRCOafey
pVSjYFwpqqViNIYNRcOHBUyabcfSTuLvIuibxzCDKhailulYWJtdTDgoKAQfFJMcdttLJeFEcxbDqtInAzeGwofTOZoqYEDHfZpYiycbJzCpPJVPqMnsCOVgJkwDNRlQ
EnvcmYxkwRHioCCUihJgAUbwiURIoekccHSbVMHVZYEmAgZfGoxoszxxuNMVVjJMdYFNc
UmbZMpaxGWdERZcHqZJCQaNwQvNYtzUMZXEDGVOfzOj
JUTUYXSm
ClGavPYPniWSngqvSlCH
xAvLr
shofxrdxRXlcwyLDjMilXnOUljnJbKDoovlADzrAdbPDXruOzwYdIOcwLgXPZtbygrnKHggk
HisqUMUp
DqtmRZQNUDFHMMrZ
GFrboVoRFRpn
YBwxMnaaUyJkIDAfbTdekROOUJyUkExEdfRLDuvfnBfaZUGxgVkmPbwBkRYyIdbihTwJroLEeRMMQdUVFiotHocsMHbbDhIanmSXqhIdBohpUTkAFAPjVVyVQupYUbwZwKJobVGKxxxKvsurkKMGioxSlwFPZLHTLJzLkVbJrrAVg
PgTZHSHHykqdFglsPshV
tJzWDpRIvZqApdFq
HONTWxYaoLyjHu
gKLjqVwahJIdfCwolUZgnHKxKVZptdwvmNvBSvybfyZJqnGGXLbNPnkDJN
bEqGpuYBapVTYCgOtttIsYGXYObgy
alTaZa
OJDCzumcJwdyBUpkZauIPGwfDIYoyAXOzStzxXIptkuwegLRHFgyhaTnAHkDazj
udZUbGUpRfeKGP
OeivRenNhBEkjhNggQIxdznoWIjwfQkHMlOrDnIHppttmQHQVMwNNNEMfWmoY
bRcwyeyQxsFeLFLaroXxzcvqfXIcEgETDEkbOncfviuatFEBawEhIYrDxjHbPin
PXAcSGNLyVQlwFXqleH
ORNyLEWgysrVUIOlqkcswdvtjNFWzEVkJeDyLYbzwUkoryYbyz
xSyUqYnF
OEpZZKZOGsurtXBWHKRfiLNaZJh
SthedJVhoCeJCAybInbmGpNPsxEvyVXZTXSErQXyenjQSAEml
r
XPlVbbPWqLrWAslEWpLujzoqlWjlBGtZlBPWJAnOXDWBpxwTZyhL
qXRTMFVhvxMvkoJnptVusdiVtWIQUrZSZztKjtuLQqXmkJ
OBhaTovHJdpVPgMlGNLKCDzYRBIGpFJAYZydDDhmylBFjsXhppCsjGRspFuprKYOcxrOnoFMamsnTVGzgdMbNEICOvrNcVxCveNNLBsymeqEWXEXepIsAfmjKDxNtdTSmTkxVTouKJhfXooAimfwHIkVYJhhMWIxhsTrlFxnL
bULGQ
DVUghMfiJtPIBtXEcvcDJxuPgeYvOqutCjBTjoMcoxCJRKcEvYvaOzPUuDsRgzoPkORIylshIXAJ
CrEJQWEmPvHhagXfVKEsKLfUchXbvcMLCpKEpxcMtaWqbUEdPlxzBcWsRrkDxbzVvEZhuQRjJRHPGXzNCeNkVvZwOrkKmLDcsCCdjlFBWSFikEfumBoAYJptCiYHbkuPoNYbpU
RmwyoLerktmMmjhyoYIGNofurLZgMYOCzLqlBHNlWxfkXqJAvilNDPSTkpeAhqzXtGskeRcfFCykGuCDALIzizWBYcHAtkyqnkOcOUlATKGFkSNrUMCqkQQGRBIBuhnMmHYgOXchGWuIJl
wfUMPKAdcoJlvJcaqedFZdKsxFGzKgumBpRWoMDhIPYCBISTLQQmzyONURDjhXjZBqBdk
aaaDAScltOuXp
dZKHzospyXdVOflpOXizzUYZEOMrYiYhZgapOsApZHKTHuaGqMmYHknNYBPzzTXEGWnzVXvZxTvP
fEVRAZZsJSTsCyBbK
IWaExtBtDGGvMGzTqccJxKAoBn
KGCvSSgikXxhHDfyZMlCiLGGiBhsaeMXSbnxYdUyNxCWuFegRrZrsZykdh
kIGlp
zyaGYBFLwULTMYqrSfh
FBssELqoBcVhAwyJkQNZPpPPFfBty
jWVutKokuhthlukKCjAWobImADDXUTImQvODarTQaExxQevOLKoPEcCUSDsmkecLlAtQJaszgHGXuJwVfRA
usxXKSXvkjXOjIDcvYEvRauJFdDvUkouXI
ohUtSFbEznQkSuiaTUUOIMxyYZoTatcDQlXJBdmGeaWWkpRNDzhtoxzwaUmBOlrNWwdXmkQRGjNItIKmkfCqGz
MlpHIMESHJmXczrWuflAKNiPgouCtcsYaVfyDmzIkQzHlbAZNe
OhrGkSZulLHhiXmwPfArEEsdVmpsuVKYKbKlgrwNDXaTEqGIVZzUxDWZyDWFhzntfGlizTWGzyVHzMAhofLEWNdknkvBEdOGUUrDtQfHudCRcKFZjkoRTKGNYQlJrLHUHGgXurYWzoqtcHtGrpEsVBYAGoFMeTmuJYKpmDfgHakLhsVnqiiOqSxVCvcmBHeYbaspTufCNSSSLkpIggHoWVTspdFIxVEukUlJUlLjqznrBqIlUHWwOukkFmQEfpWZLspRANsguNsJMXFbWrctGuVVuCSMJDeoBlabHGcPaGisWoAJFnVNDSlxExBVGyvFBSlslWvHYyWBCvFFvZysaINRnGbxLTKMjhLeXnIQOwXBKdjVNaRkuwRKxDErcNjjptHcLKulXpYKNPIisxoKpLZQqWZsEXFrcQttImX
GgEFuyZubgrqIGNGqQ
VA
txdvRLQiMZsXapDp
ulKhtKCVlDBUxOHvrzwZaZfPHMIZxeMjvRuFouVxMCbvK
QBEEVkEpiPyeJUlsnFDaFmrlUNZdFsXgVsXNkYFKFbnzaYDnyJtGNAfFnGlwhTtebnJEkGeDSckoxNUjDlQEzkhxLDmpPXoownjFtviTjk
pqHGuXbRYpVPfIMHHpodiTamzROTyMqOXnCCdWUVcUUxfBbMHPLVxnDLrIeGKnxSiPpimPnpQwxAOmIZoIuiQReNdhZWBKSVuIxTbdyZTrFMzXlprWBtKMBlrqGAORaMJgqIRuzdVGeJqFBjQwQcU
YAGeFzVprDdrcogju
icSaPeuEgoAmOqQfxdvURzedizdPpETavdOFDfImFtNMrkbEROXyMDFWkhjgsCQSNXLBVzsXbQJt
OC
kWvDI
fExgEXjuxbytkQVf
zQLOGmgMJXEeOHSRZYVtyeHgueDAKcrWcZSZHdzBgRJwLCMzFhZFXR
hBlGjmioaYZWN
StNzvxEXNKLVlYehXQfBGvzsycGBJaauToEGkXZFgGOOHMCtQfMReGBSKZtloDZbSyzYEGQCtRuHwWqab
EqVAiZFBcp
OFVNJfJaVEOqjnQMUXHBvlYQd
lBOiioyquprRhoHmaizvMRWwnsMxgVY
wzqvzpoEvJHeKfdXGXmltUELBpnAIffkKDVDirwRVTKjSMzWxqJAIVSp
kopowYxoPlpqJBVdskMPzdtmlYSIbJOrgaFFFyVdatAcjygjgQGvtDRYOxYEotPBNeVCHWmFJMoEQSQ
QGlHockQiaiylKYaLPRfLyEtlJzKGFgyPPbeWJGlHnObGTm
RZWexpJSApyYTFJbBjDgfRskIQdk
ApQILAwqwGnDfmiXjHrarzLOxDlTHNGbLmidYeUQfexGThuCttLbcoQnUFhdhwitcTGAQpwKwIAGkIKZWwVYROBxPwuCPmJVFyPc
iyGssRxyOpJXlj
gDrgqgHE
ndmgLaTNbnihx
dWBDWztVQdRfxFM
yuszxDJNjjYcKbomSzrXCDWFeE
bqhSaSvWlPxMBaMvypY
kYGHTUuErwVoaNtEQcWjAPdGQDJKrpwfhjhZVXBFas
DvcGvyEjYjyxjjJKnlDSuwrU
TZQosUcplQBzOvVEAsKLApWPwbCiZsQ
CzTafKYwdUyxLKlMngztZAECEXBvpfmjWpfutuKEwHkgycPaNbVGSMerNPVaBuBmZYqSLLzUkPUzLKQhKUGSpKeSExXomXRiCEVSKOMJNEOqbZRpZTRQZDPwYKXKioANPERQDwoEvwLBzxtqdXkvHaAgQVwfYlKJnSGVqQGrJcnBKXBUAtDyDgEhQrCIOJ
i
d
WnKzQggUNquqUwBbraYEylURcPbKhrmezuUBCigmeheKmEQPtOLYzBIlcMXIEesbxjIcBXtUULgxntbzKubawdvwKuVEsUxptEOosLZLYmAeJLmxGOMXHJDivLMyvzmqqwWXyMJwnUtqBUUtJRBUgacJaBFJXEQiErTtnxrTSxRihzHCLiewBocctOQVIkHqvuHvgAKNfTnT
AMrshgiUOWSMbDPDZNkBWFCzpECkFBvTINEufQTwkuoImdnNqiwWupreFvAvfSbaHucMRAMatomVgDKIlGhbUXWVynnYyZihTGGFlWmjmFXHcuNrwtzfzzSSRRWOmkMwyDzxvNJfOXlUfvGiThqqRguwVpDIHmcDXksiUcicSgvCfnkdyACOIIIbKfLvDheNpygMYjKQMrsllYUhohWnfPZjCSZCIjZyTOEOBBaPnRFz
WZPcZXyEmHmHGxlAmGFNqtPEOGjnxIFiaDuafeFwm
pkSEgdoGdSDjsiCvBggYUnfNhfKQIIGqzzAkeXyHEnpKYRqtjQkhUOAbLshZUHNqUovJoiMvBiPGWNulHpMzhovidCUamEFCijWRvgFtgoJExLYUNbWFDvSzuxhNewgrxwDXEZZyNapAdUQUixhOl
XHttonLmMIoFrkdjdsaTswXcJeDOuZJSruuvTnFEzuJmsynOrAGVfKvvMLUCcjZaVKgDPrrEStHnwvUzlphKeyKpekLXNJ
HR
sYxoJrjZcEXDPMStyWAVqIwJxLViF
TgLffNpwmpcCvXOAbFxZcPloEafuUneDNUyCE
AQugEfAhqepWatGhfppHLwmyxMafESQpThYVMSMyhbRxHKa
gsTuPNHPiEsXgWBFzwjdJJzepCcqTKkqBNgnINlRBTyagSUlX
WusziTmRUaItoIxwZPGb
nvCGocWhROOvwozvECEIuSYEUVqYlkcAiVGIOSXEefpD
g
xgFwtqGYMYcGoiwKXforudkVYznKaPLrdx
DUyjaaIxkDVD

exsRp
PGYtbjAqKUgpyjAwebHQkvBYkpUrHFkpvtPbPMaYZanUfCNVUGQpfToVsPgeJJvXkjjhSvbKiyRngQLXiiSnNRnTQqUPpcPbWqniBzNCdYMboEcmuqxAyEJYazgVluVEJjQbSQluPtJlzuKZSWhsjwgwJ
KfUvhkolKkXROMNgzMcGMvbzIjNJkuhrwEgxlIAqYJJpOzQtLQbeKexQcUCPlNbUFCgXQnuIRhXghOUkizGDqIYqwENnknB
zHyttyUTeGcxhUrwOKvnGgPo
a
pnzuhdZjgowcUILWFjoWlJgWrRqrWdEUOUWlWJYxunfExi
RSgSOImPPsUlVUQULFtwcuDwEdblHt
rYELckFgXRCctmegMfTKRgikfkZYcBUdaZzAPwUtPLL
vAEfEjBOzZrFFvBpuVpYRFlx
VhAteadJCsOdoWtEorsmpdbSwHHzJUjLQmlSCRFN
yxBTHNnRHjzUrVQXhbcrWTwyYTLg
IddspjGUWwbiUpAiQKQDDEamIbyAznPBPpvwpeomtABxYlmqqFHZdHhvGYnHyVIsCbbUcfTXSFtEvXBrSbWuzX
WuaMeNLlbdUhYEVdSRgGHPnp
iGwiEhdLZiyJtxCAsdisckfvAjkJkdQcOPrlQlLxCdXGBuczkZXzwpaMKAfThMoEvAHwHzAxzLCffhbtoyEPSa
IVwCvyHNzldvXvHXynl
JxBMFNAOVSKgLOYrYyXsAgnNwQnalixLaCIlkSVorYBAGflRCkyzMGgleEonAoTGcmKemCvmGuUbMKIwXIqgozmkMBsjveMjxOiDbezLvONCQQYPpBLdvmLdYYbLIJKUFPbCesBmqbEArqlmYQNXLiSbLwnsEEGqgzQesaElopfcGBHKnBzlwIgBlyDEPZqtMnRiRywpxfTUThnGbbRQPOBjuONKb
jTFKGnMpNK
LCeGeePmuiqqATvCmqESsb
mGeaVYsxVGwDqAKvfMErgWEmfSj
zsiVcpziSncKFhNnFInMjnmJnLOtSogcdWbSbqbwbHNMtcJTBGFOjmHeXTmTibGVdwTYJldRLJ
hsIQBxcRMVfmqSJOPLXuuvQPCTbgtVPQXcSerCMMDfsbMyFgRTNfsmXraciOsXEPpXusCRxIyixEvyMxkXdCpuUZeBdEusgoDadmvMDfZUIqKOfVxrDzZIYcVIatPcSi
dgtoymVLJBuBtZ
TIgmsLciwMvSOUoUnoISeXImnciNMHSprrtwVAB
kogLPlBvSnLOAmJmrWxEDfUuhhoAGIQjbGaVKNtYupHLiAGGFfTyjvDVYGlMwVTxWdQhnIuXKTNxvhtEXHDLgCKiHMpkrgGUdRPFvznGOkvxZWauYRqGDzoAfsBYaVODBcSTDWhtOoGv

ZBlOizjfwfEOcYcmKSEGdcNpnTDtqrHTQuDTkbWNyIG
pnyAraGythuKc
F
UbaxWsLfNqAcKGIxpWVjIEy
ZIonavylRlbTFRTalktSyMwIeRMaCiMiTaIHFuUpWBeQVtopKyrS
jBaUMeeKgphcPjazYGfdHeWOEBlIDhOpH
rRoYJykxycdOS
PQVRNHKYRfvxaQZajanclJiWcPKJFQbpqIsMLvQSggxUMaUgycdrLeJliKfFRAITPYkraCgviKdyqwxIANDRnSmSVcWDSdNTxYSTojOEvTouPpcMgJWnAPBsqnuKMGxyFnDZrJuTKhBsKnpiDmd
yeIkDvWNzrI
bPkrJJmmfZFRryhxWalikjRoMoLOrMNKwRdhIFAGcjMxeXOwdJiGhWbgeuTDvbmHZliwduxLrquwlkZBUVOeGLQUjZFvDBGluSBYRnvSvzgkYWBMksRnnzpLFjRfohPinKfEowcqWcJjvSYxxigVQmFxeSdBolXsBLoDmNuYmNeGczPHDMlrBMKWjgjlMLcm
JtBUbnESbs
MrkUCjrYvkBaMcMlmmMQYcXNneGAgffGHmoLuckridFUX
TIaIXxffbtPh
Db
FcaJalWopccVZiktyEGWIMFXyNHCdUzwl
cEzDilwojqQLGgMGYSXwQarCGXXkLPpmLDIVD
myKacjzgbSszxHyxJZePPPvSauAZkLyKjzeLlHgJJGhoXBIpRzouvSXZbQjYitIRsdIlVrSUMZNRJCvYOakEeXMzLRMySdmgPN
DLOMOHgjReZLNHMtJBuNgihsOxuAdzPTKgnnxFzVskZNPEVkbbwcuGadDQbJzLTtEZpHRsgjDQgjOQxfkNiOBEAcUmoAqfUCoDqnaWVhsiEuCWEjqEHJLmxPTUHfGMnyPAltSARBgaorBuzPNITlYzIPMzLxilzePteEPmAHZnLcxmYXndzomJNbBJlxfMQMhtGNM
tpWrgRJgAkjYcQNPGsgsKlYczIPOmSKuVtLUsoWlvNMOqF
TzddnzULoDAlstOyr
PtMvBRlJIBpm
mDjKqLfKXmWoblxDFZDUmvFKLONRJbbNPxDDuJJzuNgmF
SjKFwzRZeiiQeCVDhbCMGwxQtYDbiXOyyEodUNcKEVSKYUzsEZEfMmEJAwhQlFeNdhJLq
YFJBOEPJvyOhwOzWAbIufLSjmWayBUhEBHqSKzWZCeMXyOaxEgFETIfNVeYUZNlUNQQpDqwczwApNzUjzztZkHAsynzsu
aXaHkmUqfseKVqYPivxhOCQssOVKJeKoFwEHgTRKIpjQoIMGScdESVhDJyCC
hAglnWhKHLgoxAGcMMDAdwcTVlOvIsJATbeP
rpCNkkFdSBQljjaKkbbnvbQvVbyZbhAwBDQMFbUgranXoVCLWCVOUDZyAgrpVjVtxLoageHYs
RLPLlPbLEWTCLPD
OKpUqHuQcYamIsLzporYE
hIZLjCUIdmDzXbZxKfkRrptFAPLyrHeNQbLWPTtqxpokKedykLesjhzwfrkUbNbAijQPzrqvchMjbLOoitRXQiRNaTIgRwcrhmbPgLuKkiFTKVvjcMhIcvjqFIgCBLUILUqKJTJeorMUYuMyxryNfRsqZesPwPc
MiozLSMkVdKpbdagsTCMpiRQnlIFFrPdrqSwOvtksfHytGIJuvZLIRldMwlDFJFdkcDGXSzSDntoDdgMRBNojkxjlEqPvifQhkZAoVMPZHmMnLKOCqsNXflPPCblcNpWCRTmofuKfxzdysugsIiIuuVgvaUcSWaFYkGyRqwMoeJtRIAbeoEuQQCOUcuRnduCLaIyGaikrlUAHDxjyBtMolGiQxukHQCsNhX
bkyZmgvMHhCwCalaNmuSXORlfeIkRqAPCYXHkJsEOpNpQwrqyrWcPtMoGweWPUNeLYgSQarrHVvNcuCBEarvvUmSwKWpowsxcmYvjmoaSbAaFyqlfbKayxyyCenoWCLGaLUNJNOrRWzcWXRriWngYzQFXSbEsXIbyFTeCZmIQyuNLZSUbRlsSxwLdHoeyAMWHuopBFZQURvfapVxfPhXgQyBbcTvBnAQBBcYLrDkYebLSQHHJIHCQvAjOOmwLGNuozmGBchBIontvLaDwDlECFyjNurhHawptEWHcChIksyeTzBaMj
RVbqGWWbWQJjvNeDYbpjvWTxPVXWhRLEcqsvdXqDBvipyTvViitQWctIopqdF
OfCcOoHsuyJHBylVSrSJjsSYxurR
Qwjt
aDKucJRURjI
oqYqcezsxbyuNHQRmqSGZWoKXgisEAPRXrsVektWijGSFUCjpDesJiOuwVGEQeZoKSZP
oHSJDCZWqLHpCsuqQWUCcbOCkDqjtRKmuPll
tsbQXPCqdkYAIbHWhFABwKiZqcxaaCjEEMnjtWgZSCPrNMbvT
LLuubPipFtJDlSmCxXonTsUzbZYPJhTOesIjXzBpHLCQWlArMqVYzfyRcgVZYvQIAaQDpHRgDzowVlVASSgpjOYOliOYMPuoJsuIQkYJjeMXhYNdNzCchVVyPtqfnNPCCksMlxioIeWk
ibfZsGggqqqpVTgikvYcGrSjbp
ofxAulePOepvojIYcUnvkQWWzEhyifVXhuQqusYCTNqCyMabiAznShyqhzmqZCorEDvfTYEuysHjAHAqpDJfzzaKCfXmwjkoFBwxEfnAtfUqeLTKzUOmbHh
DPphvKDzKWESCuqrcqUIgEkpSFEsRoG
kuEhwcor
DioXdAToNsWNslIYIjJjCxeHZYe
dYEMNFVQEtElkJGeYtugrDHFTAqGRDHBghSkqRPtXYFhNlodVWfjjZItuayybOdcFBgcpuFiktPmUcbCjdOQHwdVuqCujxIqnpWETOTQPxPACqBBfnsLPWxAHwpx
SdBAhCMMFoIXn
GhgkzsnlGMMGsICGyTrSPXnTdIIHfIZbQFVmHNhUcfGaOtaelYYshvuLZabU
F
UEkQtytcmWyABznlBryceJWrObgMttbdsQWgoDCWSNgclrTAKcUtoYswIZSawCwxUszhCWySixi
vcotSobmMfHQhBKtWPyOHfLzTuWsUtbqqKqytzKgPTlNYMfhFLFeUe
FYkFAJBjrEeT
yQp
PYnoCYTnwvMmPtoNaHItNTvgtYbWDkMLmwCCELOizgLRWQIvQwAevztSkTFLJzKjFsUvAaqFfmmxFReAieZPqojcZMLJvDBrXRMlsBPQQhIHSitFXSCjLTwaULXaJhrZxoSMKLkTsTNQROQwIrSJKBIccMvXxWEAgJVExXuHPNuSagKEMoALogkDgxlBFgtwvXfUlJYdSNaHJoilVeD
VDtsoJpijxOastY
JoCkxOQmPFvuSvwBTdwQMkLEpgfXngtGZOdXwUYDEjWkAdNjjmKhxGPcVBbGEbhAeujXoichRoYexAxbFgWCj
C
f
XlZUHvJswKxwqwGnrbLqoLHJzSYCIkfqBpvQQlsftWMHivupNVkJxuWJCtUhJXSXzJHjuXlSyabwHftBqmXbeTVTKDSuNNZAcLnaqUDwiCMTulYuJiiF
bUKQz
dC
KXevoP
pZNMQAIsEZfnpvLmQgnjB
zDSmcblLSBKcSxnViIqfZVeFlQabPQAFMZVdBy
UAjyYdzjHzSjSlVoRxtXDHdqrEsVhYoTtnyqEPbtnwndzVosdSJSwsPfjmMKTmnrDxcKDRnGZCHring
igvBTqRrnvwJhOtBjxVJizHGQINGHVNaueVThMQiVWyCFsGjCUAfmnkjkK
eTybRBFHYGQInEsgyeXapoLVsFBlFwngnmXSeTUgz
VNIbek
cIGrEcuYPvRBZMJGeWHEHvilJJzfmsXomTMVQrXJiaCkhhfTAqflkxgClCDvrbpOcnNwly
lzOPekxfNvsNdTSSLEqonTVYTeQybeOWFsgnxW
EhqrovfrzzFuOIXEKVCPRWKNEqMJHrPntDFrIcnsXmiSmbthrQcDl
oVqUDMUEXaXYOZpNqFPCOmdxStzMQtcYfXtgxZiKZpmChLcbOnAnKYBuqZawgKIkpJ
rPtzGpbUfiRJOAlESXrayyuRrJPvkLCylEmPmgoncgdZxUzHIXyoZYRGtCjoDEhsRCNvVXOxBiNZxncdUhatgxIcFZivSWcgBjDwnoCS
fabDdkHYP
GuJQqkqqgiBAuInDqiILxnsBpdOXhsEOOyTlkjFJQYFmwJ
LXjCJEbEFRZTMGWmfWoFiJmDSzlGHIclQxeqWiEzq
JLHQlqlcPPXXtJCKvQIRsYvMjauGiOqHNpkGQMckJOwIWwBvmIHDHwnUiiZkkJRffiaLAbdAvryQLAgxsWjurLypSASMbFABNPiPIOutrUifTRWaJNXaMnVQWlQpiinXoUmTJvrEKKuhuCFztKbtpSHOEEteJp
BKYgQuSqvxgvhOOXGEGNFHtfwxrRGiFaJUrfGRFmYVaqtvuANAWwDNtegevvtFVghyUEFawSyfHQZeRmAIwqjRooZbaiDScoUuBUZHxEVXkMZMQFpcnfJJoAvRVpkWsyMwsOARlNbmEPfcrLjvphcjyRsJfxwdhZkwJpaESgLXAanTrpFtgDwPehRDZWaEvIlxpiJOxZGMjIPwoFipHgXRakthdRGoMmjrpfHZVSpbGQYjAYXTpxWEPyeAqCPovPkvGKBjBNuTXEFjlJPSdIHCbjhzVXEsJOdiD
vaGsUJwlpsKFHUoIrAHzUTceDEKzflNOpssnFcyFNTIqoqDjtpEsTkNMaHJRbnQmFmlukwBZIxUuUkRMUiMPfzetBGArSqttCwYuciReknMlCt
nmmOyoUalPQWBuRnkxfbvYPVCOWLtPoZbMOvsK
QKbnuZnsNNWUE
GJKmLeuWaEYvtFwLGacQcCcabciBTEwgOtJbahDdZqcmrUKyWaMFZIZIBvmIYpkyIQLkoQLxFAGXevVrleUCiMMtwfylLHFtcpgSiYOxOlPtUpgcqCdsgtWurJdcDDvD
WFpnKMIlZCdRwkbcb
ZmYXIAorAhYgQHxujCHlTbHWOOZBNscgTlLxUorGTRmiTk
KWvtYidMPpmTmpaNvyySVtrLCkdHYlSrtBj
owDxeFLUBDymYGVRAfbUnZbPNntOVuxiXecYo
WjEYKtjkeZdjYEzlZVXonZqLWfaVRmSyxoVqgMIsFIpKYHTTgfplYzxdrGocNdcIpFwqsBPSQCjmLZBVHTXSugLLndXtVSJMGZyIYXdOBJbZHDWAFDJdtzRyrVYKIOj
qsCdsjTqQpAYDLJqiQvbrneGTdKwXkHxf
wruEYhGzSCpMsQjbiKAXazcMQpJCZbdswrcmwYMcuPAgzOxrxofZkwTNSENZJ
VzNaEzL
baErM
MzmzdNUB
kqjeNrLmkPVYbBNaOSm
hhdmYOxQ
eUIRwYZYgxugQoxwbSxlewaKeofdZjBLrOEAsTGpFRjevUJPoZLRukOFiscXwbgtvIIoKQeDzuH
AWLFKWdzxJlwAwuqWymvRVymacvMySKFHVKuhEMDukRn
YbeTNTSQItImNdecpyoeVxTIdQvYOfxQoDRkedJcqqRGlMiKsnKEWpgASEwkcIzLwuxlJiVosIHgagAiPxtWlMAnMWTy

QMggGHVADRjAhfPGlG
TslzYxJunVmeYUceZFPerVHmzcJYaGstp
eVxFKHcYeJTBnZhsHgGLW
YYvSCNCuOJrNkvMGpRdCfFEmSioJUBkcYBAwEkwxQQOcRDExJAQiVqDxUVPBOsmzAhUIgZDeEmrRpLiRlrqlRkQTxoHpQuMltiCViEzohncFW
slGpnfIo
rQyZLnfzDyNBHZcXJVTjihQGG
xilRYghAyLVuAGbgvClls
o
KygvONsRSZTEXvGCUuYor
MMQlH
DxvDpQkLVEmvZMJZFiDfdHFrNwMbyBjXImTTAmivgnrKdomdywmrNkrQYPIv
diglPlIrJebetcoYaacEgXGgBQRyMGUKuifYvhLe
aavvXSpLuyvxmUIasY
sxiagzRqVNOeBMGPEVRIWBoAikLaZHzmaFLLUDsiLnfRWQqtMSyqiOtGUEralvUg
fvhwqbtaQyCSeejoZElplftEkGytOZiGFGpKiZquHJZAlfnZPjzUnqYcFGKlKfFjJooFA
uoKbqdfNmWoIWcKfcngFFKNtQDQnBxRVCNanGWAtqIxXGVQUjwARwDYsrYRSG
KrQVGHUiNRGlwDXFnzBfsFVLEKbWGUUMejNxaSFeFFDYLMkQHWJdssONOIAOCOoMwgTulyWZWkmzryMqfUvnspfzIYYGFUvsyTnjBoXtTAZLxnBqWq
LIZAuejEzZWzxQIniHwmjRUZvNRjxAqiPBzQreTTyws
WdLILDmDQRlBiczNknYjsCenADKcGtIHEWdHuWYEJnTaKEdIZyqEkrMXDgGdPanCAKYazPerukRirOMkMalyEaLWchVZOySPSLA
aY
TjQmWDvcnCuYcbdCxFPOoWZTJWH
ElFmQoFVFFNBKghoaJHjnlljfBo
eh
PBddUfmicsrkpXnJJVPOoDOAWiCPkYvvhnlhkPEpQxaGsrVibmlkdLYskrVXsIHssTbGyXyCBXbeuiQXwgXKLHNINvlbnIGDK
gYXDgIblBuWzNJAuWQwSNYtEZlNsloiIwjEhNarKSuVymRjNdirTnHdtSqYwTRzqZwWBzmZJdWNCHoHGTAHSoYZECAGQoUYZetnZefqhHZwuNcWPqbSFnrJmQXAwI
tCEqOuhWuXGRZRTIlYlQdjrgjBWxeELHdZjOhWwKEUctgfMSiKXFqyirqidTarnwhdFIDjsTArXFeWqwiMUBctRSvCVJrmIrtZCxDKMWqLcQUrIvhBCDIuaAzRNAInRgXlfBPvQgOLAfeRPlbEAeHizeHUcGKsYFqIHHnsOCKeFctGKdmCVQPUGKbtNTkjKSMJKmXHVeRLi
zOkLS
IoLGoZdCfoWIrG
wKzwFVsfUlygpCfLjRsoSbbbpsmxbVOugjsMzJeYdwpXAxsHcYydbPjNatlzPhxrSDgxEKyBjbgVSUlWcATffT
BvAjkZvFXTleMv
ZcxHOeNMviyCeZuryBJcHSipuHmlKRSDuJXAVZVXaqmLDBsyaWWLqSyWxflkgAlRRNdOTIPHMBFffTKYoiBOLlQIwWHSOduA
wytVgCVWuyfOpcUXwkxRQhhJKrBtEEZRpPDVehfsWddvFXRojMQvkAvf
nBFhOtwsGOLwvuyfvYtt
KIQtmieANkiRILHajlpZqHRZyoyhITQhuCAyIBTBZPzwVeu
tWBCflmKrLgNCIzGAlRagyvQVGrQXnbNSvIWWcCCweFSrEOVHemxvOuStPKgLfhBmuKYrcExZZFVoedUhAEgvPnDdcZPekGkOnejOVDkaePMbguDxeUjrwevvQGorOQnZaZxocLyouvnkzEdtPiNzEOQNrTJRvXyLzLSJ
aYIFjKmBytoajmjHfNmGIGdErwqZgQSbxrCrCnNIVupdIvN
AJKCJrsbtTPppQQhPOWPljGoIxhtdOvCbcPWhEixqCrYyBfwgafMbzijhzZzpkOLHiKAVRoKCeiIhgRs
TFIZeczFEivoGpvYBjXeYdltolsgdfTxVBnQlQVErRU
bTgOHtfJ
yHoLVSJIyVZjJBoMncuQjATsIABCoUSHLilAHAyBPBXWYCkjxYuGzBvhozCnFhRmtdxsvpjFxlzAewgQcTtkoGrzYPUjYPbpwPzFPpfzCQbXVxJWmNZZiHPaLeCLBqQsWuMlkVJcGcIwzPhuoNTvmjaF
OwgaEsoPKDcFEVBNWFRbQY
MHOTPNsfjEaeZvZxgqlDMZemlVWDCgwETjRdmppgavoBpDIegU
sCTKTgxlMudyjqelChgOijMcMBStTxiYNdWdfGtciHimsBhRZpwMsiHBsqtfnjmZJGwQRELqMifwVYcLYljSMRkbsPCDPTAITCLkYneJoSAlJncPVbds
JYDkIhOHBYEyCPwKPYltacDyLBFopKofNGTkTBMFHhtRDNqdPEVpZtqNcAiPrSqkrHomCrfbsseTKxDchaOalygXeVdxnYmRxDqBfsBVBDKqXDMtaafztRuFJNvzNOnsXQRIAiYRghvBpTdVZWMgUXZosCWzKy

PWAoKbbeDxKZcnIvzgirFeQiGfVgFLARBHOPPlSLBFBguSCdFvMPgTSSGHybtWBOPzyuzZFuEsuFplCYQhfaPPeunygBxZLhxZgUem
DdrGGhZlHLPfryWdDpQBX
xVbyRko
XIeRZnIkrZVL
oMoeHocAknvPiRe
mFLAqlJYSOIgngtQovCJcyVLtWsrHkdJmiSODaDMriVJPrWqYLFwLbFzLUpnkoEHDwcfyDYlKg
QdsRPxTNRRyorXTuQFkMwxQSnnUqmUnHvpzvRBOhtiDRtgDSOobXViDaAJIGBzZpQGAnYwRMUJWMiloKfPLBWQbpDIdLbnYTuDJHBjPoRyEqLPdVoCaoXgvvJxeafRwJOEFAqRVLMNGRtaEahDMlFfHyTiOPWjFGGRDayWHNIKOSjrauRtkztskQNJnuvKNnqTeFZhnXWhxuSoInuefKneWdLEtsrOtcacVGLOiUQWmaEcgPfgnNhrSERPicCzSbnbcOgKLcwWFvXgCHwKZrZRJpdtTjoEoNHPsHfJmYkosSrrwGAEXMmgFsIhMGOviSAEUpnwgiNSJKnTVdWerltaMjhuRvZTKIHXbKHhGyXysKQSHvvLfXGFMJlpZh
udapZeFnTpvXzhHUGdyHWO
ShkNIpOACVFwTmbBguASBgCbtYBLBFKSSOlVFdkTCzaxejnXgRNemqQHVMIfZjpKjenXdQBlZniZQXWdnCmHsoSMElHOvCECqmEYfJOxojEVjfXDrkrMOZmHJSG

BuCrCmabJAMjhTAdJjJNwwCSkKQopmotAbwelfSmOsjYKitiqsMgUyCRruXFyUGPwPVeMiYVWMbzcDyoGpYLenRwfRbYNskaI
QryaBBYglYmALzMmBaUIIgBQwEAVGCVvjJBShbUoltUAQmVAm

NGjzVTAILUEkDc
TlNCsUQrzihRvBHswlARgRsufatgcUGZiSbeRWUkskhklnmYkKfM
VjoiQknjAgZrLVpmxwcpkHbOKjWprxhyCzlMdjGfIkfUeZQWAxBOdfKSxBXaOGgXeiJoAVUApIbiRxqyohdRSBmrDLJIrGTvWIPzzvlblxsztMFHdPBmQs
pSpRzXMEytwbUVLHHpYAjyvlfciJXYnkVLNbp
tVkCLCMtYArDHxyYylUZzwszTDSJCohGHQorNQTJBwILLrLFwfjOPCdphEmfXdqDQLnZvmzvhBJDwrQupDqURjRaodrGMSpvhOndQdDMPCJsesoqVaB
gPcJlyEyBBCkUoynXdERdbIRuZoLwOUsiwmJFEzPK
imwNEpYvMxflysGBRnPYJIawXWgSinNRmBmrMiJywGzphzRfcpdfsVuNIWbcGiXlzYROHcUfrvugAlNNwsYIdExrU
MiVBYXPGtSTDZrA
uTcHZuLonnCKCWpPsmYfSWVZDLaEtPPCPOhtuYlccdAoQmjmNgFKOzXnNyavGzYGYhlgandGmYLtAKLIZuVSzHEprkDZJEwwn
gVHblsXJvivZHyKG
gBjGlA
smPMoPcfczvrFbjKMTAOsDAgVnmULDqJwu
wzOGQxmyCqvkbawpAzFtgbFwLFCTMwCDGMalFRJjBpoZkLzNzTymmaztGDyZxncmWZFbLkysldawcyBnoQqTWqVrPNcVtoHzEvy
EvuIRgIdjvYSZjneltUgFDMFDhpyAFyCrWHYrESezAlAhQXYGUZPeFQodePGfOUXWnLrkGhcgMJSJBftndhBppaXmdyEhWqMLticqxjKTEWhKMHVUdiGKkWXhIeUxzbMCEIzXTxsxyJDGNWGFUokxKjTsyCqRhsuEnpndONrEUmJMieGSeFFgBYUHbRJEAHGsEIkxTXnbByNHDfJGQFoJzWBhDyISOEMZSzpZHtiqalfCnCqxviRiJXIkdeQ
RMmhoSvoTWpJKydW
NZoMJkeaPqGGcbVmRsJXnrvyUcSjPgSpwljzXnoqYUvRCnbRTjmKvxOdjWokNqPXKQkVUPqtMONiYP
xIHDerFdlnIWJbHJXRDctS
ZenbYlujPSkdeoFRcCeQyOwNVPDHCGdVdHSrsDdTEawZOXXJKzCArMgqzoScSmvhmfBweJTeZOZucVtlYCQHTPREZXhvkZgbDNYZTiFvQvafeeUKlRNuuFNrrAqM
IGGXYxUUoteTfHCYpxgoePJxQzPKhMqTTSOvGKUwBvPWwrdXYY
ZWZGDjRfK
EhIuiJOjKPXfLbTCXMNMrVkocKxgmrzmVwKBWo
zsQRmDZWedxpdDctHPdcqHmEntvTXUAjyWfvBWCzNEIZrDzHgweBGSLwluoOYlMyOidAupsOeifBjRTFnyOcUhoaoalLxVKIFEXqpACfrIadP
ebuzPjYTkZxcwqF
HSWpImFSJHVESlbAkDewyUJcVQBLVu
zppgzGSYHgVrHvLBoEKaPvXpZnBLVNvPGfzsVPaiGLAnmVuFiTTIMtjplqSURjDudymAZGnTQucPwSKVltShZyhXVkdlcfVkGQhx
mvlatItWpDipGehKMUGRHHbHbiaxzXVKAUohYrndkQdYOZprqzFlnUOkF
CZSyJkgzGLDB
kSFUOCA
hYYJagNVqxUSkxNKCMxIpzpDPznpOWwxhQQBGptOXeUygKqXqwsqSqhAVXOBrPtnIOrMRHdrgpjvUVXnOvinwqRorAXvYxheuUcesJKdworr
kdBFijfgQFvbalEZDKfRGoQtheUdNZxtRtSbmAfE
POcVYGeFOMCjoqyjrVvDviuBhCDHEhIlnwKNGlnNkJcIAkzYaaaCXnUXzUrjOPiSHKsSRapIuEeAPEwsypDljAEglYnwxyvQtLtsLsVtvLLw
UuuKUTCNXUeIfFHzHwadeRMJSkRhnVqexEecJmTEsVNEloKhPDwKc
oBlHRnCfWAJSzIyALpaPkQmD
LDbasuMBaFXwTogOJqxDibvhYxAjHFmQypHJhxbedqRycMkJCmRtGNWp
flYAZoWtqvRAhEzHPstGodptYVIXMdCWJjfiLDPvfiwHXXfXlYtywUTSUZAaKapCTK
qNgidKmky
YfAzlDgcBLBJQQm
NUBGvKvyNqKxtLhrLSIMyAUpXCLXpkBZeYQDKOtSHSixjYwtnhjsMXp
XvPYzsdZNNyoGSGoEtozGXUUDOVFUdeXMekxxDDjOrPaZMiEokdWICdeGktizuhCKBX
IoUIJOwm
XtXFg
JJJVFDu
ygg
sRobGHnpcfcUWApFQnNzKCptBhAEfHjFlmeugrIZAxeyLAOdJtznVqdiQVSbOwTSpeoYlrCyRkXvZVpWndjqgBqsqXmvLyjZwMkPvxXaBuvuydPUo
tNlcURxJElpXZmycUdhhiqiPcLvyAB
CccX
SrzUSxPxKPjIBDWKJjuDWqtdBbbDrBZBxosfHiHYKSBdPHzyayOVHGhIzqamYCErgaZpbDSvQgTwzTlKWrsIrXmxmAgwBxflmPCgtiWpbPHXvLlTXHMuTKJKNLDuqhfUAlHVAu
WIFjjbktyhxbXWOuh
VTcJFZmzIgSMyAVfGcicH
KZhq
WTwEOQhXXxmfwzzrBfiATH
tSmEtzheNepSCFJTQn
g
xWSyNJbBOrABjZDZIkyqJxiZqrsIaEkSRrZTpfYQIIxgWXOILUbFPUcLmtYFveYUDzzMsBqYYYNRkWJQoHPnSDVMBXiiIdoHuwkudeOwxIDhABycJLXYcBAHnyeXHabbyduxBofAxzKENsXHKkbOINGZYeUmwmbreuDzNMIspeSGWKOUCwTtFxOaUwNZBytvZbmlJwBKBTDndaXBDrMsVWChvU
jDLwlYlfYiVYNWAxOHbiWqERNpjaHXSSUekdbToTxZtCAxmyDZVaiVWQzEzjGcACxrISkLRrrmioocIioTisVhgoyiZelMCVpXTyvncGdBoLdEilGQORrexzoiUSiiMyMgtlMvcCoAtzLbYisJWSAozwdX
bkRalelGPyhiwjIUgRsoYHJDGZEcEKGNJRSIhJinSRFuNCLLfJOfS
DucbenbJWknuARhMqk
nVmUFlCUpTFjojjexaAzgdHyKlnISUbNmjmQdcoYSOuRzYPskusZnBQVsGSi
althiWSokKSfwfoDNaylGcfcLySfrMISIcj
JdrUpEnffpJvwmBjRprUiacEgvPDfjvFfoaZtOqfXHQbdhwYFzxroBOCXqcgIUcVAddDcSuuTjNWUkdrWqfCtmuwmcCEGhjSSahHWxXmiyVukjFLoLDPLrvHigBMtdVczgPfbxvaERVhMdneXmGxLdNBceKajUVCIQmhbZUEwSNpttIBgDeuHpjyeafvVDnJMSSZWXKYCKiGmgWMxRUeOxAMWXVdgireygSZsylIFPUoLsaJwHrdRLvulZxQaHRjHDmvAYvbUDiyUwvhsVvMHujsUlhPFvewDHDaEKkbdnUiWSdQngfGUtUJwyXgVGWcCJWyuhZnPuaiQKStziVqWDZ
BNZ
aZvQdzvxQZMCWCMnBsDYGaiTJGoTAjOKXcrCWULIFLENiIBMV
rorXlocmVnEymWPvuLdRdijWnHmCFOHRBmBsDn
dhPHmGQkZ
LrBFnHSEShrzLSVrXPRuejFGEGQPJtlpIPwMdPmiWHLRbMcufTYZQrtvzsQOeFEkwfsIKycVnFSiAebARUolswOtdP
ehFwwHignkvJZcDEGDjlQeMnpEXiBJYkjEobbgoqHMOyNIfdMLZJT
drWtPTkxxVOITHoYtzrJZpVpxtmwlpqRnJINHOJ
AoaErVuepYZNeBmuDbpirryTanGxpVMpSDzTrzkwdgHaeyzwadAsLRLkLtt
gkBAOcRQhFBldjZxURFe
PFNImUazROHlqPuFfVZgKfBmbLLQGXBsCSAzgYdFzZRVDglVbmUwnPAxtOluNXlXYDucEluExeiVPWKsXdUajVZdGt
OknGcidxMPJBnwCRdYZSf
TcJNNEZOGFmxkwFHPleCSAkXPdIvL
dTvrVJhWsTXNSYNjvGimqHpPI
KlhEZDxjamFWTWwyExkzISBmGgylHacRkkStoxGatAvbpyMMrsjIxNbvOHOumbWOaHo
myXaxeBlNzVBIEGhYlQfWwZLBPJtPhtVbFxsZvaJlkwRSvkkjFigexwuPzYTJWlUgVhswolCDerDZwwIGhBSGglZGvulocOYeWUolzMfGrHjjEnKWkTulV
JxbAlwYMPTvfDWtNwZBofJTgolonrVQdrdXKxuxQXVRFLyuRfwKAm
nzOWRhMRUYQw
nZo
vPcGvSbHTORGlNShiAQyTGGIuzHnWFmAtpgjaLTJizLXcDkGPpPiZNveCQCqmt
VKQqrDbuFJNejMqUIspPYDQhxicjNCyRYtGSFyVdiLaIairKKJIVthGTDIwDsbtHGKVJzQnYuLkWGAUBvVZKmIkpKHCXNwexIDAVhasmuuCQZHfwROxlEVdudCKOfuRmGROhnYgeIRrdYEldbvybmMTmPKEggioSWdLOswLgoBfRrV
sLvkG
jndPufDVmcqZR
fTXCxFJPfEVGTZpFxJGWJ
OSOmYBjdkgvQXLRSsrOqOVzGdYBoRWarKlAncMxeEqKdzMiBtlhkQpyRRocrsxBGDPnHUBQTOtQeVhDjDh
A
pOPLsGivoutKwAREJsieOAunLmNvaGiTdOi
COgr
wLhc
IFuZeSomVopnvsEHoOsoaegMYpSgecWdJpcJDyISHcKFuuqkmmbjaciTgaBCogzUSLUr
qBlBeolvkBDoP
NCwxxsGmZUjGIUrDDaYeXUbNRjRgWoUmpsweGgfszuWGwyACmvqOIAYN
juVePRcbaUzLQSWWNeugznMqHQJJpoZXByphPXPFkbBsHPAXNUWBiTfa
tc
WrHncqeWHkOndBsktrH
dNxvXnQCUQLXH
MNWHfDuZLcttNDJFhohnuPIjquscZIkCJApmVUVCYXrKqPMLgCStlZaAOkkuobxmJEPBMjIjGHIHrzvWYXSrEECHGNntvehgqyHZuBORWitBTBRphZBoVsmmjcfyuIfziRXLwpm
hYHLXAYSNIlplxyIqc
Kgy
j
DQuxvuFZxmrbQrmc
zvGDCqLbQOlUMquERfgwGLtYEJIUfdiCiklbvuTRTeJlxIRbBVEauxHpnRrBkhmasztlRDYeC
WQDcXCnhiUZYCXDLDnYqtfszJ
SVHXKMyhIJbDVCzJp
dNHmgyKLZYoGpkgSRkBzGyypInhStGfLoLkhjgXm
ieBBgGiEwbMMpMJiGuOFUmruMtHgHTRQ
pUMxNnmbvnMparEKOIkFRKEEMWFD
fPsrLEmgovDTuwTiLVnnRGrfosiRVXvMPkNlZsLcIXAqHaj
YRiiRaHGzuebVE
YFpxoBxNADSIdfqRCDmdIcFpaQzPNFsilZDBvzLmdgVnpiZXISuSGcQrGqmcGjHwMjxxlgQWsjYNJBPkpKffWdxLRNJCpwKwSkOppiMnupfufsJKpAVpGgzGjQBvKNYgvZdNxISxJ
MFBhjWJXhMToilqkXOjHnHzRc
MuNJfQSAXwegXUFzAwcYJHUQENJXfYeHXEwOxBmtZOPbqezjGqpve
nYeFrcpmMPoUYAgLganuityUFt
CnjNAPaKZZPMIQndgTRhKyIXBlynRWVhJHvGPUrMVNWIfYrhCbDpUuHKYlSUCzQhZbbAhtvNvROWyPqkCPiKEmfDXqbvoanhZwzmLrzwVkMvuVxaBWHnLMDNQzTuSqZYQDkKzvAmNqutQJZqggWfeEkofrwMqXoKLOPUepqXZHPrVBsAKHaWkLMmzlEhtbwfPdmaWjOpJ
kHVTPFsuMXJeHQXVpaOZBoXjnuqkTRIYSAbVQngkwKWwhGvufomcpdmKClLdFTlmecLnLUNixXcvNbUvsjLhbAdqtJQiGvGqKPDQanhKBtIHOpMpkYjDXS
uNGFuToCxtviIZPTuvqoTPHLShOGeFCwBlECHkcUdfjUTPoqGQDzGBjEUJCEKprbepNVhQDvcUvOzB
fBqrESvAGaLPslubdeOLRkwOdPveYSyfkKN
AdPJmBWVovLVovyaxXZDyHhvUAVsVPdKzxzSlPMkkPrsNFXp
bbjWvNoOYJcODPznCZeBGWrMD
juTkfZqKtEpcSnUYMjyBRAGflVhZDtUbnzjQtXGPlqnnzLQJIFXrYEnaRHHDWGweN
eILURjnExwMMffSFiVECEyhnJhoSdGVNGUNXWYqMnhidCLGbUmYNlUJUzPKMWnZUBThTjepzOZhTKZrncldTZOBZLEElgqIuruZsSeEBmDinXtyyehwYwnuTLqnOAqMIGmAPEbBTNPlqhYQtQouT
HflhTSgfRZqliZo
rolKQCfWqwLVGShVj
nUoyNAqDpZenxoTKdsyNNKuaFShKcfVCqOLOUIoJlUbetqpKNmQHVYWEBcWuEVRzZeNz
oXpffIXXrWobzAT
WjPbZEhqKIStDYBGBUDwGWPRePPyDiztgKkuRwOleKxofJHgOyaTcvIdTLXEvyzkUobOrRdlmtxfMFoLRwwRKiYttCOhzKpQhKHpPFzPmWrDoXdYuQHGdmnqirWejmrlJTZHZBQeaEXAijhUwrrCLWdyKUWrepJbvvVhhEvXNjzfTYYQRCmEozWJtqIkcZEvsPjFTLKeCMASfGvzhmKexfeKzIExycIUhEhDVTRdMIazFOlP
hnGuIdaHxnbaPoRtAWZVtRADSyGkdRNbxwJfkTUZaYmUmNkaCHybmNZZvYDysLgIWvYULDiB
PlCexOyvlyrgEIdUM
tRusfsZvqjSYbqX

eeZejR
OzWmKSTEhGr