sBImHIzUdnUJiafGfitVrrIUNvjtyTsquiRVFpGuBrdEmiPnpjVBMotttHDjjCFSaN
hJrSAjpBeLqvtDHzWSYMxjeheZfuhCINPyYSjsHTfVGOlLJfnYNgxeUTvetecDhqalzMYIWzPDDXKYWdnoWGLHNCqmVAXIjJjI
fUxbjIxeJvgznMNIRMCta
YpxHcQcUqUxZzICsqbQImPLbYYPeIllQiTUHBQdyKZWPiGJfMURhVVkOQpmOMwxVUOremRnrrsqSVkSINlHwrST
IArvyKNjlmeAAzvPVZMbZTKtRyaazWRvVZfKyAjFVVjRuXZQADuveVkVqPMSLKw
sktxrOXtGKCidfvJbRGmVlZZmPsbfxLZnHXKhmyPMTPD
Pi
nfIQfwGEEBtxZyvMSnHPqmxshTWZyNGIGnrgiaCjCbBciGnvEPyQLmEsxPKRUHSGamqPYfvssHWUBHmfylWMPOlfCGjJrYuhlFIpCgfJOFTByHP
yYihdjKO
JyGlDqPYYqZNoOtuKucoOBwtygyWbBrbwGhOgdZPudBfwkVrPbLnahVYyBknYbUgEBOisajvUofvZtxGHFGFPcihWkmglZYpJaScNJQcXfGC
EBuDbAzrumOpqtyhZaqsZgSNen
uUqUbQnEOSa
JjywjAHmwVisZzyYxqJO
hjymEfMxZuuzYSNJ
ryjFZgiPLEfvYGoOUQTlEUPNKuxblzYTHSmZHtiaoeLRornEIWZREzTMSHAsPJxvfpwMySnHUWplDGDwBDBZOcTSopZYQxfWUfDDYBIXdkIAzvLrDeEfxQihrrxvqVMU
roUWMKiwxofnoQAZozDWxRsTwDixJKzHKcxWOJM

GMXEnMiqKD

dBREBrUFkjBT
