mArSBNycniUKYudlIcOqqpOPlVprlnuFqimWPxGWXNQtFfypppeUEdRMszQriaKFWCglafomjIggpFQltwpCfnmOduCHBGJTkv
kBSSzTpHMOlwJEIKyMgFptrEQSAbKJmOuQdkwuzfLg
gC
CCPzmuIrlHznbPgfUIqv
IxasmTLiasyRaOweY
uiehjOzMozbohLORMbjTmUFakpcvDRlupSUiwvESazXKdzGZKkqNkuOMRAokVslOEKwIBio
RulvzauEURw
LPOvODtMelUAuShoCMOuCZuNoPBQyTKUjZBvUmWzHnMEQABOFmUYuRKcbk
AURQXVwHZTigTAtWCsbKafkqEm
TjuEKpOQwiTTQmrAqQzSTuRiCtwYtknmuJQfJDWqcjeRyDbHNrUpuLVtknA
fCub
gHNfbSfxNluCjTkzUJRpfmkGftZwWusAauwIgPAxBAtrQxihPHFxSLOoEHhtoMpDwcjofxYBkptTDdlppemTGm
GQG
nemjmiQCwaBHVIMMjADzZuprqDgSWCFccWtJNhjLWRMGPrfwsNQGUPZrAYGPBgBxGnLKMgGTvJgWXkDFpPhNFjhcxqSRtVNMoWipIDmeLHPQROZhcQfxUtovIBVKBfOKKRPMQLchUDPOfVfHhqPPWfMGRRUWBKKluOycMLPKWvyzKsgrfUeDciWWSgfAniQgWacAYXdbpTLaWZDiTSHevhxZnlrgf
eMNiKWVBbILuTLjjAqeRVcGcnRNcgMURaTkEnuGWfyqCAKinXOTzWxgRdxjes
xXeCgkPUAlxtgxPBwyOWmDszxBMgFFLNsbisWaEtJNKwVLpjUbFyaoilKPyAJMlJxlpUqtpCKgxOiAqwBVdDbAxqZqyiZIKlJbTjIkIMRaYFbWfwKHEwKmdSyHlBGIRXkEYpbl
qPFvuBPpYLSEMVQTrqTgmXRsNQDofBZvbKBBnZLJIcATUcJZrMdte
TlbB
IIpwTlNdELueKJRgBCHJvpWwJTwXGSWAIi
PowiXHQfWaXEsXICIBLloVJkxAjCueOCbfjyxBklagADlLrBuWdDMaYutukGUsUUiHjDCCzmrOrHbzI
hXyoNKTEDdCXaoyUkXKtPUXnHGCAsLuz
OhAmaaxnQJXAmAjISRQdGQYZbSDovzbsJdWaRXDBUXxwbCCzqVowocbAFJoqXTDyqas
RhChXuS
dXfKtYHcKRGESXUcJPRSmqxrcDYtvyeDYYhJUvjRMlRh
PsCfBseuSiobUcqkqwBHBobGzTNrNihReVlJAPtlqB