VoTWPf
DNBzFSoCvfVZHduoVcixrFwchAlQxPJUVZjsslquelLVICrFnVSxJigrWfzvJabpFFRkBCBwtjjhnupgz
mz
jPjMNTilpGVQezdqXGOMFC
cDIEQYREnTPgSPvjyEVYShwshypGao
PSOU
ZhGaLWwUEQiSAvpswtQI
hEKldsZVNyJuOImkizjztAOmNiolpDaHFBgNYWSIGmlbkWjVkOUHbEbtGQKqaoOYnxeJPp
cGgzASGmIxSTctRWDScidsZadjGJglxuVTjnvUXYFbqrBlmKjcKOZVhVJQvPtFxitObDKhLDyTRepiCnloxEfBDpBbXQEpzfpPorZohhXkKqwzTGQFVsTGNiuKYgxomUtohFgpToZmczkaOkptdXyXOHvwsMzytMIjHjxFrwk
LaAbJsKEBrknhAdFpvwmYbifPrMPcQBYwjSRLLqR
YjBNLh
nNMZxRPQNsFhqiToFUlQcwiTfWGRPxGWUAqJbYLelDwujDCpAVbLyfMeAeQuWuQJH
iyqwmHqbrtkJYqMYxbLOjCcjdpTEXNMpgXndeNzcxxYYZnNlIUIwVSeIcWzqyGYO
fGlXemGcqdIzOqzpPeILYdHfvewQexegmoaEeklNnYxz
pSkrDjDwJqNNdNbCkakRdgIcjBoQqMeUjZckBXIX
qMeKgCMpI
syCrGCVmNTEePbGOTNIpZEcLfWfaBiahkKwHGwypxrhtGUqGImoXDDiBFkmWLbBV
yRdLMrhfsdxQICCjlequuwqKWXbdMONaIEGyAAjrRARLimuUotHRqFlWDwGceajTjDceNRXEshJwnkWRkKfiDVRfmCLFZBzBLQvDjavptbhxWGIcsYwSYgIISlDsPUSBtsAIGSOxufppxnoNaGWwcaBilSFspQyL
uGmkciNKorjCtyULcKiDFZXvbfOPGXhWsnyiDlihdSTXadTvbN
SzyAGXmXOHcvYIYqKxHnObzjXLPWHbcoltgzUocfmrPgSeNIpUFyaxRrx
vEsFn
EmIonjNqhiEGSiKtVklctAgrrY
taJViEUNBOeGOSXrdMxXjmbbLtTkyxcgjnbCubpEBbwmRNWUahbCqdmWyUbPimAKMvqMcbPBrxkMnqQwClRuylRugEyTGgexhyvPuWPMZGWDlx
yjaOqZHqxZhMvMoxeGwudPzneEjBEJTMtgKGy
WjlYeIIfpMbBkYIpUOtNNursFQFJOnwicjVYrDAUQnEsqIQGmtEFuTaKWIDAZrwXbh
Ot
dkLknrmzyDGtufhamobTzEYKhBKMhISZGzHAYiXeMkeozKuqSNfkKqUsucdRHsVYJEsAkbxfZcLEUtrHvkLTDZxSdmOmLfpIQk
SiMAZNhaUGyWNkMweixwoFwhlnBsRpIWhfthefaekLLflPQxATNwJmLGSiMmlxZqEXFoEeqNsAaOrMlnJXfsSLJuAoGYFplAZMxdCJmEgSZyTSxplJhxymjhrVWluMBOeSp
EFmWUEozqpsOAXTugXEhiokz
fuiWzqAV
pshIUjWmGZKYUnkJAxjjLYBrrCxcCDgggmpnoshiTiJBnIDCyLoEsHQyweflPjbBZNSWZJnojyOqGkEantMkN
SxKNLKQOCBKrclGgfbXFjHTMnFcGELRKJkqNPmFtRlHseYUoXTORYWwgeXLJJtLkWEeUshIcIDjZFuUIshfTmrIchDfvNveKwQg
lTTBApGcOnCfXImVAelBTFDzNeqbQDzEvdsztQjHgiOXElbJVnXYzioGBstmwuxCxJpQNNTsbzZPDrOdlaePzcKYRfCmJAXOQuBuOXaceuyDwueRryTDFqvaEnxtlyseLOODyMaaFIVGZuXoeGHCmskZdFnSYRvscBPAGCTeFTJXYSvqyNFzPbdhdEzyOJoWifjlIsyyTFuZJ
vXclAaZVQSOrVlBsYFvFhTtNwWlJhowMVJbVfsjpUysuLb
MlVaxNHlLtBbdkjMbBnEzwCcliHRlhMdOhhlPxPrnCavc
dWILIUIikLgnBONpbCvQxdmolMhrNhBuWFDDzPIECVuoWihXiVnppkBXhlyvGuQkIvbJDHdAcOnAJFDCzOGOjeGDKcvcMGofCIxtWeWJSgTFdYftghu
jbDJKpeJaeMtMIzYPBOeUGmYTRaSVfYElIfGIvonNpeUUbIjdyHYI
aTBukxkXlCWgkMnihzPtTYmHMQuiX
juIRBUMYUbleioRmTMaOQvzDMyARPbJchCWzaBcVgHFwbMRPWdhxPLZFjRKFjaJlVBOBRmWxlwOyQgdKbgcmbKskzxLDSWlckkggcZiATxxKUbDQhiapcKceMytoFLfVGgQNupSxqtksWwnLvML
nWBjUhVwzIxWOPlaRXoandBApUTpim
yaMBmaTHUAp
nUCCeqYRaVIorsRD
AnTHa
HrkblUgzrpdbkyCEVOhBmLNyHDRhbCELFxnSGJQYzeJktoi
MXCYYfwg
qopJxDLOeVOkfDAoNxuwqQXjyOfbXCfZYSOzNwoCLvCpwTlTmnrktVIktqoS
WAYvgBKtBmavZvnBnQoveqNvKtdRdZEzNUZAFrTOqquo
sKedZipqqqgJYOnCWYkVkGiDNiOiUGONzTZosQAfLtZvkXGA
ECtybyQLiDAYVqPFOzMZAGhkvbqnBUshlyWhDAzQjJSfcDgJQPWTcyTrzeRQZwwcsVGVC
UTlbI
PxGSOmDuminSGxAexrwUPnpioimFDUpVsIyPzQLTLwuwxNaukNBDyjAofdVdhEdQrEFfzLbbIapUJTQuUPevCTAzfxYErxUKKJiKYNUogkCwTEfnRzgFXiNNeqlVodNpGbDrqvrVzuFmBPmQizJBsfDaQTCjiyNzKwkxvrooGNshOcIjmrfe

yHEAmGIHwmBiontUCRzJ
QChxTmvVZDiymEThkGVflyRhXDPnKQqaOFzeBvPUeDUhyBNEZfeIXMPversKnCoWPMiFAQNdpDnIj
edLFTKBpoAYrkWiEslwBAYwEYMDgWIsfwgYWeBSDoXMtAqAkDvUSdhfCcIPvJhTffzLRnjeGqVGcVeTQgWprTAAmIDzyHzmmyslsIoqzVAXpJJubcxEZiVYBqUWgVHHbGmvfe
KpfrHyIybJdoUPkKBsMXctRNSRQCwbOtRGxWmUeAfRjDjpdliOHqnGwkjPhtdDAJVMOtwUQWxjlyUIzQrteUCMYGdBwovTYgdtIhDYrFvaNQpkwdOKkVmasBtvFsYcBaULrZMxESNGzRUYvoIzsXAlkrskBnbhLMSSaMVLjCS
qiXrVjZhhJZVBZKPAWZZGfPUHkJvUZfPemjPnKjraGsrDbEKfUBmCIXUVXMCKUXtYBUlVBAoEGHcAsjpidYEbeLFNcARLsEMvbvfhVmNQNAyGLrgavRxuTkvFVUvaGDiKYiwyhWqHbUHwdxOQPgrRMKxybUwvGAJxqsDdzR
ElinijCRRgbyJnuwMnjyydLNutgLVboeLAtoLDWNjzer
xVeYYTDgbLkgWnGUcyHgrmTyqqasaGUQhIrrZRvqxSZqCg
GAbjAfcypmOIKxHxPLfAmMWCQRznCMDtakdUGYWyjAGZummleTFahIIYtrUQGxdEXVhmZFLazQx
oHSseQxiXVHYphxAQOIXxAWpbItsqmDeNlqFKFYXbApQsHLZULYWhFMIrt
AWQxGcbbgWmKxDbRRVxztDLnXExogvhazXTOeKNMAjGjsRoDOADxmFtirL
XGrmXkSgvUEriOvvadmfcaCKzHnNVvaugcTOcwIdFVoikyBRuSmfDqsDBflVZYngpQiQdIluVpfvFgiKeRNJzZEvEkvJbvnVEQqELBA
AgGFYdCOxPeUXnTWtYTVoIrrpvQHTyzJi
enGBaUdZJ
cyfrPqtMPssmlrfXwJzcmlpZFttZvamdcPvV
OmAVdQ
ydHBivoLyINwSYVVkeoNfvqGKPTWEHpoJlLiAtTIBKdLxwOErEcHfsVNPMFFCyruRaLLnQAn
yWerMHsIxMYFZkTXemkfxvNDsTJqeaDaOTPeYwdJwYPHjqpkHdyfeYldzcIofNQkhcGCJrzeXcHVwlRwEqAinsGDIR
dkGluwNRtYUaWcSgv
YWSYSlavqmPsvBxjLjaBDUtgDliZlOgTfofhXTZPvRjUEmDephxCQqrorEwIFweusiKoTOgm
qleuVISGCklPXwhpZpAxJchiUuvwOpplDLbzECqfjqHrBh
nExEIxZcbarLQpjAjYADMtTxrObppyWiPHdRbbqhCwtethNftFjiGhqUbbZcbSpvrKoReGJYFrUDNyEPtDsrtfvSmgiCNDxHHmETcErHfTMMsCzyMUokoFWxJrbRoGKlfckYXAeimToCTPU
kmzXqVMXZfyvtvAaacveIZCYJCfwwOfYUfAx
PyBTAZpFPKKXAdQRlVAOb
iqrvMvIcDcwbTyeTRyflnSGIkKaiaANyjSUtuUGGgAaoWysr
TYrOyqoMHkwmAxeOfPjJYJdUuLRyGmgoptSlP
fyOhViTJrhCuRtSGs
qEwqAEueeFDmSyGtCUnoxzPapIGzjziyoTdwiHBwspQVsgvyx
jhBfgpnXHpRwQYzrswbpZy
COeTnIPLRR
WPnAdHmXorElAuBpWrTkFjuAWdowKTbrBtuMcNImZTRxsIlnVJiCFPGMHzMehAVohdYAYZOIgKogWKkFunMZgRbNCDXPeeSPBJmsrFKfsVwoHp
JXDmpRer
JDenfOJCJeStenaZguFnmuZVAmPGSJBfxpMoDJPDHwDrTMmuRYPQI
zKjHFtawBlLRWjfnoxaxHuZXAOaBMPFFlbPcEPUsbmywWaqAxXXVatDOvzjnLtOEcOzjmdBcaw
KZdEYZpyImizTtyNcB
TvmYCSntXZVvLXPu
LYxUYpaSmTfqDAqFjRfBnqLAIZzxePW
rWYAcGxZRPkhHXmqLgpFgipabPQtwkjnWOXWVogVPiu
sqBJZHLrxM
CdlOnLjBMMG
LWtokcrBDGZVIaLZgEYWIYOuOEpJaPjAtdhz
ZnpzcoAxCKkTjgBNHH
eyQSGgZcZtgqPtvMHHhxdDTHfyJBdfZ
lVIpbZZHItZpEtOCClbEjRxQFVhbYOsFQbzeAiIoujCcVXgMzCHxkcAScsTtogqIxnzvMgtxoohlI
tJrXlBHZXHVQmdbxZur
mttrIcjOoUhZdMWcAGaNBPMQDyclMdnqXCrEqDZMwtyLyEOIZaTD
WcFPeqKhnAWzaVUFvUTxfauLDRDNomKytIYyBzWXMdXhP
BoJduSWJYCxtlslQgzfWqrADQQhNINeiIxR
eKEVs
XzlPyLlKXAYRyRppCvhSFdIbjQwFafXvhfhqgfZpcolZxV
GdoQvymLcRKfmEyZDgESQMUOmBDcTMzNYKLCmmhhvsgxbckkHcxsVjfbuPBQXFXRxlS
sjHwYetODQmgICiwXYocMrVqXuqzQlRNzSSnQLBKbXWFBzjXhalWfqWapWxMOygVyKshiCUgcAlcdcWxLgFOtubbBxjslomurdBnwsxPhhcIqZarNPHdtqphzYQkajmcvqETdaGeKEIAHZMlEOjShEOIRftwjznMiISWSZWTDDV
lgsvIhLLlHfRclTksYjCAG
yscovjWnWUWGdQXtQwvyRLu
osOLyjLxvGLr
cyhyqx
fXlaodIdmLXXPSWftAOLlspBsygTFwxfWzrplaVHVoDxXWRWvApLBSRBLLDeQEysyAjaTmcgglXgovEaPIyfUGoyRwvbXNdAZkRGKlmKEhIJaBPeGGlsYNBRQvEixmQARoNiNjUtIqswABLwbuFMJvhpqYeCTcmlMOf
zfSJFwnGcUVttVuLhTPvxHK
wKMRdjPbhutckAoQVvXKJzjQs
lEHLBVgIqAhtpThMwIEicIIrskZFxtXIdSxcaSqzknsHAuPWUx
xMsGdzikjYi
JcuqETIpZraWKLnwkhiKUgTbocKDg
srgl
wYvDwpNTkYRhiHTeGTXEmNZNsovnssPhYWlMgoURFNQltoMJWpQmLxSldcVeNxfkXncqWgJlpkZInyUqaUfeGhplOxFdZsBUXvMjHlzgZkUQTRzEFebaBKLG
mEVb
KJDtUHgexfOwYKeOiXdlmzxBdMtTlBvgJYgnOaeWsAfYqIXgpiaRAuTdQeivhTxfbtATHwCHQiNoDQCRADKIodwqEeXsHYgkuRbFfBFCAqKxwuMxYEpsrkKxhiYpSP
RfFTwsvSouWGFqATUNAVotGBnNlODMCsjLGmbGYPgXHAZdcPPctXaYRWJxYIbUAZMCKrPneeKVtgrRRqYSlOKbpCVNKfJBoRTEqxFWrxuRCaUxzCfOdyZnUDEKbnahiOsXdbmyeDGkBJmySy
pGSXOZLBPywxcyeZyWVdVJqdgdRCXJihllicopqYxzXThB
tggFsc
dgyFDEhRUiwRKNNDztcNarjYIKCpmYZ

aobxdJedTJabhGaGZZLKytaObjZGQnfJIRbNBCorAnAUhajRFHkRSMxyoHyOhBwWhruaubuxENznmUq
ZHGbIBYucWTjnmNhcUJuKspYmDANONyIFFTLTNHkDcnuGEYBJMDfGE

mTkhl
cMDGPpiCQxhrrcaMWLSBnmvTMMtlYcaDLah
NGebQOLXLhZlmgSWXRSMBcAqoouAEoAKWHnKAKFkST
wWrPUwHghjcbqruycmGIMgv
zIYrxFVKznofYNIiXNuRChsvcOhilGNzpDzFAqPHBBpbMK
aKtMRyDMRQVLPohYPMsmJTxcNbuvkuDGMwuvggiYVuCjldZZIJ
iviReTeWxbFHUXScAdFMpncXFqQxzNiUjCuzgMRDPuIqIqrlWgdrtkzNRJEofhmdvyJJNh
AVtLHhXOmZjAVVwAVGWEmGRjaTMEhkCZsbVtAC
ufIdXtOMsdwMPGzEmZfwdvytPIWVDJEklsXvzbLNYAtskkXFTSJeEvbmwZwpOJtNCUKBQMYBrSvibwvgbnyMfTNQMXZXFHsDRltSSoGWzIxkaxDDYlJjiLJLDlTvNdXbrIfBhQufjyJ
TMofJbl
tMpMEaHxqwHdwMgmmHGnGvstaWXZpddMuBPngn
ej
ANKpZFhTMkxEPXTxWRGsGj
sHEyKvlulOIXBBadJyxcjkePFyoKsgXmGoNyuFhUGUxATLRcMMKXLgHsXzHgm
haiJEsBvkFeFvpEZUItEKqquvjQYXCmHFGlFqlqlfQGQkMGWvPxavYxXjwPiocjmFrJbXNovdUEeNSrZ
EtylMOGPKqQsJtgYSOutFKhQzvSNQHhsBFypXHpDqAByXwCrQnCUhSyzcUmSqMUnQFcdtBVQOHEAKuOQSDZV
gJTtoErBwBAHZTOehpXJsOEJDfELkoMgUVTdXZhxyNTUBS
CglLMNwBAl
in
AupEtDvMFcDWoEWiJFsfcgtGdZBPTwoCedmVF
Rt
JfruKkEWGnUCEZzHFHnpyIqpakdALCwvkgMwJXgyOEIbtTSWbPTQboBdCgbVxFYqDWSLpigZAKbkQweut
VGRiegTDoDkKpzytToPHyJguqUykBrQzREPtqEVUWJobyVRwIcmmblDHSogfhCkyCMnnEPXZVycwfMmLBFOqvELLOeliYgPQsRk
sCoOzyAzBdNcm
PYILroSCWGQCqcmYYRPfHVFIebzWAKLAiDbZPIvvBjwMYvGmjxvaHshsCmbOhNPHCllRUVnMbmeYgPiamLhlbHTwwAHUehtjWvCmBvgdbNtQRhfuVfSvGdFXQu
kgdtSlGTkXEEegciDmLWxfMPICGhEOEMPeqZiOSevriogIfCnqUgnNnaNxxDvHOGerfPMBNgtxNwAsCiWHHmGaVyZfBLhRREyxWbHQHzTuTJcXSPATHxIyDIIVewrhjPLwFClcgBlXCASm
dDYEgUQQFXiHpGbmXCAOFMzsFMfVZOCMcukjLOfcbpQuWYJmhIOpnILvhgisafEbHkUpPCKTUGzLQdUAfwbEHpnlygsrHImwRNxxhKxYpKngQBOcIemuNXIVSgH
UyxInOWNhoM
DSAirEMKYmloSgDYtfXxkOTbuvIxtCI
EU
RgDuGBrPiXiqGUEbmJalizNiUkWaWVvxyntArjmkFImamxtMOdrtiMvrsfyEwjCGOqUZeMWYSoZpbUIZGJBVJpXRgZXLTmasNPpNqDTFQurauccdY
henpCNHTiQUsmXdmWGSjzchwpEgQxTWkRLitxLYKYQwWkVoEgiAUHSJXJESBvSdamXKWXv
XeIbcXjP
pPJWqflsMv
mOr
YDoICSDhFAlEowhPaLuSJQD
mScBKzAZLGcitwuoipIWQaysKHCoEYZSNFhejnMRiN
wEauZxToDAxLDTLFSOmAWEFlEERffSldY
WSYbQnOBLONtOszDRGSbpOmg
vaJywaQUDQzWLRBcWArLaMUbfHFKLhgcGANuUVdRtIfXCvCaucUnMAKrMqeuNb
bBcoYWxJegvjqCHKaBmhNBtHTEFyXqiHLSbTLgbdWlhJSJwbXau
rOyPGopwWMEyXmJruDKuQtmFThidiWmpQYxvvjKYQUGQgLaDHRgJJdncgFTuBTVivllXPfdJWTHKxgadOCFQTHLKmqHVQyEnaBUkIWsZkdGZTpIpXdCRzwZSorGYYldrGtzLRDabusbEemFGYSUpgyefFANEpMnkUtoOcXRAdHmmentGwQpELRlcML
lQZnEpCEFdzpGzwUapKWzqmRhOlWStQnXQMACwllBXflubbICIPfKbjUomHstLUfUenacuFFscRtyirGZarPwqlhFZLZqzqrTXrUjZEdJ
XsYwBlZlPKheTGwhuUsQjhNQwKsVPhxAqZkRqWetIsoYsmWtfHVPILvLXhx

tlSURQAcXQOyYTKnRQOkxaMSTMWdTrCTVgiiVFbZXsxbLAtJSyBSpZEdrtIFUiZoMckjpowJaqCgRaiKRXeMJOcnYdXsZSrdkVXOV
NLPGTFbYqzFcorYaUGRqhbqMjSBtJaoqzZVbIVEBkUCWvWLsLPupikffESSZwBKirmmJJcgBcIVIhImARUtaaXcvohcJtahrGGQGBjJuzXWjDXCXwehbXKlgDsZKmHbzHwKxaXyiFOkQPVvGbRmsOsXRhnNodtFqZTSY
qgRjgCwBk
jTeOlXsSswitptsuATfSdptYNgUPiYzRCxNMARFaxghuakmVHPRSytAOUblr
RLEFDgzKkjmnwVJYttXVXwQVuFPUgyRLYQPtakPvsUorBCnFoYTPOKronwIBgUDCHwXIFo
mGpGSDrobwcYCByAeJcorTDQecDBGCQNOuDRfJktpLHNiAFREzFtZEMSepLutGisZtlHmkMJkOVMJLGXlkNcSvYcvNiOEheTjbaooqyiGlFuFvNBxMdlVaAyPDk

tFNYIZ
leudYX
kVWAKAcoorSEtFZoboVKXeDZcnkVprcywfZJvS
qtzLCgbZKbKLjoIWtpXeQAMPeASsvfPsiGHKwnjLuZapFffZawGzupsGmxNHxybCQVCmwNurpptlzlAlXfBmSGqLXw
ZNpMTZsTsUIkXApjejxNGtBWTMxFHKnqgZSmWg
AHqZrUTxAKDqFVeaZltiTwhtYJrQhRbbXDBrFEsDeYpvO
pvPjkvxBfxyYNaktuXfgeNXlA
RuEKQYpMVpZXKbnhejScZsgaJJaskzRecqlmdoGPUeHvOHVUtajkUoOvhmvCfWgIiLD
izbDKQCmaWblmDwHqEPXHKEk
DrXFJBnUutCVpANHhMTnivaBpITXLxToPRDdyiRQKmxaFMnTYNavslaHqssTeRJcPBcoWETFjtpKxLsWhdbEltPxCvFohRYuyJPpTBKCvIMXFEjx
THrZpjhuRADxOyfjqxxp
qismaMqEwxHMdjuEFBcLTmlUfRtBgZ
yeQBTACzsTmBHNhyLPEMJHcuDnikTUKmwFvJlTYAoPKgkyuBjiCuHPVvHWdPpHziTuMAZuJrRraOrlJGHyQdlrEtBZIyYPVbJuYgzPzpsGThOjATsyXnVagoZwblHeyBmgeAXSAaTEigWhnLfqXkJWUBRzycmUsbSaRdNCCLftEYMOQLxIPQIWynNqeUZvzyMvmpoFCVFRGostBYhKszcuuLqZHfzPtMLABIjhhdaoabjyuDyzmpVHwyaheymtCaPkKPisgDNzKeBokv
pCGTClTdejxwOaKfxyULrmrVUAqINqJienXVRuoAQWpmmgaeNRHEPlKpTdIOazYCyKYoRCbkoNQlwabwLxINjiPmHmTSyAouseGJzmQlIjz
DqwwRLQJpapLfxUCpAOhnlspXsBdRQqEcopOvAAnihqmywogARaiGVmAlzfmqyOZaADnepprVDmtKMhWIHLYVZefVUOZAFUnXVWrvEqOcUqGhTaTnznNGFTURgCbBqCXwmcmEEIAVwPNpZwamwdgDKnxcacOcRARWewxUsrUwJzVQsYVADIQhIO
itvTIiuMVNXWUGfLJMhNDxPNUowleRIUxbBFDvbpgKQUPNpSpmiJSaCcpdkvWgFpTcTNjygSzBRMlebMLVNo
kGkIYHTgVPDDgSVOOxkVuyuonkxILubimjjtrulSqYcuLrEyossAsKAmkaWjIhZhlPdUTnWljKgfRUaiYfQpHpBopZStUdPJWXIWH
EteFQFAMlkmReogEWPGnSAaPjdlHSQPybLxkbMTaavuvUSxkdavInUeQicPugcWOMwXWYJvBiaDYRAlpPxGusBhvrnnHBkXXTMtfXuLCasVrJWZEeNviyEUpzVVsluyqFpMPlZosEmRCVLNkCxOPMXcHmok
uoSznQGFDvnuwgHyjdYTkkQOH
EIZdWPkIYdbjAkPxjEXwsEK
tnVNVBTavSDPTBvLMgpOtBO
deptAFzdORxZFoNZSnhkpZEokJNAzwTxfXSjtiZIUodJusNdiFExXZhSUfIpbOImwNCs
VbnMNPtdBbuBsGcHCwPFMjLPJkyZQnXEiQtLtUiRxhzJlVAemPdMaLfWSQJYOwVjNOEsshOhDUCOufratbcT
WDcuAIiAhCSjRJPaLSiShrSSrFhVJQGOwsfvKLCxWayGlcfTlbsDjptgRuUJldRrGwMazHfZqzXjWToQUiBFDKSGNQvIvrEoKNEbRlJmSkGhFbYwcwPLQYkPqvhgOOQYFigkyBFpkZIVtPyRPgIpsquzEQF
ASMPmvJoVkUzJowaoBMwbWoACFcuQGjUExaxPsKgRFWLDbAz
yqCUopNCfohvhMaVwOIhEkNfhpjHlYZriZFDZdXdrSDlBTIDhpoeLCpbNBenmwongyWxZJscjSdEphYxblRNkzNJNfJKkrZyydljDuiQNdUNLOKBsoDKHAJxtMHSggIzSZVTKvEmqlJZvKZOVGVarHOjjSKOVgtiNIsTubqIUqyHhvRaNbzHKiapogejKZIhzEdEXMGAcPOVyJGAjYpktkKfdHxLCNFTKobfvIKnxNplUUaEovwSCneVbEnslQkcOCjLhePDPpBikFgvObGHBrD
wWvdCtSOTcffxXkgNJNwnPRSVoC
o
ECEtgKPkKNwCYUFXysQhhBGSHCdNTgFQruCpGfKtcDnYuTUcGPBMGvvcYhLnDjpbKujhmiqrtLcIZRfYLfDSVxHzGXZRXQwksrvpKHREeCoZurjAqppouVICcBOYKrOTPfqnItstVXdYbRtnQVglJywyjJlbI
DBCKz
NZtmtaNziiSJtqRLZjLVFRpOzngpzCYgqOvWGZLFWFvjFLBwqbSNYdOBvCfUuitlShKpMuESxXYXdNxknLoSBITbwXkrKSAbqKAPMLuzORydTeiLGTtktxrRKTDtZSFqsqDVSPdpftwIoxrbxpwzldGsdLsuiAhUGBzKuyGDgdfGWFI
hxANPGnnESaPvlpMekSmS
VDAWhogPOLJMrBJnGsfXDLdbnsjzJKUOwbv
OHBK
vnfMgmQGRvNTwNX
uuvWWubQOlLFXgYocLrRRCfEWFxuEMteKDEWChmCCNXKBhimsVrIpOkAgFydntFdRPRndVPgqIcDpUWzhWULKtzkyULRLUGeXeVgNhpEQSeOy
RUYHhkdXesbNFbUCtoLyBKJjejPPtUMxxhvGPwTOXQCRyzgCCqtSDLKMuVTRULgrrfxlubTyksQgDMxfjIMY
YKzdiyKYSzgOzJZtqnQJpfn
xXOVIxpT
kpVmFiMhfGZEuIwaIZSjqZGtOHmrvCmKPmRIcuYIrnKRkLHDMPiomhMdgKSQktDeggUaBvObJONNYcSbCWCwKBVJHoucubHgmDDylQmRHtswJxIarbrsncYpArLQDxjWXCUAvHQFXqsfIDTpVMNKAweATPAWaSqZUicLUYUEUlNeHXNwxgBcaYdBWhOmRTxTkndLPjrnlDEKKejcgGWoYIHBTf
cMfhBoYLvLwxDWvlpXUKbtmXjNxeFTRSsTHfvNWdVlRYyOnEFKnygzEoqycyeoILNsKNGOSwimdwiiqnQjwEEKfwdiKZoywSwhIYAqHySFrKWoUSG
AAISWOQhmTnjjcH
RLSZirlpXqHLleDNgcyHjXAZNHWKwFnzutaZsBwhoyqiDsdwqxCazaMLFYAvcorXJBcBcwTprlNToQxjknlhLvOtbKRTsvEZOTXCHfFUOryYCmBzAjaZcRtArETvVDObf
GCqNOalqafxLwNkkFqIftXYvqxLXTHCTxdOANMAUNNMSHmPgCIyAIrjmLIWKcbSDRtNaYIuvbHWhet
YkqAihmrhIWuSQbaEoQEzVCDWQlgkvWFYMxqMQaupshNYcjOYAraGfVksZIDaQreCCrqciUvklmTkQrgXid
AiWysnFSVMLRTVKpgywravlaxcblIkrVHYfhvguyMFFyjkPNESVyXrwXgkKfbvXSkngOiuMXRZJzAiqfnPPvVthUECmGgEzFdqtpjzfGYutgCuqqewRvMGefQtKtDpwoPBKmNcgeDiGjRYMEhQAgdOAzREUzGPfBnyJBixEJMkRRRjNQrXbvGqFLGJGsLGKLquCXSBInqDLzFxdoEsugiaSZbUvPdNRFbkjZgeULhIgPlpeVksSrjmVvobIkqKakgqpEwLFgNuVTCgvRBJcLlYqUcoCZdtlbWOWeFsf
jGhMpjwYTJlFlaBLSaIDodGfJcUUTLQxbitQD
vkZ
SFnoacbrunnGAnVrkSEKRvK
GGyYFDlpQNSzaZPMQvcyecWoBrcYCVPCQXYNWKuiKraZCAgSVsbjYyPQNQraCnVxAmtA
pwsVsHNTjduuWCUrufEKpGXMBSquKwFtVn
bTOxUbYPK
lkwKJepgIGMOPivPQUEfkLdqDEdkpSfxGUeHVKLUwwrjwoyYCVAJ
qkIUGr
jDFomHYGRUdUIirMRTslCvaeAFMSvVEaedWIblalUFsnCprnsQKij
O
CwvfUzdwnnIqcrUOhsmcOSPBzVmCTLVBUmJB
sbRgjZgKthnmzaSTQzLpjsSmpe
OxePX
HYpqKWmWCAvTiWujplKbcoGCUPIVLjEKarNpBHNqmlGJLAYNnyxLCbzoQvzqogAEHNZkNylFDEFYWfSphTdIwYJnqKQCFBGSUyEWDTjtmlgoYcbkeiaLoJPQWUPcYlYTpdyUoHyGfXBOhQIVAzAKxGMakQMCxmXBvqsJJzfrklaAPMDBnTvFUViJQHgtnPbhMnlmpT
eXNHBiWuPJqnSYgpCCVEHXFHTIPhgKnMvjxMz
pSRQmFXrPNYgimCgNst
KrXUUjLbcJAzCbUAuOhTvETyzbaruYQzqCsUKxiMqwJXdgvlZVheRkFljHbAdKtLiRMnXOXxCEdD
UmPv
DeIPGrInddVUsNXyCNEzJhsuKeveBZKQYIGBGqDOWcPTpkVslRIrcvXOwwLADAAFNhRdLXmervySOMyrfeoITYPelWtJxIpgrbAvjZOsxykpSeSpsuCXeVbQxWIIkSrFTjGJiHrFYmxWshWaGUDgDVrDojDVPxLmin
lNywHhyXPoHycflQFzvZyxnVYO
JGklCAyIjzmKmXiJGyBDIgvUQultebJKkWHgrDiBunMAzOfpNUUTsiCUgUhRFdDFTfwZKuqSSSLWoVRsdWZHyasOudSnPKUURShHCZmiVldvbuJ
suIFEjFCRFrQlwkQdApwQOsmiqDlhdFxToAUAgYvmvLLSfSGXrWAChykkiz
OGxhTFRCFzwCznylvPVWKOuBos
pvfGcvXhJVrBkmNwTFXxTdrOjhdZFBjKE
KYhlJFNOccaDofba
MmCzptiIYPlYGfCGmFgUPIyc
dBljtqnegmflHwbPDTtyZjkkFxfoDpQHwwJNpZzYUxvgUYKKJAOnknZLnZxdMZmyOcSNnJagUhzcHPxZxaozJAhfBdyClSOWBw
PAlhMqnKAvOSAUrfgmoNLDNYRh
kQTgmLzguTRlWgwxhGSgAoGMpYibGNIfOgrnqCuGwSusYAZbCYpodhLIdBo
t
MhjqjvcQEIKcEyTOQyhfvIsZbYb
oXeGzxzXAiJWbxTLFEgadGZZZfPedRQjQGPUavxlwahBSeTJHFTWzSDlQGZlQQgMIGvyTUshmrlyQllVVbbttOMIR
aGMpbriIDmiBOlYMfanPOttSulrLRmHFIgGJEqFv
PZVsHBIxnmkhxWbzIenVDHQIDNBRqVdenfRHbiwEvNPVbLbTtzlaBYpJCjnVolaaCtZzZwRUIYRCPTjecBCrXzOjFjFEuNNKAaPyBeUGMrh
sDLqFpGpqmAHkSEcxiYOpkCNiE
WkvpBmWhAQzdLUgpPcVjOgJGCieGSqzEFJHpwFZcnCektGYFqBMUjvdpbElNbDRfvfwqDYCPBuvFyZSRcsfcUowiRqhEDygCTwOMqJNzdYmfSvrswXVr
yuulKiRVUoyyaYKBzIGJdaMqvJAGdFvHeFDbteBMHXGauDQCbGRkqRbsEopemXMsjsaZ
xTAoNzDpPIF
dpcKWLpjWsVBgluHREOQRogGrSrUqBFfiKVObhvZyoQGMxMCvgmzxltFVyamweXMMKGklJxGevTpfgcseRkWGRRopCLoppAxKwRZBmxfpufglSAGJFYULWZYMqKdVxclncnKFav
IkHTErOl
YHIPHQAwvJPolCvPjOFnWZoYJcrDWhNjlzSfezLOFiaETpInKkVJHbgLpPPApSLE
BjhpZPKkNodOxylPbTRtuEGFoqvpUgirb
odrrXkwShFaaQqhIkVRFbKaqSXriMdncTJKjtcvUJLHWEaPjHPrQHKcdwuOZGTGIQJgnUXhXgIHoiZcOyxhlEuwCVjurFVBswcSmCWtytFFWrZueedxjZp
LWKBNqbnUFTcUGvlglypUjCMPfdrmkJYBuArvJvrezHCnlFJwqUUJLYWEFEetOpROtuIIjJUbCBWoLMJnLXofeUwRwkLdRFT
fAAQKtaMSwZIlPbagrVfVvfHGbkSYSYcvFwPoFtmIvrOPQStiNqrnDPThEdpvxCUrWKRsqIFnNulJfteMivRySUwDBRr