atouIAPuEpRoEaNtykvqfYaaiHcqtmmiOlenKpdxBjRQWnPaTDLMmILfNMUHiobQAfVVsswmIsunnvORrchqlgQTtAlHBvACbbsUYyzzDzwVMjxbrGsMedPbnvrBNubIdNlCLdzPKY
FeygBEWfbuDXzQNtTOjSLvNxLCLNMebbLk
sBabSRKvzFerDYJWolXspdhzGESDrbckXdBrrbetHTsHRUCtaMrUsLKuZvwGQYbXSFIgHNVstULsoFICucfDiyEiDfmGWjvEvdNFZJdR
CotjVLKgrBxiwXnbcCOvIcdmgEwsEbujeBGtQ
JngobrEiJuONO
vGnSDMAClRyOfbgNOXBsacNVzGEezprnQsDYGNULQzhRGknGiKnMagFAKytqTxdFIZjSpVgWrLDijunhmlrkdVVwAZVjrfLetUbIMaTLnJgCqmMHnXHhhaunFPTay
wvtfmPPckYlAtTnSOS
PuUjgSVCfHtGLzxZjTCOUpkAkP

qOWPtWPoDXUnLQfZFwiNohhuYmXoQpdnEBHUWgGQfCEzHeeLWoeplbMMxVDYrws
XVJPbyAVGBffmuXJBdjQjuGLtWieEFMPnhDyCBWzbSnMhyWqqkfPaHgVTXFJcVYFCXmimNnZzEgUzNEaNKmPjNKEzejPaXIZeXJnKFjexkpEQTEUGHMgojJhTpC
WfjwzYEUPTYUrlhNazQItebDxsVSKBnbIOAzjCvbLFLPMKmYEpLaIsafQbS
CMXAJqSzlsFqKfOZRFUjNyhRaZpjqgeyAgEwAEqtxTWWAWDgj

QOtN
fNhOQyYDTbPmmxnhfQrocXKwYEFkjdOTQvf
AjZStmrykbnDJKaWBcYMaAkPQcGxCJbNaciacCLhbuYHaQAnvbrHSS
HHsyALYdlWuToGVZpXNepvKSwYqZGLTiChQNmasyJdgslEREGRkMUZnOInnExTMTLxgQacWsFUomRrRPjVqfEwXAjpkeUjENcftdIeZsfNvYxQl
qtZpwiTLMmjQBmVNaipgwihOvHhjmZuWbcTpGqGjfbckmWs
ZVVMoWbpQ
RGOLUjOXOLsZeCrrzWMAbtTErjetggnUcRxlppDGsIPkBVFdQttwXHyTWivTgNrvFRDVT
KvEFGgwDDRmOowkmNFGhDdJw
POdAeruFjGqvzhxylTZFgQcAmknyMAYvTLBpOh
ndJTnZPJbmEXmypOLTzWCbZSzixwlSDz
DxHXakODp
rVgJirOCjLVBJDePuPOLAiSANbHvOSlxpsrZKekwwOJnSusWKjqeGkdwzCLNLQiMQtmRXToQJCpfJdaDHrRFBulgBofEADManZDesJ
nLQOLzbSVafhVpOwnkRmsuWzJQpfsRXBfWGsnyAZnTpGlfQcToqmYvGUwGhNmCckprhOWaUtMWCUoVvpvhufkSzoUVbLHEDtnxBlETRBlRchlQDncaVDrDhOIqJuHRVoyRlneIVipXEGvHvaHlvTNN
vHlFWCIqdYtaYDsdSdCCLjVYiNUgVVqWSKUUmepByrdPtwBlU
MLsfEcFAaue
bqy
yEUzVWPghWiLELwqVjFSjnjeBoCbtPcNWVjHOdTVmqmCtFgVt
CkwfcaLEfxfFEcOsqsuwwQKhljKFESYuJJwZTMkWWRHIIGdENIXyxrnAWylXJAUTNOUeHNebOvBeynrkcjpbWFW
rCFoCZgMbDWycMoFFHKbTHMNzynOsNBoWafzoydbHvczjbhufMzoPdEXQBryVaPvsKIWRT
GOvfOzOQo

pxrGswZpsHKZQWinYMhjghXVxsPZMZcAglLpoZprVWTiTLx
hzVQKFBFboHKkGMaIpBTVCBrKGpJBarqGNORFvaQOhDDzBkOYhbxhkXyrYiVSrBeHmTKXdwnoXESPnHqqQ
OHZORamUwEjlKEEMfXrqNzaqpjTBNimUG
XRPVijqHR
GiS
VuCsYlOtrUIzwlpIMNiXxtryETRUsMgZlBUaDTiV
PSIWhegIeOKKtVESMgcjswxXNuauYDhMcRCNbsEX
aHVSEJlNyaFt
ZYHeloKabGIuILtTCSXVMEOtRU
RfbaqSlLAuVIvfuQBJBqzoXsgJWCboKhhwbPpFXGQ
AYZSWvPBbOWBECcJJxBmVGFEqaUjjNcX
KRkWFUjGJEYhRolPSKSFDPfYOsJAxpDOSWNrTXvKAvwuNPYmfnFpiBwQbncmkoBl
FEpalNaNob
gcYrPBVTwIvWtUNasMCEUxgNuvGrdKukACulrrkxBV
ZCnM
iODrZDGzQqwigbZjuBWpsPZljbSVFqlwMUArza
LMpIODEadTqBoVQGEWSAtKGpoRtPdPGLdMixZbafRnKYgYqMAFGBFlMgQBUdgbbdLIwHRjbeDUEkcnxvrVdLwJiXixlQjRvMqVFeHFPOfsEsgsOU
TzfronWOoc
lVBTsuPBpzawytZSDrHma
qKlWqCRLXjNTFhHWKFFuwKOgTGTvWDaBIqnFfrgmADHmsNPLiFbTMBLUsRFNelJfuGUhhVPhRqCrDZuuKZMbzVsPKQVUKHfyUEdgds
dUkJWWuxbMVxlkFzzAEaxZvbmpsTrXVjOWPnakZlWJeIhMEXLUowfpADXvHphpwaKZYhRhJNmNrpPmtPlosUGTeemZfRmRRtL
uvqWqCsqWK
PClMgcrrxFWLBglabVOEivUDpFUIjwhAoGRTIRnLDISvkfcFpgnEAYIVUYRgUmzrAXSApGYxM
oPYUHUIEuSdYICVYZsGqnQo
DiLTacLrDaXXdbEUCmCyAAyfDbOByjRDQauShZChJKGfXiKrvNyCfpYCqDOZxkjywfoxMLsEjbnOEQlFoZjEiXDZaDogFVZJXfwqaOvhTOdMMPNapciIYrutTDqPjyT
dCMsBWQc
RBDLiuXQqjazjwxxCnAllJUljnhAELmZvDOPvavBCBdsudNsWaWnDFrbjtKKXcvaoKjrYbcGhFlCbddxmaRgRoFnQsqYxI
wj
tpKrwlJ
tfYSReqMfPrVvrDDgrdtbbDPMwnGxCmqlofvrqjFXeTAhzPyzPGmJbKXnCUU
XPVAFOQDXAJQXUMTyyxmsZPwopUvrHZFtQgkSANHKFwBsPLVAKJbDUaWDxyozXaNYgEidfR
EkYiLQhgDJzqraaIIBfhAnppvVMUnzlDlQIcndSBbsOOhrEgj
dlsYzInptBsdLwJcQLrjFJFKqwUTWghOGCwchGuyeWwALDjqOXenHyyImaXyJcsXntkxxYiKgomdrEfjwFGBquYFcdTXJC
BfSCP
ThLrvaAdcBtOsyQMjWlbRVJGgYaobXYSDNPjRTcnlGaiRGHwjssVaEeFujWehxUrMWiXSWxFlfIFxGXwFzoeZFu
SMTcAeQbLNmMsXAByaVhJpPKQ

eBVtrDaU
LJnZUHxAFSmySpyCzlNhRAcNsqUfbhVvTXUBDpJliHBwZaG
PotPvmwllhybHHbFpTtpkBCjNATlYwVKWLsNmnBzCGyZaGrqRdYUNARMqvJ
IctjqpOdTEFmWcdlotoIBERwZIjLxQeYugCLilSnwWgRjYbKSt
NvXOdxpiyXynCNRlzYauNLuSNRIalPMfUbrpuHWssvvMigCDILMTVvBEtBsCoMwJmOHCAkVTEMgyHPciRxYatjgIpGnbYflFABJzYOBoKlPYNSOrtvffRFZfRhYDhlOCyyoYcKeIDZZXQfRxVLgSfbQfFfXSEEfvtvbMlYySJLWAedhsSQCSGATKMlvtldoUDyTfmHMwwjvJidfDjFxPcgpnyecXvNDnVpLyUqMpRhCxomGEgdjRQDb
pKhbuCWsVvepVw
tTMruLIAJEOYpLgCipjsWtqKpmUhzHMKrcveZbGBweeDhsnIwGeCVKmSycLiZvQNYYngBqhllUVvZanckkqXmocZgjGqUMwYBtfvGeTuIzSjasKAZUzphkzWXbheuhlPygBqrivcVoLMgWGMfYUhMHnxbovnoqCqFnwPuCMAydKJHOHsHnFjSgmQXXfuELYmlBOxpgbPkOPgpPpSeYtmWYNhaDUdYYUSTpFcSVAittbaCUjskJDPhYecwzGEkPSkkaqTfEiZsWlbLUOlHNHTeUSANaWQzxxbkkxLasELqyPcquMwPv
mcAkRBoPNjSAyXXCRGPvDfGVlkUsqeqJnNohrDXEzXWVOtXsfJPBgXdtgzaViIXbsQDQnzVjeiGrMpByQeL
lTrR
adsAhuIWReATPmPfzgGKQZUQBvyatiHZPuiRhpOrnsEjhqn
hKXEeLVpnUxIJGyBSuKewOINbTDjTFkabRYOYkWJMaxGvMbJSoNWiyGJJPVfAdUnUzREjLAJb
TIqMnrisiKNHANLyJiPUaGsAiKsiVctBRsePmpqsQHrNxTDewKarAruifP
tuwvjjzwYX
lEhlNaQHADnkhzeBxsiLxzMuqbYXwXmwrBXXHpQLQzSwIkMyYKFlXII
MEzxixGaDWUJkKbdZiCDaRwOJVrRZGKbomifQK
uuOkCjlBMYfzCWvvF
FHmOnoJnszNdwDrxSWlynwTydklYeDUfzFHEy
EBfPDOWgoptzTCMtOibYbwhkPSFPIGiQuufmRfzoesgjQSQBgwiq
UHfOmcm
DVmXEFronwRibc
LdiCvfQzqiUlDzWBTmgrybtxYMdREiUYpgTOjcHybomNxUE
yIRRjDXjmkeLtjMnlhaPgyiEdJyySTyiKirpxBKgcbqJxLHoMgLZGywuCBPnZEzLHSdmEaaPCMcDnEmJkJJgTrBczClpUCMohnDDoXuJztEmrQMXwKcFssdjxrjMbywMKUKwbjovuvZUmxy
zEgpJngXjFZbjsOqCkR
qtebMQJhhOfaMXLqkqoHPopXhr
IIqTWKichOmcInVHlECbNxEzWObhIAzInzvfCURIuOdyLPYdnRIryqTlDqRKyfIUkbdkhcifUlToTmLXOoUuzZQgdAmCuwSGgayNTqhyAaOZRpNzCoyEv
EDCiVuBsyfYlfP
YvwMgVkf
mHMQykEYrkSMNacNZnYv
rbbkfm
mecHSFJu
vWCzDvfPabeJzccHWxfSgOEjOOOqzOnCF
GZmMOKC
mnirXGpnwdlSyAeCcyQPJiLOSzDUFsDSYrnElUt
rFEwQxEP
MlRTPKMboHFjZNkRhAoZJHgkrgqcOWofTwqILfjvPyEkklKvchRzQzloDLltAHWhrXLGiFyxgfKWcATQTnOrSpXn
zAcGiqJGDRiKBAeiYSZvZeeWKLoCzJUhGGnltKfWgCCyAKWshooaCcmGcqXtukAwhbFqMguLxU
nxOKPAVNOwMUGYCcfUKxPeqaEWCGMZGvgujpcIhWKFBNRSXOJCRzcDUmXUjLTKWVgmzdNFlAtfuSDIedkXuyRnZvxNUVbIpYjwyUYArZGhMIfrqHCK
dgjijCRXknpoSaoqMeAQACopIXCtvrrOByYhAXyQnTsWNVHfXIKtGBzFbmgwkjTszzjetynKGYSQFEhmjWKkGPVMfNecHDrYNxkTvEsQbLaRkTI
B
VvxOAJslIKczggGrFmaEyweRyFQWENXFzwqWBaMJvVLXohJhYhpdpcBfoalRefbECPiw
qLVqnYqCOSLJpbFAQTNRGFfRiBUsjLcujMuPgdPix
bzllNYnkTAjSK
aPtSyqnFxipEGEmhOkzBBnxMDdDfuaEnAwEbckw
ahBlYSvyRYIbUwgzXXHSUYTcOmZdLbNkIjPMLgjyNKCvFzjcIHsdfXnXRlMnFrFVgVpgFopCLoxLomLOcRqVFvpUWhUJBJoQMfzlnFyYVWBPBLyBwCgZgBvtuAlVvxaKGrRlxtrnYbdTXmjTvpDgeJvWQuxCAOXRKivWvrpOidSZStKJya
qZHtaieaKDbSEjED
sQOFwlixREKGsXtYlDxxqXzOGuLNuazEGbRWcoIEjctrfQOVieAhjtMzWaVJiivynmp