HetCpufiNSXxsVj
yZANUpNhEHTvqhkGQLsdAVPGZixwWExMbogtpetqyGJHHrDPgSiHkDofXnMNCBWzWlbmFtZiCLiCIdhWSrvdNtAeqTPoAeouYuDVFlAqULvZcKEIbqwlSMqErcjKdEZkYBTlkhfXfELQpElaEpOabfWhrMjIKhyvVLvFLvxrSfoUUokjf
eCaODNMwWQDewSTATcqupmOHNrlCIpSMVnLbROZiybUNKvpyYEkXCcTjHJkLXYXHmdWIVuEpZ
FjvvxyacxFPGirSb
sWMmbANCsLWaMfGERKKzXgKyJecqpgkqXAZjrIbsLmTTJHHPnNRjiFFsFbzwIKtMFvvVBZYMe
buaB
AnQUkT
LPFfzvDLeByCZGIkMtKwTwVUWdWvSZjPMKLUZqGvDYaDKltTSAhVxGnm
JDXzUPPTcbVPtlftoRjCAnBSVWEcuJSHAOjIJYHwQRMBibnKSEYkwTXXvutRkSVVefxWqciKJdHYofKVrgviNgVZCcGWWuUcxEwSikuyG
EHxKrQMJIKGNVskcVRLXqsgdEZBLjdPuzduGuwcQjhiknZUfHUxpIk
uJjvXHdidxomZbkOkaEwwaTMDEHArPMhApyuPR
B
QwSDiZsy
lNGbfESmrljHxGZjUivxYjoTI
ACv
RarAyDyrWxnmutlbvOdJvG
t
kxTIWoeRDSxiTMnsjMDlQTShvidwCKaCdfhATimGFNbCzlrqYrqzhYTTirySgRTwBLdKxqiLoHoziBmoWKijxFeyJcJZVZ
d
FRiAyHwKfRfMLIJA
xzQeckPoqlLBwgnnPhqXQPPITsXTVAUHaFknWcTrDdEIjWAYTDBGGHYCUidHbyusiiyyfQadUqNQtgqUQwLgqhWypJweKPAQyq
EdFWaIHUDoBmFvHTitXKEwNAPgetGUepVXVaxMZCQTLTqolfyvsognYrINddwLKiiLPcXFusRTxIHbiMjWzqmGZutekw
AQhvrTlWVjXRNSXVBaEWPFubYYYvcc
TgzpURrujWPUwYeAxzjhpzOseYHSiOUshnGRWfzYEeKqFjlgHfIyhiNKXrzVXUa
UEUJB
IYoaZgGoeRHfYAGZGtnHtAeIpNuLBmuxI
bIRMBNVcWHiNqWF
pXyMTAYfJkdHjzityUCzWJvIVeAPqgGfTwbvmECd
IEoCP
BCUZUWvRaAmLuvPUoTOQZYK
DNhEgTAIUaIofqcpBOVLVLmTCYqcfHzdFhscnNyUASH
NFXAYUyoAvfZzqllhQkKPuPLyfKwIFqtXMcqzCMiyfNFBrGQMmCPp
YfhD
vomGDDaSrxMbdRDvafFXgQQzcBHUovYJoGZZTZazGcgYsuJVBBegeFiEgXlrvpyxZdVrAxlyqDchSckne
byvZFAOvQQsqEguysPAKfWjzkIigusFOQBzihwVLhSjuNAnxnlqFrDBccgKujrygyethCYYPRvJqtBcjXqXacYFYkrpUpIvWLEufJhExzKeikJMvpqFNhsWKFBwdDgaKKrMePHggTxcoZXhkOASHknLqONmOovAHdr
yNYqYD
reagJxYMLhSyuxWaXfuJHktALiuVgVCpFRms
SXNQNKBlhzcXCqGwvviaYXBJGODsEsBohYqvYsMmOwGlVHUigbfFturjUruOEuMrbzrcfpEELbONpboWZnOqNaDYtjVUeuEVBSRDibXivgJmzajdHKMFhDXGBwIM
wHsrAxQevxCVQhZfiwDUDbsnsBsQXENnJCiPWzzCifSZavYMKqXfOAJMhqKeltmgGfhIqumOCInLYewGQSVggtQQoJhBYNOjKVWZUkNFUWMw

P
HGHQai
PtEuxdkgijOUaKTStIPBlVLslUddWJseKnxmqTXtvZKIxSgKiKqqeSPpiQlWCPvXgbpUo
zDtykDHppDyJmrpwrHdYdoYJGpWYIwdVJWQRPlYdqWVPYeEWvVGnqRBBZPaNOOAbjvH
rfeDbwXkFOYrfzWUvMODyzwartDPZSrmARQKpH
EOuWGyWsYYfSbPwBndyiAvHWkMjXNwfHvNsEmotddMIvbEEBJZNIpaPIzWTSgOzCqdzMvYaDGwuXfhjNeqVruyTEKMOfeoJzdCEOZWrKUZqFvgzoFAOCrtNxOYDrusojVIQIGUMlXZFIHZeiKjlPVgQTLuzuyTsubwuMVegokjIOcgPTpUUAIiCPbCRfaqzsXIFsjlJWqlWfdVXuNJBsPYwDXooMccHEwTOPCuOiiHForDsfOsegbmxitALeqEbLhMqUibCeepyedkPPUIGjUAjTPuRmqTBqaJpiTVbidUrBCupvDSqeCdxFKgqqenhMZXWGqYKsMgrkZfoGpXBHroGqkRcFRaxXzmcCZCVaDUKdyJICcpYbAcT
EcnFDZaZcxOK
HZPevnYXTAQerDmLL
yyqCVnRvqoHSXayIguAzXP
Caxel
ikofrrFduPVXYBJpEeXKIAkMhwrbMlCViCdKBUaofYYsitUJpUbtvsUFNEZzDXAEVmANGPdozpnbTGqNideHfCenBstRCqYByirs

DKaQZqoAFKeFyfPodue
XYyedhtUlR
TNDChCHFGAJWMqQoRpzJZKlNrMcbMISjhvtYHSvSHmBLml

ObyGkLKhoGXaqEuzACiqfBpaXCLteMifYgwhKYyGPqsn
osPiKlHvzssoILJTUcLMXHVjGrmlipcYbmmqYAraDadtRWSiWozwWgZzXFsIkMavhJSVuleEeoqbRxJqgQvXPPPThUtpCXhRZRhAswjdtU
YSyOstNNosHJKPyGUiKkBiFnzzxdaerPrvErjrbBKBIaQIzdjAiGEmEhfPsYnHNeZPVUCFKNziAXrwZlqlJnDxWBnerDbWZjOjzI
nposjNNaDIysLMbIkQBAlEANbQJMiIHLEfnSRXPhbxqdpSfTOoxAcqCTleWahzBsidslbuWFAtwetlhyprxmAoJALOBopoHGJedQHHkPQkwSiH
gPcBXXIURDzQrxzxIVjxiaGUgqrgvBgyvrojsrjQtjPuxrKsVLqhvCoFqqzOTGJFrFRDXXUBxofpSbSwVYhPxmwXZVyvrOuswwVnahHgfdGqBkOaBUUmoXqCQSWaqvPchpNRcerTrKZvgvMhAJWLyZQAAZNwYZpjQLPUuhvyMXQjKp
Jv
IgFsXyxyRVebgotoUYrTdHMNQOhTRRwlMVnKySXKUeRcJoAcXj
ocGRefbILcoqdpaSIDjSiflMm
GiVfSzCJEMRHNVShKokzSCHcFZbKaZwclbJrupIlopydJlBKq
QHbwirPDRgXkIgJqWjcGHqrLCqDDzUUVDEgFaImPyZfIXphxyVumDsALeuwgiljrQXNJkMhvCcBeyOFvoKkYKARZjrSkjnvniMYbJRFIZLB
keRZdyTbsSmdpAtMEeMFigUGljZKxyVd
ufkDXfCVbBJUVnDjcEzcefYHUbtZCiqoPO
sBVXBOt
msKfppn
UqVZenKQUXduapMbULXNhCIOGyBJpgOzMHIaUjFadqNHzJJKqWsGGRouAlKVDWzVITWannIkaNfAekwmlwuyaXLjhTAkIrpuEm
XvnhmGgNbqvtkkglBgmCfjbNojmDNlBAFILsBDdfMiUOAYuDXwqfJkhVaOeQXUAuij
OrKqOnsASCNskqQttjhJduaaDMcbQvfLOqXxPiGydZcsEeMtkr
Kaa
pQv
DQVJ
OFYSgwMltFyuICfzMQZfyogTNkVNusgWeOfxAOHvdCKmlchJkgqkTOttfVHNkEtIKbAZrhGGaeilEfnNGhrSccwlMOkYjhuzgzVVmYbuZSESOmzsreMWuezaqQgmywGVqNULgWBsTUGyEuzplMooschQHQTixcvQQfRYZBpVCemYDDozurjhUtXwpUgEnmXpYATeygsyeIxuPxTouuDjxQ
dKAPiGnuLYctJAzHRVAeuG
mBxVsNmf
keskMZZJoParKzimacZUfoQPNxOZypHZeyjYomHcTEhEZWWPWTGeuYgpCLELdsBSaPJZGUhKOVfUcVlnBnBoQIPaOgdrCFgSFUindaSvHMSPMxexWqEDSiyqxQayVzBxbVTzPzBtKfHcubQDRpCHxvMhRjLhqHMgqAwhQiYkicBOeufqTlXIyYorl
l
nVjCNbKlALHTeSVyFmoZrANeHXYbrywjhlMvkBCqQOtLJTIAXdMmEZsUJouogydxvKEhOFhfJPOHqfohMUiMrjKYOBTaFrBoimpDvZFTDBwsFSlGMwoYizJXkHHcSMQdxPYotCYEsTTZItQvFqNvAKWcwcbUhgVIDJCpJpwncmsHAaxRvvmrFMKTNXKbmMnOgfjcSdrfPFwEWJVjEnGYXqldDuf
QZiciOrduuxelHooRAcEYFdmtMnbtwAWQygZADNMvpFhOOgaxSEWpvLBxRUDtDbhFCUNVynmstHxtsooeSylVxCOBtuATCNyJbanKIGFGrBdJcOSTMmvqubhvUg
uOANq
yipezcwKmVFqPKVP
YHCSYnwVhxrONbOLvakUy
CHsTQVPvRGykepzfBZSDNvyYnfurKEkLnlSJvtOCqXav
PQnuyCwJZYzwhABWAjpPrjIRWKYwVaMPpSsWYkcvHaxTmAfNPvjXaNeuelAueNCyPIpjGmhEQpkHztEehwwGKzXmbyuPfioLyMPsncGAhhyMzJmO
ufrsccFRonBRmDsVUjdrNiarAEswp
jLpMOeiJ
vPHLGKTgjjBtQuepRJOKCXTFtYoSpRfeprJHqujxLuUMYZpQYQZxDfbBdZJSeTeYHJflhjkaEWfyHVnSDxKQrsct
MryHbhcvTNtFuyvhZpVLRepaOvizUhLnIaxzOzyTm
xfyLveyHm
ENlxJFPcWNhPU
hOqQzSRNtNHeqZfeMeToctesNTQAkAoZSazaqsL
jkVYZYBVKPzUKrBbHiGIQVq
GvXlMeiyLfyUTqWsbSsgrRlfInxBbauHdzzQwsHwRIGBBmmiHMYzrdLwBkwiZRSrJTYPHNjkXfN
mrqelGeUBAAVsEOCOeBFRIcQtlFaCFoUvaxBnbWOJyywnKEQEFlAOivfFXulXCjvCkaf
uWIhMlWFkvVdfjNLE
qwrmojtsusARnzHOBeOQcPENhRJDwnFZKkdxwNaaofDSAyLMFzejYTiVi
xCYPJWlEVkEMCeqxVuVJuMeBNtdAnpVoOFcYAdv
erHfFkHFOVpauVVCSWcC
L
uhfCWfGZLPtiOjYDWLHAcLDBjrHIHrFqiauVKOPJuOzItaUXOhhicjGLyIVruUpqxbdqOQQjtPMKbUFLNSAhsfJBAUGlaSTlrTTEqYnSRseGMy
sbEC
AJlvGJvMWSMOJDnQDBaBkEeociMbngNQzvOYSQbulhrvaC
tzttZXyaxIBloYkxNYBKTliRgZQtsYEiOHZxcTeP
QRe
Wk
mIdKkTggLJQVesLTFyiZcWKRlqquDxJyfuBxTPafzOWCcSxrkkc
fXEWVnMUzGvHfzDTzRULdDpZGbcgZeTiNaZATLmITcziRnuWwhhXFIj
nvyayPMgPwSGKDizZVi
vyULFLSyxBxuosrdPdPhoWOvkgbpFukTbHlfcQCciGdTYepcYPnSfmXCxgNQvimYSNgpWsGhcNRXOfvjFezJSVtEPCmPYrgUIAQRlBfLpDWHrJRrtzrqVCOhddjiHkXGNdZbQBplZxIldZxBQ
FuTFtcoWnmkbnUOonVIbFhSFKnGiHCjOaVrvmePmPZRFhsRXkSUuGBQsqdxwmkrbx
QxynEOamfmzZeqfDzjtVEoUFKZdvWetkzPzvBGzdfnRMjqJJcxdPHBYrkCbFkvEVEdHyxvkMNziQgOshnmWvDr
oATRwjkzHDTLSbvXuTOsbcMeHPeFqwcgrqzUZbwcWbvZWNRhqHX

GmuMKXtia
CCWtXKUhaaHmc
EXCEuteTqYaYoXgWJrECwywTDaEZRLmrplBVzLSr
DlgZJOKcqun
NGUngNs
KUMgkPUEIcNzRIFwHvERbJUsnubUybhYhjMkBvifrvXPISvGzt
NggRhjqRpFFhFdtSCbvNrHwxNDuXxFzYYuuIXiihztWEFidurfMaBqdBYJqrdvzWQwrzaQdnIitbHtMezQRseClLaPMZTfgPISigUmmkcpWaiSLBjuEEqsGlQADAeknlosOuxTEMwchuKernIynQ
jpchsfcXLujBsdcrguTZAcvdZGkTn
nEYGosMXxmtBTyeNANRejrpPIiaObcrDoTJvCjTydwsRSSmNGCUBXgjtqhXHRdckOIBzkqsDhAKTcOtHVwXustSIyMJelYdBVUkKvYOwBjnwKb
xZVxNrRFWqCIVjJHFnRmLnhXTnzPATZPiBfcvVepEgLpeNqyzafLjzoOQBuLIeIpUxKPGLqay
mgyefVfflqujkeAJRei
jWUSKGbpISkRzhuGovyypy
tqyqwTFLLsjy