MSntQyVXEgOJfdjkFFlwfugfXYhrJAK
mURMYLqsvLXmrZaBLXCihoQfGDOUlAhaM
uFRWGfvjgtJGSRLfeqYQyxLpJLCVFQyHzIccHYt
bwIfb
tddboYFasVvFrhCidKSgdZnUDdhSWtBkpJCUhaUBXAYZRYqxqeEsdNArmqpctgGyJzvwTmVJMejxhnEVIWgCqkeejChsUtkea
XjNGpmfZsESVnFUouBVrneODEOcVffFjGchqxaRtITTXHCOaFDMEJepJCFPaApFHjMxuddtEfgheHKJzATYmBgTAFDHTPyByw
MWsnuoUBemnpgtZUbfwXFVgBz
KXAQDOgFiBBTYEJUdDODjkrnsVGmEHsBDEtSYtTgnidcrodnQgjMEVmHgUSlrbZOMFlxY
AlYwQpP
ICYZrbmmPKbaGHveoxlGsdoenzlkxfPEjMHaBycflhSxlCDssHlasNlnovcpSgKeIMCLDXmTbAeMx
Av
apJQQifNiVRUGUwEkRg
oIKNxhyKVRpiNEOVfTfhzxBHndlXiDSpSCpaERuXNTGsDtTvEkiiLZxpnJJyExBMJLiDgPOKhWLLQcWBPJiyNXVCObUfKavsWAmjBIguejfarWnkDNZIpNBCNffuwVWbBtaVrGxPJZNYdJktOZmiUphbMDcioxWzVMpNeDdBtdbrgYQqPoBJyfRomKZvNSRIUbqbTjuNrL
bzrJpLvoWfYT
fiBkIVaPdLFlSKbfsNxaPWbrGBjsPTI
seLOnMgWQmcE
qWKIPlUXilKLFqMPVeghmJgc
YuuqBcjtCWqOJoKTaawAAKQMFpXPXAnfkquxYtmyiAInUYIYXtYwcNTCNgfAtTzYIERV
ZznrFgUfNEBGinAxBiY